// !$*UTF8*$!
{
	archiveVersion = 1;
	classes = {
	};
	objectVersion = 46;
	objects = {

/* Begin PBXBuildFile section */
		BE7D30861A6B0AC300D03092 /* Constants.swift in Sources */ = {isa = PBXBuildFile; fileRef = BE7D30851A6B0AC300D03092 /* Constants.swift */; };
		BE7D308B1A6B2BF700D03092 /* EffectSlider.swift in Sources */ = {isa = PBXBuildFile; fileRef = BE7D308A1A6B2BF700D03092 /* EffectSlider.swift */; };
		BE7D308D1A6B2BFF00D03092 /* EffectButton.swift in Sources */ = {isa = PBXBuildFile; fileRef = BE7D308C1A6B2BFF00D03092 /* EffectButton.swift */; };
		BE7D30931A6B2C3800D03092 /* Composition.swift in Sources */ = {isa = PBXBuildFile; fileRef = BE7D30921A6B2C3800D03092 /* Composition.swift */; };
		BE7D30951A6B2C3D00D03092 /* Note.swift in Sources */ = {isa = PBXBuildFile; fileRef = BE7D30941A6B2C3D00D03092 /* Note.swift */; };
		BE7D30971A6B2C4400D03092 /* Effect.swift in Sources */ = {isa = PBXBuildFile; fileRef = BE7D30961A6B2C4400D03092 /* Effect.swift */; };
		BEBACA7D1A0D7ECF00F612EB /* INTSlider.m in Sources */ = {isa = PBXBuildFile; fileRef = BEBACA7C1A0D7ECF00F612EB /* INTSlider.m */; };
		BED473A119FAF4F0006DD472 /* main.m in Sources */ = {isa = PBXBuildFile; fileRef = BED473A019FAF4F0006DD472 /* main.m */; };
		BED473A419FAF4F0006DD472 /* AppDelegate.m in Sources */ = {isa = PBXBuildFile; fileRef = BED473A319FAF4F0006DD472 /* AppDelegate.m */; };
		BED473AA19FAF4F0006DD472 /* Main.storyboard in Resources */ = {isa = PBXBuildFile; fileRef = BED473A819FAF4F0006DD472 /* Main.storyboard */; };
		BED473AC19FAF4F0006DD472 /* Images.xcassets in Resources */ = {isa = PBXBuildFile; fileRef = BED473AB19FAF4F0006DD472 /* Images.xcassets */; };
		BED473AF19FAF4F0006DD472 /* LaunchScreen.xib in Resources */ = {isa = PBXBuildFile; fileRef = BED473AD19FAF4F0006DD472 /* LaunchScreen.xib */; };
		BED473BB19FAF4F1006DD472 /* Hackathon2014Tests.m in Sources */ = {isa = PBXBuildFile; fileRef = BED473BA19FAF4F1006DD472 /* Hackathon2014Tests.m */; };
		BED473C919FAFBE8006DD472 /* INTInstrumentNote.m in Sources */ = {isa = PBXBuildFile; fileRef = BED473C819FAFBE8006DD472 /* INTInstrumentNote.m */; };
		BED473CF19FAFD40006DD472 /* INTInstrumentViewController.m in Sources */ = {isa = PBXBuildFile; fileRef = BED473CE19FAFD40006DD472 /* INTInstrumentViewController.m */; };
		BED4740E19FB704F006DD472 /* INTRootViewController.m in Sources */ = {isa = PBXBuildFile; fileRef = BED4740D19FB704F006DD472 /* INTRootViewController.m */; };
		BED4741419FC743A006DD472 /* INTEffectsViewController.m in Sources */ = {isa = PBXBuildFile; fileRef = BED4741319FC743A006DD472 /* INTEffectsViewController.m */; };
		BED4741A19FD6A5D006DD472 /* INTSettingsViewController.m in Sources */ = {isa = PBXBuildFile; fileRef = BED4741919FD6A5D006DD472 /* INTSettingsViewController.m */; };
		E3BC1ACB1A88471588F2A91B /* libPods-Hackathon2014.a in Frameworks */ = {isa = PBXBuildFile; fileRef = BD0C5724B16348D3987FB49D /* libPods-Hackathon2014.a */; };
		FA655BD61A64C1B400103792 /* _PD_Interface.txt in Resources */ = {isa = PBXBuildFile; fileRef = FA655B651A64C1B400103792 /* _PD_Interface.txt */; };
		FA655BD71A64C1B400103792 /* _Wave_Types.png in Resources */ = {isa = PBXBuildFile; fileRef = FA655B661A64C1B400103792 /* _Wave_Types.png */; };
		FA655BD81A64C1B400103792 /* adsr~.pd in Resources */ = {isa = PBXBuildFile; fileRef = FA655B671A64C1B400103792 /* adsr~.pd */; };
		FA655BD91A64C1B400103792 /* ak47.pd in Resources */ = {isa = PBXBuildFile; fileRef = FA655B681A64C1B400103792 /* ak47.pd */; };
		FA655BDA1A64C1B400103792 /* AudioToMIDI.pd in Resources */ = {isa = PBXBuildFile; fileRef = FA655B691A64C1B400103792 /* AudioToMIDI.pd */; };
		FA655BDB1A64C1B400103792 /* autofft~.pd in Resources */ = {isa = PBXBuildFile; fileRef = FA655B6A1A64C1B400103792 /* autofft~.pd */; };
		FA655BDC1A64C1B400103792 /* backup.pd in Resources */ = {isa = PBXBuildFile; fileRef = FA655B6B1A64C1B400103792 /* backup.pd */; };
		FA655BDD1A64C1B400103792 /* blank~.pd in Resources */ = {isa = PBXBuildFile; fileRef = FA655B6C1A64C1B400103792 /* blank~.pd */; };
		FA655BDE1A64C1B400103792 /* channel.txt in Resources */ = {isa = PBXBuildFile; fileRef = FA655B6D1A64C1B400103792 /* channel.txt */; };
		FA655BDF1A64C1B400103792 /* chorus~.pd in Resources */ = {isa = PBXBuildFile; fileRef = FA655B6E1A64C1B400103792 /* chorus~.pd */; };
		FA655BE01A64C1B400103792 /* diff.pd in Resources */ = {isa = PBXBuildFile; fileRef = FA655B6F1A64C1B400103792 /* diff.pd */; };
		FA655BE11A64C1B400103792 /* dPD_Future_Design in Resources */ = {isa = PBXBuildFile; fileRef = FA655B701A64C1B400103792 /* dPD_Future_Design */; };
		FA655BE21A64C1B400103792 /* dynamic_manager.pd in Resources */ = {isa = PBXBuildFile; fileRef = FA655B711A64C1B400103792 /* dynamic_manager.pd */; };
		FA655BE31A64C1B400103792 /* dynamic_send.pd in Resources */ = {isa = PBXBuildFile; fileRef = FA655B721A64C1B400103792 /* dynamic_send.pd */; };
		FA655BE41A64C1B400103792 /* dynamo~.pd in Resources */ = {isa = PBXBuildFile; fileRef = FA655B731A64C1B400103792 /* dynamo~.pd */; };
		FA655BE51A64C1B400103792 /* dynamo~2.pd in Resources */ = {isa = PBXBuildFile; fileRef = FA655B741A64C1B400103792 /* dynamo~2.pd */; };
		FA655BE61A64C1B400103792 /* eq~.pd in Resources */ = {isa = PBXBuildFile; fileRef = FA655B751A64C1B400103792 /* eq~.pd */; };
		FA655BE71A64C1B400103792 /* f!=.pd in Resources */ = {isa = PBXBuildFile; fileRef = FA655B761A64C1B400103792 /* f!=.pd */; };
		FA655BE81A64C1B400103792 /* FFTExample.pd in Resources */ = {isa = PBXBuildFile; fileRef = FA655B771A64C1B400103792 /* FFTExample.pd */; };
		FA655BE91A64C1B400103792 /* filter.pd in Resources */ = {isa = PBXBuildFile; fileRef = FA655B781A64C1B400103792 /* filter.pd */; };
		FA655BEA1A64C1B400103792 /* for++-help.pd in Resources */ = {isa = PBXBuildFile; fileRef = FA655B791A64C1B400103792 /* for++-help.pd */; };
		FA655BEB1A64C1B400103792 /* for++.pd in Resources */ = {isa = PBXBuildFile; fileRef = FA655B7A1A64C1B400103792 /* for++.pd */; };
		FA655BEC1A64C1B400103792 /* gain~.pd in Resources */ = {isa = PBXBuildFile; fileRef = FA655B7B1A64C1B400103792 /* gain~.pd */; };
		FA655BED1A64C1B400103792 /* gate10.pd in Resources */ = {isa = PBXBuildFile; fileRef = FA655B7C1A64C1B400103792 /* gate10.pd */; };
		FA655BEE1A64C1B400103792 /* gate11.pd in Resources */ = {isa = PBXBuildFile; fileRef = FA655B7D1A64C1B400103792 /* gate11.pd */; };
		FA655BEF1A64C1B400103792 /* gate12.pd in Resources */ = {isa = PBXBuildFile; fileRef = FA655B7E1A64C1B400103792 /* gate12.pd */; };
		FA655BF01A64C1B400103792 /* gate16.pd in Resources */ = {isa = PBXBuildFile; fileRef = FA655B7F1A64C1B400103792 /* gate16.pd */; };
		FA655BF11A64C1B400103792 /* gate2.pd in Resources */ = {isa = PBXBuildFile; fileRef = FA655B801A64C1B400103792 /* gate2.pd */; };
		FA655BF21A64C1B400103792 /* gate3.pd in Resources */ = {isa = PBXBuildFile; fileRef = FA655B811A64C1B400103792 /* gate3.pd */; };
		FA655BF31A64C1B400103792 /* gate4.pd in Resources */ = {isa = PBXBuildFile; fileRef = FA655B821A64C1B400103792 /* gate4.pd */; };
		FA655BF41A64C1B400103792 /* gate5.pd in Resources */ = {isa = PBXBuildFile; fileRef = FA655B831A64C1B400103792 /* gate5.pd */; };
		FA655BF51A64C1B400103792 /* gate6.pd in Resources */ = {isa = PBXBuildFile; fileRef = FA655B841A64C1B400103792 /* gate6.pd */; };
		FA655BF61A64C1B400103792 /* gate7.pd in Resources */ = {isa = PBXBuildFile; fileRef = FA655B851A64C1B400103792 /* gate7.pd */; };
		FA655BF71A64C1B400103792 /* gate8.pd in Resources */ = {isa = PBXBuildFile; fileRef = FA655B861A64C1B400103792 /* gate8.pd */; };
		FA655BF81A64C1B400103792 /* gate9.pd in Resources */ = {isa = PBXBuildFile; fileRef = FA655B871A64C1B400103792 /* gate9.pd */; };
		FA655BF91A64C1B400103792 /* ggate.pd in Resources */ = {isa = PBXBuildFile; fileRef = FA655B881A64C1B400103792 /* ggate.pd */; };
		FA655BFA1A64C1B400103792 /* ggate~.pd in Resources */ = {isa = PBXBuildFile; fileRef = FA655B891A64C1B400103792 /* ggate~.pd */; };
		FA655BFB1A64C1B400103792 /* gswitch.pd in Resources */ = {isa = PBXBuildFile; fileRef = FA655B8A1A64C1B400103792 /* gswitch.pd */; };
		FA655BFC1A64C1B400103792 /* gswitch~.pd in Resources */ = {isa = PBXBuildFile; fileRef = FA655B8B1A64C1B400103792 /* gswitch~.pd */; };
		FA655BFD1A64C1B400103792 /* iterator.pd in Resources */ = {isa = PBXBuildFile; fileRef = FA655B8C1A64C1B400103792 /* iterator.pd */; };
		FA655BFE1A64C1B400103792 /* iterator2.pd in Resources */ = {isa = PBXBuildFile; fileRef = FA655B8D1A64C1B400103792 /* iterator2.pd */; };
		FA655BFF1A64C1B400103792 /* ladd.pd in Resources */ = {isa = PBXBuildFile; fileRef = FA655B8E1A64C1B400103792 /* ladd.pd */; };
		FA655C001A64C1B400103792 /* ladd2.pd in Resources */ = {isa = PBXBuildFile; fileRef = FA655B8F1A64C1B400103792 /* ladd2.pd */; };
		FA655C011A64C1B400103792 /* lap.pd in Resources */ = {isa = PBXBuildFile; fileRef = FA655B901A64C1B400103792 /* lap.pd */; };
		FA655C021A64C1B400103792 /* lapp.pd in Resources */ = {isa = PBXBuildFile; fileRef = FA655B911A64C1B400103792 /* lapp.pd */; };
		FA655C031A64C1B400103792 /* lappenditem.pd in Resources */ = {isa = PBXBuildFile; fileRef = FA655B921A64C1B400103792 /* lappenditem.pd */; };
		FA655C041A64C1B400103792 /* last_note_off.pd in Resources */ = {isa = PBXBuildFile; fileRef = FA655B931A64C1B400103792 /* last_note_off.pd */; };
		FA655C051A64C1B400103792 /* lbuilder.pd in Resources */ = {isa = PBXBuildFile; fileRef = FA655B941A64C1B400103792 /* lbuilder.pd */; };
		FA655C061A64C1B400103792 /* lfl!=.pd in Resources */ = {isa = PBXBuildFile; fileRef = FA655B951A64C1B400103792 /* lfl!=.pd */; };
		FA655C071A64C1B400103792 /* lfl<.pd in Resources */ = {isa = PBXBuildFile; fileRef = FA655B961A64C1B400103792 /* lfl<.pd */; };
		FA655C081A64C1B400103792 /* lfl<=.pd in Resources */ = {isa = PBXBuildFile; fileRef = FA655B971A64C1B400103792 /* lfl<=.pd */; };
		FA655C091A64C1B400103792 /* lfl==.pd in Resources */ = {isa = PBXBuildFile; fileRef = FA655B981A64C1B400103792 /* lfl==.pd */; };
		FA655C0A1A64C1B400103792 /* lfl>.pd in Resources */ = {isa = PBXBuildFile; fileRef = FA655B991A64C1B400103792 /* lfl>.pd */; };
		FA655C0B1A64C1B400103792 /* lfl>=.pd in Resources */ = {isa = PBXBuildFile; fileRef = FA655B9A1A64C1B400103792 /* lfl>=.pd */; };
		FA655C0C1A64C1B400103792 /* lfor.pd in Resources */ = {isa = PBXBuildFile; fileRef = FA655B9B1A64C1B400103792 /* lfor.pd */; };
		FA655C0D1A64C1B400103792 /* lfor2_template_pd.pd in Resources */ = {isa = PBXBuildFile; fileRef = FA655B9C1A64C1B400103792 /* lfor2_template_pd.pd */; };
		FA655C0E1A64C1B400103792 /* lindexget.pd in Resources */ = {isa = PBXBuildFile; fileRef = FA655B9D1A64C1B400103792 /* lindexget.pd */; };
		FA655C0F1A64C1B400103792 /* lindexset.pd in Resources */ = {isa = PBXBuildFile; fileRef = FA655B9E1A64C1B400103792 /* lindexset.pd */; };
		FA655C101A64C1B400103792 /* lisp.pd in Resources */ = {isa = PBXBuildFile; fileRef = FA655B9F1A64C1B400103792 /* lisp.pd */; };
		FA655C111A64C1B400103792 /* lispd.pd in Resources */ = {isa = PBXBuildFile; fileRef = FA655BA01A64C1B400103792 /* lispd.pd */; };
		FA655C121A64C1B400103792 /* lispd_playground.pd in Resources */ = {isa = PBXBuildFile; fileRef = FA655BA11A64C1B400103792 /* lispd_playground.pd */; };
		FA655C131A64C1B400103792 /* list_print.pd in Resources */ = {isa = PBXBuildFile; fileRef = FA655BA21A64C1B400103792 /* list_print.pd */; };
		FA655C141A64C1B400103792 /* llfor.pd in Resources */ = {isa = PBXBuildFile; fileRef = FA655BA31A64C1B400103792 /* llfor.pd */; };
		FA655C151A64C1B400103792 /* loadfloat.pd in Resources */ = {isa = PBXBuildFile; fileRef = FA655BA41A64C1B400103792 /* loadfloat.pd */; };
		FA655C161A64C1B400103792 /* lobject.pd in Resources */ = {isa = PBXBuildFile; fileRef = FA655BA51A64C1B400103792 /* lobject.pd */; };
		FA655C171A64C1B400103792 /* lpre.pd in Resources */ = {isa = PBXBuildFile; fileRef = FA655BA61A64C1B400103792 /* lpre.pd */; };
		FA655C181A64C1B400103792 /* lprint.pd in Resources */ = {isa = PBXBuildFile; fileRef = FA655BA71A64C1B400103792 /* lprint.pd */; };
		FA655C191A64C1B400103792 /* lreplace.pd in Resources */ = {isa = PBXBuildFile; fileRef = FA655BA81A64C1B400103792 /* lreplace.pd */; };
		FA655C1A1A64C1B400103792 /* lreverse.pd in Resources */ = {isa = PBXBuildFile; fileRef = FA655BA91A64C1B400103792 /* lreverse.pd */; };
		FA655C1B1A64C1B400103792 /* lset.pd in Resources */ = {isa = PBXBuildFile; fileRef = FA655BAA1A64C1B400103792 /* lset.pd */; };
		FA655C1C1A64C1B400103792 /* Main.pd in Resources */ = {isa = PBXBuildFile; fileRef = FA655BAB1A64C1B400103792 /* Main.pd */; };
		FA655C1D1A64C1B400103792 /* Master.pd in Resources */ = {isa = PBXBuildFile; fileRef = FA655BAC1A64C1B400103792 /* Master.pd */; };
		FA655C1E1A64C1B400103792 /* Master2.pd in Resources */ = {isa = PBXBuildFile; fileRef = FA655BAD1A64C1B400103792 /* Master2.pd */; };
		FA655C1F1A64C1B400103792 /* matrix~.pd in Resources */ = {isa = PBXBuildFile; fileRef = FA655BAE1A64C1B400103792 /* matrix~.pd */; };
		FA655C201A64C1B400103792 /* message_list.pd in Resources */ = {isa = PBXBuildFile; fileRef = FA655BAF1A64C1B400103792 /* message_list.pd */; };
		FA655C211A64C1B400103792 /* minigun-help.pd in Resources */ = {isa = PBXBuildFile; fileRef = FA655BB01A64C1B400103792 /* minigun-help.pd */; };
		FA655C221A64C1B400103792 /* minigun.pd in Resources */ = {isa = PBXBuildFile; fileRef = FA655BB11A64C1B400103792 /* minigun.pd */; };
		FA655C231A64C1B400103792 /* Module.pd in Resources */ = {isa = PBXBuildFile; fileRef = FA655BB21A64C1B400103792 /* Module.pd */; };
		FA655C241A64C1B400103792 /* multidelay~.pd in Resources */ = {isa = PBXBuildFile; fileRef = FA655BB31A64C1B400103792 /* multidelay~.pd */; };
		FA655C251A64C1B400103792 /* multifilter~.pd in Resources */ = {isa = PBXBuildFile; fileRef = FA655BB41A64C1B400103792 /* multifilter~.pd */; };
		FA655C261A64C1B400103792 /* multitremolo~.pd in Resources */ = {isa = PBXBuildFile; fileRef = FA655BB51A64C1B400103792 /* multitremolo~.pd */; };
		FA655C271A64C1B400103792 /* normalize~-help.pd in Resources */ = {isa = PBXBuildFile; fileRef = FA655BB61A64C1B400103792 /* normalize~-help.pd */; };
		FA655C281A64C1B400103792 /* normalize~.pd in Resources */ = {isa = PBXBuildFile; fileRef = FA655BB71A64C1B400103792 /* normalize~.pd */; };
		FA655C291A64C1B400103792 /* Note.pd in Resources */ = {isa = PBXBuildFile; fileRef = FA655BB81A64C1B400103792 /* Note.pd */; };
		FA655C2A1A64C1B400103792 /* Note2.pd in Resources */ = {isa = PBXBuildFile; fileRef = FA655BB91A64C1B400103792 /* Note2.pd */; };
		FA655C2B1A64C1B400103792 /* noteflush.pd in Resources */ = {isa = PBXBuildFile; fileRef = FA655BBA1A64C1B400103792 /* noteflush.pd */; };
		FA655C2C1A64C1B400103792 /* number.pd in Resources */ = {isa = PBXBuildFile; fileRef = FA655BBB1A64C1B400103792 /* number.pd */; };
		FA655C2D1A64C1B400103792 /* OLD_PD_Interface.txt in Resources */ = {isa = PBXBuildFile; fileRef = FA655BBC1A64C1B400103792 /* OLD_PD_Interface.txt */; };
		FA655C2E1A64C1B400103792 /* once.pd in Resources */ = {isa = PBXBuildFile; fileRef = FA655BBD1A64C1B400103792 /* once.pd */; };
		FA655C2F1A64C1B400103792 /* once2.pd in Resources */ = {isa = PBXBuildFile; fileRef = FA655BBE1A64C1B400103792 /* once2.pd */; };
		FA655C301A64C1B400103792 /* panner~.pd in Resources */ = {isa = PBXBuildFile; fileRef = FA655BBF1A64C1B400103792 /* panner~.pd */; };
		FA655C311A64C1B400103792 /* pencileq~.pd in Resources */ = {isa = PBXBuildFile; fileRef = FA655BC01A64C1B400103792 /* pencileq~.pd */; };
		FA655C321A64C1B400103792 /* piano.pd in Resources */ = {isa = PBXBuildFile; fileRef = FA655BC11A64C1B400103792 /* piano.pd */; };
		FA655C331A64C1B400103792 /* playground.pd in Resources */ = {isa = PBXBuildFile; fileRef = FA655BC21A64C1B400103792 /* playground.pd */; };
		FA655C341A64C1B400103792 /* remove_dc_offset~-help.pd in Resources */ = {isa = PBXBuildFile; fileRef = FA655BC31A64C1B400103792 /* remove_dc_offset~-help.pd */; };
		FA655C351A64C1B400103792 /* remove_dc_offset~.pd in Resources */ = {isa = PBXBuildFile; fileRef = FA655BC41A64C1B400103792 /* remove_dc_offset~.pd */; };
		FA655C361A64C1B400103792 /* reverse list.pd in Resources */ = {isa = PBXBuildFile; fileRef = FA655BC51A64C1B400103792 /* reverse list.pd */; };
		FA655C371A64C1B400103792 /* ringmod~.pd in Resources */ = {isa = PBXBuildFile; fileRef = FA655BC61A64C1B400103792 /* ringmod~.pd */; };
		FA655C381A64C1B400103792 /* scratch.pd in Resources */ = {isa = PBXBuildFile; fileRef = FA655BC71A64C1B400103792 /* scratch.pd */; };
		FA655C391A64C1B400103792 /* synth^~.pd in Resources */ = {isa = PBXBuildFile; fileRef = FA655BC81A64C1B400103792 /* synth^~.pd */; };
		FA655C3A1A64C1B400103792 /* synth~.pd in Resources */ = {isa = PBXBuildFile; fileRef = FA655BC91A64C1B400103792 /* synth~.pd */; };
		FA655C3B1A64C1B400103792 /* test.pd in Resources */ = {isa = PBXBuildFile; fileRef = FA655BCA1A64C1B400103792 /* test.pd */; };
		FA655C3C1A64C1B400103792 /* testdp~.pd in Resources */ = {isa = PBXBuildFile; fileRef = FA655BCB1A64C1B400103792 /* testdp~.pd */; };
		FA655C3D1A64C1B400103792 /* testing_grounds.pd in Resources */ = {isa = PBXBuildFile; fileRef = FA655BCC1A64C1B400103792 /* testing_grounds.pd */; };
		FA655C3E1A64C1B400103792 /* toint.pd in Resources */ = {isa = PBXBuildFile; fileRef = FA655BCD1A64C1B400103792 /* toint.pd */; };
		FA655C3F1A64C1B400103792 /* transistor~.pd in Resources */ = {isa = PBXBuildFile; fileRef = FA655BCE1A64C1B400103792 /* transistor~.pd */; };
		FA655C401A64C1B400103792 /* Untitled-1.pd in Resources */ = {isa = PBXBuildFile; fileRef = FA655BCF1A64C1B400103792 /* Untitled-1.pd */; };
		FA655C411A64C1B400103792 /* vibrato~.pd in Resources */ = {isa = PBXBuildFile; fileRef = FA655BD01A64C1B400103792 /* vibrato~.pd */; };
		FA655C421A64C1B400103792 /* view~.pd in Resources */ = {isa = PBXBuildFile; fileRef = FA655BD11A64C1B400103792 /* view~.pd */; };
		FA655C431A64C1B400103792 /* voice~.pd in Resources */ = {isa = PBXBuildFile; fileRef = FA655BD21A64C1B400103792 /* voice~.pd */; };
		FA655C441A64C1B400103792 /* volume~-help.pd in Resources */ = {isa = PBXBuildFile; fileRef = FA655BD31A64C1B400103792 /* volume~-help.pd */; };
		FA655C451A64C1B400103792 /* volume~.pd in Resources */ = {isa = PBXBuildFile; fileRef = FA655BD41A64C1B400103792 /* volume~.pd */; };
		FA655C461A64C1B400103792 /* waveview~.pd in Resources */ = {isa = PBXBuildFile; fileRef = FA655BD51A64C1B400103792 /* waveview~.pd */; };
		FA9F2B991A627D9400B2ACD6 /* penis_coordinates.c in Sources */ = {isa = PBXBuildFile; fileRef = FA9F2B971A627D9400B2ACD6 /* penis_coordinates.c */; };
		FAC3908119FB28AA00B589C4 /* septagon_coordinates.c in Sources */ = {isa = PBXBuildFile; fileRef = FAC3908019FB28AA00B589C4 /* septagon_coordinates.c */; };
/* End PBXBuildFile section */

/* Begin PBXContainerItemProxy section */
		BED473B519FAF4F1006DD472 /* PBXContainerItemProxy */ = {
			isa = PBXContainerItemProxy;
			containerPortal = BED4739319FAF4F0006DD472 /* Project object */;
			proxyType = 1;
			remoteGlobalIDString = BED4739A19FAF4F0006DD472;
			remoteInfo = Hackathon2014;
		};
/* End PBXContainerItemProxy section */

/* Begin PBXFileReference section */
		6D27106291E14436A730D648 /* Pods-Hackathon2014.xcconfig */ = {isa = PBXFileReference; includeInIndex = 1; lastKnownFileType = text.xcconfig; name = "Pods-Hackathon2014.xcconfig"; path = "Pods/Pods-Hackathon2014.xcconfig"; sourceTree = "<group>"; };
		BD0C5724B16348D3987FB49D /* libPods-Hackathon2014.a */ = {isa = PBXFileReference; explicitFileType = archive.ar; includeInIndex = 0; path = "libPods-Hackathon2014.a"; sourceTree = BUILT_PRODUCTS_DIR; };
		BE7D30851A6B0AC300D03092 /* Constants.swift */ = {isa = PBXFileReference; fileEncoding = 4; lastKnownFileType = sourcecode.swift; path = Constants.swift; sourceTree = "<group>"; };
		BE7D308A1A6B2BF700D03092 /* EffectSlider.swift */ = {isa = PBXFileReference; fileEncoding = 4; lastKnownFileType = sourcecode.swift; path = EffectSlider.swift; sourceTree = "<group>"; };
		BE7D308C1A6B2BFF00D03092 /* EffectButton.swift */ = {isa = PBXFileReference; fileEncoding = 4; lastKnownFileType = sourcecode.swift; path = EffectButton.swift; sourceTree = "<group>"; };
		BE7D30921A6B2C3800D03092 /* Composition.swift */ = {isa = PBXFileReference; fileEncoding = 4; lastKnownFileType = sourcecode.swift; path = Composition.swift; sourceTree = "<group>"; };
		BE7D30941A6B2C3D00D03092 /* Note.swift */ = {isa = PBXFileReference; fileEncoding = 4; lastKnownFileType = sourcecode.swift; path = Note.swift; sourceTree = "<group>"; };
		BE7D30961A6B2C4400D03092 /* Effect.swift */ = {isa = PBXFileReference; fileEncoding = 4; lastKnownFileType = sourcecode.swift; path = Effect.swift; sourceTree = "<group>"; };
		BEBACA7B1A0D7ECF00F612EB /* INTSlider.h */ = {isa = PBXFileReference; fileEncoding = 4; lastKnownFileType = sourcecode.c.h; path = INTSlider.h; sourceTree = "<group>"; };
		BEBACA7C1A0D7ECF00F612EB /* INTSlider.m */ = {isa = PBXFileReference; fileEncoding = 4; lastKnownFileType = sourcecode.c.objc; path = INTSlider.m; sourceTree = "<group>"; };
		BEBACA7E1A0DA66000F612EB /* Hackathon2014-Bridging-Header.h */ = {isa = PBXFileReference; lastKnownFileType = sourcecode.c.h; path = "Hackathon2014-Bridging-Header.h"; sourceTree = "<group>"; };
		BED4739B19FAF4F0006DD472 /* Hackathon2014.app */ = {isa = PBXFileReference; explicitFileType = wrapper.application; includeInIndex = 0; path = Hackathon2014.app; sourceTree = BUILT_PRODUCTS_DIR; };
		BED4739F19FAF4F0006DD472 /* Info.plist */ = {isa = PBXFileReference; lastKnownFileType = text.plist.xml; path = Info.plist; sourceTree = "<group>"; };
		BED473A019FAF4F0006DD472 /* main.m */ = {isa = PBXFileReference; lastKnownFileType = sourcecode.c.objc; path = main.m; sourceTree = "<group>"; };
		BED473A219FAF4F0006DD472 /* AppDelegate.h */ = {isa = PBXFileReference; lastKnownFileType = sourcecode.c.h; path = AppDelegate.h; sourceTree = "<group>"; };
		BED473A319FAF4F0006DD472 /* AppDelegate.m */ = {isa = PBXFileReference; lastKnownFileType = sourcecode.c.objc; path = AppDelegate.m; sourceTree = "<group>"; };
		BED473A919FAF4F0006DD472 /* Base */ = {isa = PBXFileReference; lastKnownFileType = file.storyboard; name = Base; path = Base.lproj/Main.storyboard; sourceTree = "<group>"; };
		BED473AB19FAF4F0006DD472 /* Images.xcassets */ = {isa = PBXFileReference; lastKnownFileType = folder.assetcatalog; path = Images.xcassets; sourceTree = "<group>"; };
		BED473AE19FAF4F0006DD472 /* Base */ = {isa = PBXFileReference; lastKnownFileType = file.xib; name = Base; path = Base.lproj/LaunchScreen.xib; sourceTree = "<group>"; };
		BED473B419FAF4F1006DD472 /* Hackathon2014Tests.xctest */ = {isa = PBXFileReference; explicitFileType = wrapper.cfbundle; includeInIndex = 0; path = Hackathon2014Tests.xctest; sourceTree = BUILT_PRODUCTS_DIR; };
		BED473B919FAF4F1006DD472 /* Info.plist */ = {isa = PBXFileReference; lastKnownFileType = text.plist.xml; path = Info.plist; sourceTree = "<group>"; };
		BED473BA19FAF4F1006DD472 /* Hackathon2014Tests.m */ = {isa = PBXFileReference; lastKnownFileType = sourcecode.c.objc; path = Hackathon2014Tests.m; sourceTree = "<group>"; };
		BED473C719FAFBE8006DD472 /* INTInstrumentNote.h */ = {isa = PBXFileReference; fileEncoding = 4; lastKnownFileType = sourcecode.c.h; path = INTInstrumentNote.h; sourceTree = "<group>"; };
		BED473C819FAFBE8006DD472 /* INTInstrumentNote.m */ = {isa = PBXFileReference; fileEncoding = 4; lastKnownFileType = sourcecode.c.objc; path = INTInstrumentNote.m; sourceTree = "<group>"; };
		BED473CD19FAFD40006DD472 /* INTInstrumentViewController.h */ = {isa = PBXFileReference; fileEncoding = 4; lastKnownFileType = sourcecode.c.h; path = INTInstrumentViewController.h; sourceTree = "<group>"; };
		BED473CE19FAFD40006DD472 /* INTInstrumentViewController.m */ = {isa = PBXFileReference; fileEncoding = 4; lastKnownFileType = sourcecode.c.objc; path = INTInstrumentViewController.m; sourceTree = "<group>"; };
		BED473D019FB3968006DD472 /* septagon_coordinates.h */ = {isa = PBXFileReference; lastKnownFileType = sourcecode.c.h; path = septagon_coordinates.h; sourceTree = "<group>"; };
		BED4740C19FB704F006DD472 /* INTRootViewController.h */ = {isa = PBXFileReference; fileEncoding = 4; lastKnownFileType = sourcecode.c.h; path = INTRootViewController.h; sourceTree = "<group>"; };
		BED4740D19FB704F006DD472 /* INTRootViewController.m */ = {isa = PBXFileReference; fileEncoding = 4; lastKnownFileType = sourcecode.c.objc; path = INTRootViewController.m; sourceTree = "<group>"; };
		BED4741219FC743A006DD472 /* INTEffectsViewController.h */ = {isa = PBXFileReference; fileEncoding = 4; lastKnownFileType = sourcecode.c.h; path = INTEffectsViewController.h; sourceTree = "<group>"; };
		BED4741319FC743A006DD472 /* INTEffectsViewController.m */ = {isa = PBXFileReference; fileEncoding = 4; lastKnownFileType = sourcecode.c.objc; path = INTEffectsViewController.m; sourceTree = "<group>"; };
		BED4741819FD6A5D006DD472 /* INTSettingsViewController.h */ = {isa = PBXFileReference; fileEncoding = 4; lastKnownFileType = sourcecode.c.h; path = INTSettingsViewController.h; sourceTree = "<group>"; };
		BED4741919FD6A5D006DD472 /* INTSettingsViewController.m */ = {isa = PBXFileReference; fileEncoding = 4; lastKnownFileType = sourcecode.c.objc; path = INTSettingsViewController.m; sourceTree = "<group>"; };
		FA655B651A64C1B400103792 /* _PD_Interface.txt */ = {isa = PBXFileReference; fileEncoding = 4; lastKnownFileType = text; path = _PD_Interface.txt; sourceTree = "<group>"; };
		FA655B661A64C1B400103792 /* _Wave_Types.png */ = {isa = PBXFileReference; lastKnownFileType = image.png; path = _Wave_Types.png; sourceTree = "<group>"; };
		FA655B671A64C1B400103792 /* adsr~.pd */ = {isa = PBXFileReference; fileEncoding = 4; lastKnownFileType = text; path = "adsr~.pd"; sourceTree = "<group>"; };
		FA655B681A64C1B400103792 /* ak47.pd */ = {isa = PBXFileReference; fileEncoding = 4; lastKnownFileType = text; path = ak47.pd; sourceTree = "<group>"; };
		FA655B691A64C1B400103792 /* AudioToMIDI.pd */ = {isa = PBXFileReference; fileEncoding = 4; lastKnownFileType = text; path = AudioToMIDI.pd; sourceTree = "<group>"; };
		FA655B6A1A64C1B400103792 /* autofft~.pd */ = {isa = PBXFileReference; fileEncoding = 4; lastKnownFileType = text; path = "autofft~.pd"; sourceTree = "<group>"; };
		FA655B6B1A64C1B400103792 /* backup.pd */ = {isa = PBXFileReference; fileEncoding = 4; lastKnownFileType = text; path = backup.pd; sourceTree = "<group>"; };
		FA655B6C1A64C1B400103792 /* blank~.pd */ = {isa = PBXFileReference; fileEncoding = 4; lastKnownFileType = text; path = "blank~.pd"; sourceTree = "<group>"; };
		FA655B6D1A64C1B400103792 /* channel.txt */ = {isa = PBXFileReference; fileEncoding = 4; lastKnownFileType = text; path = channel.txt; sourceTree = "<group>"; };
		FA655B6E1A64C1B400103792 /* chorus~.pd */ = {isa = PBXFileReference; fileEncoding = 4; lastKnownFileType = text; path = "chorus~.pd"; sourceTree = "<group>"; };
		FA655B6F1A64C1B400103792 /* diff.pd */ = {isa = PBXFileReference; fileEncoding = 4; lastKnownFileType = text; path = diff.pd; sourceTree = "<group>"; };
		FA655B701A64C1B400103792 /* dPD_Future_Design */ = {isa = PBXFileReference; fileEncoding = 4; lastKnownFileType = text; path = dPD_Future_Design; sourceTree = "<group>"; };
		FA655B711A64C1B400103792 /* dynamic_manager.pd */ = {isa = PBXFileReference; fileEncoding = 4; lastKnownFileType = text; path = dynamic_manager.pd; sourceTree = "<group>"; };
		FA655B721A64C1B400103792 /* dynamic_send.pd */ = {isa = PBXFileReference; fileEncoding = 4; lastKnownFileType = text; path = dynamic_send.pd; sourceTree = "<group>"; };
		FA655B731A64C1B400103792 /* dynamo~.pd */ = {isa = PBXFileReference; fileEncoding = 4; lastKnownFileType = text; path = "dynamo~.pd"; sourceTree = "<group>"; };
		FA655B741A64C1B400103792 /* dynamo~2.pd */ = {isa = PBXFileReference; fileEncoding = 4; lastKnownFileType = text; path = "dynamo~2.pd"; sourceTree = "<group>"; };
		FA655B751A64C1B400103792 /* eq~.pd */ = {isa = PBXFileReference; fileEncoding = 4; lastKnownFileType = text; path = "eq~.pd"; sourceTree = "<group>"; };
		FA655B761A64C1B400103792 /* f!=.pd */ = {isa = PBXFileReference; fileEncoding = 4; lastKnownFileType = text; path = "f!=.pd"; sourceTree = "<group>"; };
		FA655B771A64C1B400103792 /* FFTExample.pd */ = {isa = PBXFileReference; fileEncoding = 4; lastKnownFileType = text; path = FFTExample.pd; sourceTree = "<group>"; };
		FA655B781A64C1B400103792 /* filter.pd */ = {isa = PBXFileReference; fileEncoding = 4; lastKnownFileType = text; path = filter.pd; sourceTree = "<group>"; };
		FA655B791A64C1B400103792 /* for++-help.pd */ = {isa = PBXFileReference; fileEncoding = 4; lastKnownFileType = text; path = "for++-help.pd"; sourceTree = "<group>"; };
		FA655B7A1A64C1B400103792 /* for++.pd */ = {isa = PBXFileReference; fileEncoding = 4; lastKnownFileType = text; path = "for++.pd"; sourceTree = "<group>"; };
		FA655B7B1A64C1B400103792 /* gain~.pd */ = {isa = PBXFileReference; fileEncoding = 4; lastKnownFileType = text; path = "gain~.pd"; sourceTree = "<group>"; };
		FA655B7C1A64C1B400103792 /* gate10.pd */ = {isa = PBXFileReference; fileEncoding = 4; lastKnownFileType = text; path = gate10.pd; sourceTree = "<group>"; };
		FA655B7D1A64C1B400103792 /* gate11.pd */ = {isa = PBXFileReference; fileEncoding = 4; lastKnownFileType = text; path = gate11.pd; sourceTree = "<group>"; };
		FA655B7E1A64C1B400103792 /* gate12.pd */ = {isa = PBXFileReference; fileEncoding = 4; lastKnownFileType = text; path = gate12.pd; sourceTree = "<group>"; };
		FA655B7F1A64C1B400103792 /* gate16.pd */ = {isa = PBXFileReference; fileEncoding = 4; lastKnownFileType = text; path = gate16.pd; sourceTree = "<group>"; };
		FA655B801A64C1B400103792 /* gate2.pd */ = {isa = PBXFileReference; fileEncoding = 4; lastKnownFileType = text; path = gate2.pd; sourceTree = "<group>"; };
		FA655B811A64C1B400103792 /* gate3.pd */ = {isa = PBXFileReference; fileEncoding = 4; lastKnownFileType = text; path = gate3.pd; sourceTree = "<group>"; };
		FA655B821A64C1B400103792 /* gate4.pd */ = {isa = PBXFileReference; fileEncoding = 4; lastKnownFileType = text; path = gate4.pd; sourceTree = "<group>"; };
		FA655B831A64C1B400103792 /* gate5.pd */ = {isa = PBXFileReference; fileEncoding = 4; lastKnownFileType = text; path = gate5.pd; sourceTree = "<group>"; };
		FA655B841A64C1B400103792 /* gate6.pd */ = {isa = PBXFileReference; fileEncoding = 4; lastKnownFileType = text; path = gate6.pd; sourceTree = "<group>"; };
		FA655B851A64C1B400103792 /* gate7.pd */ = {isa = PBXFileReference; fileEncoding = 4; lastKnownFileType = text; path = gate7.pd; sourceTree = "<group>"; };
		FA655B861A64C1B400103792 /* gate8.pd */ = {isa = PBXFileReference; fileEncoding = 4; lastKnownFileType = text; path = gate8.pd; sourceTree = "<group>"; };
		FA655B871A64C1B400103792 /* gate9.pd */ = {isa = PBXFileReference; fileEncoding = 4; lastKnownFileType = text; path = gate9.pd; sourceTree = "<group>"; };
		FA655B881A64C1B400103792 /* ggate.pd */ = {isa = PBXFileReference; fileEncoding = 4; lastKnownFileType = text; path = ggate.pd; sourceTree = "<group>"; };
		FA655B891A64C1B400103792 /* ggate~.pd */ = {isa = PBXFileReference; fileEncoding = 4; lastKnownFileType = text; path = "ggate~.pd"; sourceTree = "<group>"; };
		FA655B8A1A64C1B400103792 /* gswitch.pd */ = {isa = PBXFileReference; fileEncoding = 4; lastKnownFileType = text; path = gswitch.pd; sourceTree = "<group>"; };
		FA655B8B1A64C1B400103792 /* gswitch~.pd */ = {isa = PBXFileReference; fileEncoding = 4; lastKnownFileType = text; path = "gswitch~.pd"; sourceTree = "<group>"; };
		FA655B8C1A64C1B400103792 /* iterator.pd */ = {isa = PBXFileReference; fileEncoding = 4; lastKnownFileType = text; path = iterator.pd; sourceTree = "<group>"; };
		FA655B8D1A64C1B400103792 /* iterator2.pd */ = {isa = PBXFileReference; fileEncoding = 4; lastKnownFileType = text; path = iterator2.pd; sourceTree = "<group>"; };
		FA655B8E1A64C1B400103792 /* ladd.pd */ = {isa = PBXFileReference; fileEncoding = 4; lastKnownFileType = text; path = ladd.pd; sourceTree = "<group>"; };
		FA655B8F1A64C1B400103792 /* ladd2.pd */ = {isa = PBXFileReference; fileEncoding = 4; lastKnownFileType = text; path = ladd2.pd; sourceTree = "<group>"; };
		FA655B901A64C1B400103792 /* lap.pd */ = {isa = PBXFileReference; fileEncoding = 4; lastKnownFileType = text; path = lap.pd; sourceTree = "<group>"; };
		FA655B911A64C1B400103792 /* lapp.pd */ = {isa = PBXFileReference; fileEncoding = 4; lastKnownFileType = text; path = lapp.pd; sourceTree = "<group>"; };
		FA655B921A64C1B400103792 /* lappenditem.pd */ = {isa = PBXFileReference; fileEncoding = 4; lastKnownFileType = text; path = lappenditem.pd; sourceTree = "<group>"; };
		FA655B931A64C1B400103792 /* last_note_off.pd */ = {isa = PBXFileReference; fileEncoding = 4; lastKnownFileType = text; path = last_note_off.pd; sourceTree = "<group>"; };
		FA655B941A64C1B400103792 /* lbuilder.pd */ = {isa = PBXFileReference; fileEncoding = 4; lastKnownFileType = text; path = lbuilder.pd; sourceTree = "<group>"; };
		FA655B951A64C1B400103792 /* lfl!=.pd */ = {isa = PBXFileReference; fileEncoding = 4; lastKnownFileType = text; path = "lfl!=.pd"; sourceTree = "<group>"; };
		FA655B961A64C1B400103792 /* lfl<.pd */ = {isa = PBXFileReference; fileEncoding = 4; lastKnownFileType = text; path = "lfl<.pd"; sourceTree = "<group>"; };
		FA655B971A64C1B400103792 /* lfl<=.pd */ = {isa = PBXFileReference; fileEncoding = 4; lastKnownFileType = text; path = "lfl<=.pd"; sourceTree = "<group>"; };
		FA655B981A64C1B400103792 /* lfl==.pd */ = {isa = PBXFileReference; fileEncoding = 4; lastKnownFileType = text; path = "lfl==.pd"; sourceTree = "<group>"; };
		FA655B991A64C1B400103792 /* lfl>.pd */ = {isa = PBXFileReference; fileEncoding = 4; lastKnownFileType = text; path = "lfl>.pd"; sourceTree = "<group>"; };
		FA655B9A1A64C1B400103792 /* lfl>=.pd */ = {isa = PBXFileReference; fileEncoding = 4; lastKnownFileType = text; path = "lfl>=.pd"; sourceTree = "<group>"; };
		FA655B9B1A64C1B400103792 /* lfor.pd */ = {isa = PBXFileReference; fileEncoding = 4; lastKnownFileType = text; path = lfor.pd; sourceTree = "<group>"; };
		FA655B9C1A64C1B400103792 /* lfor2_template_pd.pd */ = {isa = PBXFileReference; fileEncoding = 4; lastKnownFileType = text; path = lfor2_template_pd.pd; sourceTree = "<group>"; };
		FA655B9D1A64C1B400103792 /* lindexget.pd */ = {isa = PBXFileReference; fileEncoding = 4; lastKnownFileType = text; path = lindexget.pd; sourceTree = "<group>"; };
		FA655B9E1A64C1B400103792 /* lindexset.pd */ = {isa = PBXFileReference; fileEncoding = 4; lastKnownFileType = text; path = lindexset.pd; sourceTree = "<group>"; };
		FA655B9F1A64C1B400103792 /* lisp.pd */ = {isa = PBXFileReference; fileEncoding = 4; lastKnownFileType = text; path = lisp.pd; sourceTree = "<group>"; };
		FA655BA01A64C1B400103792 /* lispd.pd */ = {isa = PBXFileReference; fileEncoding = 4; lastKnownFileType = text; path = lispd.pd; sourceTree = "<group>"; };
		FA655BA11A64C1B400103792 /* lispd_playground.pd */ = {isa = PBXFileReference; fileEncoding = 4; lastKnownFileType = text; path = lispd_playground.pd; sourceTree = "<group>"; };
		FA655BA21A64C1B400103792 /* list_print.pd */ = {isa = PBXFileReference; fileEncoding = 4; lastKnownFileType = text; path = list_print.pd; sourceTree = "<group>"; };
		FA655BA31A64C1B400103792 /* llfor.pd */ = {isa = PBXFileReference; fileEncoding = 4; lastKnownFileType = text; path = llfor.pd; sourceTree = "<group>"; };
		FA655BA41A64C1B400103792 /* loadfloat.pd */ = {isa = PBXFileReference; fileEncoding = 4; lastKnownFileType = text; path = loadfloat.pd; sourceTree = "<group>"; };
		FA655BA51A64C1B400103792 /* lobject.pd */ = {isa = PBXFileReference; fileEncoding = 4; lastKnownFileType = text; path = lobject.pd; sourceTree = "<group>"; };
		FA655BA61A64C1B400103792 /* lpre.pd */ = {isa = PBXFileReference; fileEncoding = 4; lastKnownFileType = text; path = lpre.pd; sourceTree = "<group>"; };
		FA655BA71A64C1B400103792 /* lprint.pd */ = {isa = PBXFileReference; fileEncoding = 4; lastKnownFileType = text; path = lprint.pd; sourceTree = "<group>"; };
		FA655BA81A64C1B400103792 /* lreplace.pd */ = {isa = PBXFileReference; fileEncoding = 4; lastKnownFileType = text; path = lreplace.pd; sourceTree = "<group>"; };
		FA655BA91A64C1B400103792 /* lreverse.pd */ = {isa = PBXFileReference; fileEncoding = 4; lastKnownFileType = text; path = lreverse.pd; sourceTree = "<group>"; };
		FA655BAA1A64C1B400103792 /* lset.pd */ = {isa = PBXFileReference; fileEncoding = 4; lastKnownFileType = text; path = lset.pd; sourceTree = "<group>"; };
		FA655BAB1A64C1B400103792 /* Main.pd */ = {isa = PBXFileReference; fileEncoding = 4; lastKnownFileType = text; path = Main.pd; sourceTree = "<group>"; };
		FA655BAC1A64C1B400103792 /* Master.pd */ = {isa = PBXFileReference; fileEncoding = 4; lastKnownFileType = text; path = Master.pd; sourceTree = "<group>"; };
		FA655BAD1A64C1B400103792 /* Master2.pd */ = {isa = PBXFileReference; fileEncoding = 4; lastKnownFileType = text; path = Master2.pd; sourceTree = "<group>"; };
		FA655BAE1A64C1B400103792 /* matrix~.pd */ = {isa = PBXFileReference; fileEncoding = 4; lastKnownFileType = text; path = "matrix~.pd"; sourceTree = "<group>"; };
		FA655BAF1A64C1B400103792 /* message_list.pd */ = {isa = PBXFileReference; fileEncoding = 4; lastKnownFileType = text; path = message_list.pd; sourceTree = "<group>"; };
		FA655BB01A64C1B400103792 /* minigun-help.pd */ = {isa = PBXFileReference; fileEncoding = 4; lastKnownFileType = text; path = "minigun-help.pd"; sourceTree = "<group>"; };
		FA655BB11A64C1B400103792 /* minigun.pd */ = {isa = PBXFileReference; fileEncoding = 4; lastKnownFileType = text; path = minigun.pd; sourceTree = "<group>"; };
		FA655BB21A64C1B400103792 /* Module.pd */ = {isa = PBXFileReference; fileEncoding = 4; lastKnownFileType = text; path = Module.pd; sourceTree = "<group>"; };
		FA655BB31A64C1B400103792 /* multidelay~.pd */ = {isa = PBXFileReference; fileEncoding = 4; lastKnownFileType = text; path = "multidelay~.pd"; sourceTree = "<group>"; };
		FA655BB41A64C1B400103792 /* multifilter~.pd */ = {isa = PBXFileReference; fileEncoding = 4; lastKnownFileType = text; path = "multifilter~.pd"; sourceTree = "<group>"; };
		FA655BB51A64C1B400103792 /* multitremolo~.pd */ = {isa = PBXFileReference; fileEncoding = 4; lastKnownFileType = text; path = "multitremolo~.pd"; sourceTree = "<group>"; };
		FA655BB61A64C1B400103792 /* normalize~-help.pd */ = {isa = PBXFileReference; fileEncoding = 4; lastKnownFileType = text; path = "normalize~-help.pd"; sourceTree = "<group>"; };
		FA655BB71A64C1B400103792 /* normalize~.pd */ = {isa = PBXFileReference; fileEncoding = 4; lastKnownFileType = text; path = "normalize~.pd"; sourceTree = "<group>"; };
		FA655BB81A64C1B400103792 /* Note.pd */ = {isa = PBXFileReference; fileEncoding = 4; lastKnownFileType = text; path = Note.pd; sourceTree = "<group>"; };
		FA655BB91A64C1B400103792 /* Note2.pd */ = {isa = PBXFileReference; fileEncoding = 4; lastKnownFileType = text; path = Note2.pd; sourceTree = "<group>"; };
		FA655BBA1A64C1B400103792 /* noteflush.pd */ = {isa = PBXFileReference; fileEncoding = 4; lastKnownFileType = text; path = noteflush.pd; sourceTree = "<group>"; };
		FA655BBB1A64C1B400103792 /* number.pd */ = {isa = PBXFileReference; fileEncoding = 4; lastKnownFileType = text; path = number.pd; sourceTree = "<group>"; };
		FA655BBC1A64C1B400103792 /* OLD_PD_Interface.txt */ = {isa = PBXFileReference; fileEncoding = 4; lastKnownFileType = text; path = OLD_PD_Interface.txt; sourceTree = "<group>"; };
		FA655BBD1A64C1B400103792 /* once.pd */ = {isa = PBXFileReference; fileEncoding = 4; lastKnownFileType = text; path = once.pd; sourceTree = "<group>"; };
		FA655BBE1A64C1B400103792 /* once2.pd */ = {isa = PBXFileReference; fileEncoding = 4; lastKnownFileType = text; path = once2.pd; sourceTree = "<group>"; };
		FA655BBF1A64C1B400103792 /* panner~.pd */ = {isa = PBXFileReference; fileEncoding = 4; lastKnownFileType = text; path = "panner~.pd"; sourceTree = "<group>"; };
		FA655BC01A64C1B400103792 /* pencileq~.pd */ = {isa = PBXFileReference; fileEncoding = 4; lastKnownFileType = text; path = "pencileq~.pd"; sourceTree = "<group>"; };
		FA655BC11A64C1B400103792 /* piano.pd */ = {isa = PBXFileReference; fileEncoding = 4; lastKnownFileType = text; path = piano.pd; sourceTree = "<group>"; };
		FA655BC21A64C1B400103792 /* playground.pd */ = {isa = PBXFileReference; fileEncoding = 4; lastKnownFileType = text; path = playground.pd; sourceTree = "<group>"; };
		FA655BC31A64C1B400103792 /* remove_dc_offset~-help.pd */ = {isa = PBXFileReference; fileEncoding = 4; lastKnownFileType = text; path = "remove_dc_offset~-help.pd"; sourceTree = "<group>"; };
		FA655BC41A64C1B400103792 /* remove_dc_offset~.pd */ = {isa = PBXFileReference; fileEncoding = 4; lastKnownFileType = text; path = "remove_dc_offset~.pd"; sourceTree = "<group>"; };
		FA655BC51A64C1B400103792 /* reverse list.pd */ = {isa = PBXFileReference; fileEncoding = 4; lastKnownFileType = text; path = "reverse list.pd"; sourceTree = "<group>"; };
		FA655BC61A64C1B400103792 /* ringmod~.pd */ = {isa = PBXFileReference; fileEncoding = 4; lastKnownFileType = text; path = "ringmod~.pd"; sourceTree = "<group>"; };
		FA655BC71A64C1B400103792 /* scratch.pd */ = {isa = PBXFileReference; fileEncoding = 4; lastKnownFileType = text; path = scratch.pd; sourceTree = "<group>"; };
		FA655BC81A64C1B400103792 /* synth^~.pd */ = {isa = PBXFileReference; fileEncoding = 4; lastKnownFileType = text; path = "synth^~.pd"; sourceTree = "<group>"; };
		FA655BC91A64C1B400103792 /* synth~.pd */ = {isa = PBXFileReference; fileEncoding = 4; lastKnownFileType = text; path = "synth~.pd"; sourceTree = "<group>"; };
		FA655BCA1A64C1B400103792 /* test.pd */ = {isa = PBXFileReference; fileEncoding = 4; lastKnownFileType = text; path = test.pd; sourceTree = "<group>"; };
		FA655BCB1A64C1B400103792 /* testdp~.pd */ = {isa = PBXFileReference; fileEncoding = 4; lastKnownFileType = text; path = "testdp~.pd"; sourceTree = "<group>"; };
		FA655BCC1A64C1B400103792 /* testing_grounds.pd */ = {isa = PBXFileReference; fileEncoding = 4; lastKnownFileType = text; path = testing_grounds.pd; sourceTree = "<group>"; };
		FA655BCD1A64C1B400103792 /* toint.pd */ = {isa = PBXFileReference; fileEncoding = 4; lastKnownFileType = text; path = toint.pd; sourceTree = "<group>"; };
		FA655BCE1A64C1B400103792 /* transistor~.pd */ = {isa = PBXFileReference; fileEncoding = 4; lastKnownFileType = text; path = "transistor~.pd"; sourceTree = "<group>"; };
		FA655BCF1A64C1B400103792 /* Untitled-1.pd */ = {isa = PBXFileReference; fileEncoding = 4; lastKnownFileType = text; path = "Untitled-1.pd"; sourceTree = "<group>"; };
		FA655BD01A64C1B400103792 /* vibrato~.pd */ = {isa = PBXFileReference; fileEncoding = 4; lastKnownFileType = text; path = "vibrato~.pd"; sourceTree = "<group>"; };
		FA655BD11A64C1B400103792 /* view~.pd */ = {isa = PBXFileReference; fileEncoding = 4; lastKnownFileType = text; path = "view~.pd"; sourceTree = "<group>"; };
		FA655BD21A64C1B400103792 /* voice~.pd */ = {isa = PBXFileReference; fileEncoding = 4; lastKnownFileType = text; path = "voice~.pd"; sourceTree = "<group>"; };
		FA655BD31A64C1B400103792 /* volume~-help.pd */ = {isa = PBXFileReference; fileEncoding = 4; lastKnownFileType = text; path = "volume~-help.pd"; sourceTree = "<group>"; };
		FA655BD41A64C1B400103792 /* volume~.pd */ = {isa = PBXFileReference; fileEncoding = 4; lastKnownFileType = text; path = "volume~.pd"; sourceTree = "<group>"; };
		FA655BD51A64C1B400103792 /* waveview~.pd */ = {isa = PBXFileReference; fileEncoding = 4; lastKnownFileType = text; path = "waveview~.pd"; sourceTree = "<group>"; };
		FA9F2B971A627D9400B2ACD6 /* penis_coordinates.c */ = {isa = PBXFileReference; fileEncoding = 4; lastKnownFileType = sourcecode.c.c; path = penis_coordinates.c; sourceTree = "<group>"; };
		FA9F2B981A627D9400B2ACD6 /* penis_coordinates.h */ = {isa = PBXFileReference; fileEncoding = 4; lastKnownFileType = sourcecode.c.h; path = penis_coordinates.h; sourceTree = "<group>"; };
		FAC3908019FB28AA00B589C4 /* septagon_coordinates.c */ = {isa = PBXFileReference; fileEncoding = 4; lastKnownFileType = sourcecode.c.c; path = septagon_coordinates.c; sourceTree = "<group>"; };
/* End PBXFileReference section */

/* Begin PBXFrameworksBuildPhase section */
		BED4739819FAF4F0006DD472 /* Frameworks */ = {
			isa = PBXFrameworksBuildPhase;
			buildActionMask = 2147483647;
			files = (
				E3BC1ACB1A88471588F2A91B /* libPods-Hackathon2014.a in Frameworks */,
			);
			runOnlyForDeploymentPostprocessing = 0;
		};
		BED473B119FAF4F1006DD472 /* Frameworks */ = {
			isa = PBXFrameworksBuildPhase;
			buildActionMask = 2147483647;
			files = (
			);
			runOnlyForDeploymentPostprocessing = 0;
		};
/* End PBXFrameworksBuildPhase section */

/* Begin PBXGroup section */
		2A20475FED1749C2BB2EFE4A /* Frameworks */ = {
			isa = PBXGroup;
			children = (
				BD0C5724B16348D3987FB49D /* libPods-Hackathon2014.a */,
			);
			name = Frameworks;
			sourceTree = "<group>";
		};
		BE7D30871A6B18DF00D03092 /* Components */ = {
			isa = PBXGroup;
			children = (
				BE7D308A1A6B2BF700D03092 /* EffectSlider.swift */,
				BE7D308C1A6B2BFF00D03092 /* EffectButton.swift */,
			);
			name = Components;
			sourceTree = "<group>";
		};
		BE7D30881A6B2BA400D03092 /* Models */ = {
			isa = PBXGroup;
			children = (
				BE7D30921A6B2C3800D03092 /* Composition.swift */,
				BE7D30941A6B2C3D00D03092 /* Note.swift */,
				BE7D30961A6B2C4400D03092 /* Effect.swift */,
			);
			name = Models;
			sourceTree = "<group>";
		};
		BED4739219FAF4F0006DD472 = {
			isa = PBXGroup;
			children = (
				FA655B641A64C1B400103792 /* Pure-Data */,
				BED4739D19FAF4F0006DD472 /* Hackathon2014 */,
				BED473B719FAF4F1006DD472 /* Hackathon2014Tests */,
				BED4739C19FAF4F0006DD472 /* Products */,
				6D27106291E14436A730D648 /* Pods-Hackathon2014.xcconfig */,
				2A20475FED1749C2BB2EFE4A /* Frameworks */,
			);
			sourceTree = "<group>";
		};
		BED4739C19FAF4F0006DD472 /* Products */ = {
			isa = PBXGroup;
			children = (
				BED4739B19FAF4F0006DD472 /* Hackathon2014.app */,
				BED473B419FAF4F1006DD472 /* Hackathon2014Tests.xctest */,
			);
			name = Products;
			sourceTree = "<group>";
		};
		BED4739D19FAF4F0006DD472 /* Hackathon2014 */ = {
			isa = PBXGroup;
			children = (
				BE7D30871A6B18DF00D03092 /* Components */,
				BED473C419FAFBBA006DD472 /* Controllers */,
				BED473C619FAFBCD006DD472 /* Views */,
				BED473A219FAF4F0006DD472 /* AppDelegate.h */,
				BED473A319FAF4F0006DD472 /* AppDelegate.m */,
				BED473A819FAF4F0006DD472 /* Main.storyboard */,
				BED473AB19FAF4F0006DD472 /* Images.xcassets */,
				BED473AD19FAF4F0006DD472 /* LaunchScreen.xib */,
				BED4739E19FAF4F0006DD472 /* Supporting Files */,
				FAC3908019FB28AA00B589C4 /* septagon_coordinates.c */,
				BED473D019FB3968006DD472 /* septagon_coordinates.h */,
				FA9F2B971A627D9400B2ACD6 /* penis_coordinates.c */,
				FA9F2B981A627D9400B2ACD6 /* penis_coordinates.h */,
				BEBACA7E1A0DA66000F612EB /* Hackathon2014-Bridging-Header.h */,
				BE7D30851A6B0AC300D03092 /* Constants.swift */,
				BE7D30881A6B2BA400D03092 /* Models */,
			);
			path = Hackathon2014;
			sourceTree = "<group>";
		};
		BED4739E19FAF4F0006DD472 /* Supporting Files */ = {
			isa = PBXGroup;
			children = (
				BED4739F19FAF4F0006DD472 /* Info.plist */,
				BED473A019FAF4F0006DD472 /* main.m */,
			);
			name = "Supporting Files";
			sourceTree = "<group>";
		};
		BED473B719FAF4F1006DD472 /* Hackathon2014Tests */ = {
			isa = PBXGroup;
			children = (
				BED473BA19FAF4F1006DD472 /* Hackathon2014Tests.m */,
				BED473B819FAF4F1006DD472 /* Supporting Files */,
			);
			path = Hackathon2014Tests;
			sourceTree = "<group>";
		};
		BED473B819FAF4F1006DD472 /* Supporting Files */ = {
			isa = PBXGroup;
			children = (
				BED473B919FAF4F1006DD472 /* Info.plist */,
			);
			name = "Supporting Files";
			sourceTree = "<group>";
		};
		BED473C419FAFBBA006DD472 /* Controllers */ = {
			isa = PBXGroup;
			children = (
				BED473CD19FAFD40006DD472 /* INTInstrumentViewController.h */,
				BED473CE19FAFD40006DD472 /* INTInstrumentViewController.m */,
				BED4741219FC743A006DD472 /* INTEffectsViewController.h */,
				BED4741319FC743A006DD472 /* INTEffectsViewController.m */,
				BED4740C19FB704F006DD472 /* INTRootViewController.h */,
				BED4740D19FB704F006DD472 /* INTRootViewController.m */,
				BED4741819FD6A5D006DD472 /* INTSettingsViewController.h */,
				BED4741919FD6A5D006DD472 /* INTSettingsViewController.m */,
			);
			name = Controllers;
			sourceTree = "<group>";
		};
		BED473C619FAFBCD006DD472 /* Views */ = {
			isa = PBXGroup;
			children = (
				BED473C719FAFBE8006DD472 /* INTInstrumentNote.h */,
				BED473C819FAFBE8006DD472 /* INTInstrumentNote.m */,
				BEBACA7B1A0D7ECF00F612EB /* INTSlider.h */,
				BEBACA7C1A0D7ECF00F612EB /* INTSlider.m */,
			);
			name = Views;
			sourceTree = "<group>";
		};
		FA655B641A64C1B400103792 /* Pure-Data */ = {
			isa = PBXGroup;
			children = (
				FA655B651A64C1B400103792 /* _PD_Interface.txt */,
				FA655B661A64C1B400103792 /* _Wave_Types.png */,
				FA655B671A64C1B400103792 /* adsr~.pd */,
				FA655B681A64C1B400103792 /* ak47.pd */,
				FA655B691A64C1B400103792 /* AudioToMIDI.pd */,
				FA655B6A1A64C1B400103792 /* autofft~.pd */,
				FA655B6B1A64C1B400103792 /* backup.pd */,
				FA655B6C1A64C1B400103792 /* blank~.pd */,
				FA655B6D1A64C1B400103792 /* channel.txt */,
				FA655B6E1A64C1B400103792 /* chorus~.pd */,
				FA655B6F1A64C1B400103792 /* diff.pd */,
				FA655B701A64C1B400103792 /* dPD_Future_Design */,
				FA655B711A64C1B400103792 /* dynamic_manager.pd */,
				FA655B721A64C1B400103792 /* dynamic_send.pd */,
				FA655B731A64C1B400103792 /* dynamo~.pd */,
				FA655B741A64C1B400103792 /* dynamo~2.pd */,
				FA655B751A64C1B400103792 /* eq~.pd */,
				FA655B761A64C1B400103792 /* f!=.pd */,
				FA655B771A64C1B400103792 /* FFTExample.pd */,
				FA655B781A64C1B400103792 /* filter.pd */,
				FA655B791A64C1B400103792 /* for++-help.pd */,
				FA655B7A1A64C1B400103792 /* for++.pd */,
				FA655B7B1A64C1B400103792 /* gain~.pd */,
				FA655B7C1A64C1B400103792 /* gate10.pd */,
				FA655B7D1A64C1B400103792 /* gate11.pd */,
				FA655B7E1A64C1B400103792 /* gate12.pd */,
				FA655B7F1A64C1B400103792 /* gate16.pd */,
				FA655B801A64C1B400103792 /* gate2.pd */,
				FA655B811A64C1B400103792 /* gate3.pd */,
				FA655B821A64C1B400103792 /* gate4.pd */,
				FA655B831A64C1B400103792 /* gate5.pd */,
				FA655B841A64C1B400103792 /* gate6.pd */,
				FA655B851A64C1B400103792 /* gate7.pd */,
				FA655B861A64C1B400103792 /* gate8.pd */,
				FA655B871A64C1B400103792 /* gate9.pd */,
				FA655B881A64C1B400103792 /* ggate.pd */,
				FA655B891A64C1B400103792 /* ggate~.pd */,
				FA655B8A1A64C1B400103792 /* gswitch.pd */,
				FA655B8B1A64C1B400103792 /* gswitch~.pd */,
				FA655B8C1A64C1B400103792 /* iterator.pd */,
				FA655B8D1A64C1B400103792 /* iterator2.pd */,
				FA655B8E1A64C1B400103792 /* ladd.pd */,
				FA655B8F1A64C1B400103792 /* ladd2.pd */,
				FA655B901A64C1B400103792 /* lap.pd */,
				FA655B911A64C1B400103792 /* lapp.pd */,
				FA655B921A64C1B400103792 /* lappenditem.pd */,
				FA655B931A64C1B400103792 /* last_note_off.pd */,
				FA655B941A64C1B400103792 /* lbuilder.pd */,
				FA655B951A64C1B400103792 /* lfl!=.pd */,
				FA655B961A64C1B400103792 /* lfl<.pd */,
				FA655B971A64C1B400103792 /* lfl<=.pd */,
				FA655B981A64C1B400103792 /* lfl==.pd */,
				FA655B991A64C1B400103792 /* lfl>.pd */,
				FA655B9A1A64C1B400103792 /* lfl>=.pd */,
				FA655B9B1A64C1B400103792 /* lfor.pd */,
				FA655B9C1A64C1B400103792 /* lfor2_template_pd.pd */,
				FA655B9D1A64C1B400103792 /* lindexget.pd */,
				FA655B9E1A64C1B400103792 /* lindexset.pd */,
				FA655B9F1A64C1B400103792 /* lisp.pd */,
				FA655BA01A64C1B400103792 /* lispd.pd */,
				FA655BA11A64C1B400103792 /* lispd_playground.pd */,
				FA655BA21A64C1B400103792 /* list_print.pd */,
				FA655BA31A64C1B400103792 /* llfor.pd */,
				FA655BA41A64C1B400103792 /* loadfloat.pd */,
				FA655BA51A64C1B400103792 /* lobject.pd */,
				FA655BA61A64C1B400103792 /* lpre.pd */,
				FA655BA71A64C1B400103792 /* lprint.pd */,
				FA655BA81A64C1B400103792 /* lreplace.pd */,
				FA655BA91A64C1B400103792 /* lreverse.pd */,
				FA655BAA1A64C1B400103792 /* lset.pd */,
				FA655BAB1A64C1B400103792 /* Main.pd */,
				FA655BAC1A64C1B400103792 /* Master.pd */,
				FA655BAD1A64C1B400103792 /* Master2.pd */,
				FA655BAE1A64C1B400103792 /* matrix~.pd */,
				FA655BAF1A64C1B400103792 /* message_list.pd */,
				FA655BB01A64C1B400103792 /* minigun-help.pd */,
				FA655BB11A64C1B400103792 /* minigun.pd */,
				FA655BB21A64C1B400103792 /* Module.pd */,
				FA655BB31A64C1B400103792 /* multidelay~.pd */,
				FA655BB41A64C1B400103792 /* multifilter~.pd */,
				FA655BB51A64C1B400103792 /* multitremolo~.pd */,
				FA655BB61A64C1B400103792 /* normalize~-help.pd */,
				FA655BB71A64C1B400103792 /* normalize~.pd */,
				FA655BB81A64C1B400103792 /* Note.pd */,
				FA655BB91A64C1B400103792 /* Note2.pd */,
				FA655BBA1A64C1B400103792 /* noteflush.pd */,
				FA655BBB1A64C1B400103792 /* number.pd */,
				FA655BBC1A64C1B400103792 /* OLD_PD_Interface.txt */,
				FA655BBD1A64C1B400103792 /* once.pd */,
				FA655BBE1A64C1B400103792 /* once2.pd */,
				FA655BBF1A64C1B400103792 /* panner~.pd */,
				FA655BC01A64C1B400103792 /* pencileq~.pd */,
				FA655BC11A64C1B400103792 /* piano.pd */,
				FA655BC21A64C1B400103792 /* playground.pd */,
				FA655BC31A64C1B400103792 /* remove_dc_offset~-help.pd */,
				FA655BC41A64C1B400103792 /* remove_dc_offset~.pd */,
				FA655BC51A64C1B400103792 /* reverse list.pd */,
				FA655BC61A64C1B400103792 /* ringmod~.pd */,
				FA655BC71A64C1B400103792 /* scratch.pd */,
				FA655BC81A64C1B400103792 /* synth^~.pd */,
				FA655BC91A64C1B400103792 /* synth~.pd */,
				FA655BCA1A64C1B400103792 /* test.pd */,
				FA655BCB1A64C1B400103792 /* testdp~.pd */,
				FA655BCC1A64C1B400103792 /* testing_grounds.pd */,
				FA655BCD1A64C1B400103792 /* toint.pd */,
				FA655BCE1A64C1B400103792 /* transistor~.pd */,
				FA655BCF1A64C1B400103792 /* Untitled-1.pd */,
				FA655BD01A64C1B400103792 /* vibrato~.pd */,
				FA655BD11A64C1B400103792 /* view~.pd */,
				FA655BD21A64C1B400103792 /* voice~.pd */,
				FA655BD31A64C1B400103792 /* volume~-help.pd */,
				FA655BD41A64C1B400103792 /* volume~.pd */,
				FA655BD51A64C1B400103792 /* waveview~.pd */,
			);
			name = "Pure-Data";
			path = "Hackathon2014/Pure-Data";
			sourceTree = "<group>";
		};
/* End PBXGroup section */

/* Begin PBXNativeTarget section */
		BED4739A19FAF4F0006DD472 /* Hackathon2014 */ = {
			isa = PBXNativeTarget;
			buildConfigurationList = BED473BE19FAF4F1006DD472 /* Build configuration list for PBXNativeTarget "Hackathon2014" */;
			buildPhases = (
				2E939AF13CDD43CAA038D249 /* Check Pods Manifest.lock */,
				BED4739719FAF4F0006DD472 /* Sources */,
				BED4739819FAF4F0006DD472 /* Frameworks */,
				BED4739919FAF4F0006DD472 /* Resources */,
				C3788ACF2AAF4700A5EFC194 /* Copy Pods Resources */,
			);
			buildRules = (
			);
			dependencies = (
			);
			name = Hackathon2014;
			productName = Hackathon2014;
			productReference = BED4739B19FAF4F0006DD472 /* Hackathon2014.app */;
			productType = "com.apple.product-type.application";
		};
		BED473B319FAF4F1006DD472 /* Hackathon2014Tests */ = {
			isa = PBXNativeTarget;
			buildConfigurationList = BED473C119FAF4F1006DD472 /* Build configuration list for PBXNativeTarget "Hackathon2014Tests" */;
			buildPhases = (
				BED473B019FAF4F1006DD472 /* Sources */,
				BED473B119FAF4F1006DD472 /* Frameworks */,
				BED473B219FAF4F1006DD472 /* Resources */,
			);
			buildRules = (
			);
			dependencies = (
				BED473B619FAF4F1006DD472 /* PBXTargetDependency */,
			);
			name = Hackathon2014Tests;
			productName = Hackathon2014Tests;
			productReference = BED473B419FAF4F1006DD472 /* Hackathon2014Tests.xctest */;
			productType = "com.apple.product-type.bundle.unit-test";
		};
/* End PBXNativeTarget section */

/* Begin PBXProject section */
		BED4739319FAF4F0006DD472 /* Project object */ = {
			isa = PBXProject;
			attributes = {
				LastUpgradeCheck = 0600;
				ORGANIZATIONNAME = "Intrinsic Audio";
				TargetAttributes = {
					BED4739A19FAF4F0006DD472 = {
						CreatedOnToolsVersion = 6.0.1;
						DevelopmentTeam = 26XAG5JK75;
					};
					BED473B319FAF4F1006DD472 = {
						CreatedOnToolsVersion = 6.0.1;
						DevelopmentTeam = 26XAG5JK75;
						TestTargetID = BED4739A19FAF4F0006DD472;
					};
				};
			};
			buildConfigurationList = BED4739619FAF4F0006DD472 /* Build configuration list for PBXProject "Hackathon2014" */;
			compatibilityVersion = "Xcode 3.2";
			developmentRegion = English;
			hasScannedForEncodings = 0;
			knownRegions = (
				en,
				Base,
			);
			mainGroup = BED4739219FAF4F0006DD472;
			productRefGroup = BED4739C19FAF4F0006DD472 /* Products */;
			projectDirPath = "";
			projectRoot = "";
			targets = (
				BED4739A19FAF4F0006DD472 /* Hackathon2014 */,
				BED473B319FAF4F1006DD472 /* Hackathon2014Tests */,
			);
		};
/* End PBXProject section */

/* Begin PBXResourcesBuildPhase section */
		BED4739919FAF4F0006DD472 /* Resources */ = {
			isa = PBXResourcesBuildPhase;
			buildActionMask = 2147483647;
			files = (
				FA655BE61A64C1B400103792 /* eq~.pd in Resources */,
				FA655C191A64C1B400103792 /* lreplace.pd in Resources */,
				FA655C351A64C1B400103792 /* remove_dc_offset~.pd in Resources */,
				FA655C071A64C1B400103792 /* lfl<.pd in Resources */,
				FA655C1B1A64C1B400103792 /* lset.pd in Resources */,
				FA655C2B1A64C1B400103792 /* noteflush.pd in Resources */,
				FA655BDA1A64C1B400103792 /* AudioToMIDI.pd in Resources */,
				FA655C3A1A64C1B400103792 /* synth~.pd in Resources */,
				FA655C0F1A64C1B400103792 /* lindexset.pd in Resources */,
				FA655C391A64C1B400103792 /* synth^~.pd in Resources */,
				FA655C111A64C1B400103792 /* lispd.pd in Resources */,
				FA655BEA1A64C1B400103792 /* for++-help.pd in Resources */,
				FA655BDD1A64C1B400103792 /* blank~.pd in Resources */,
				FA655BFC1A64C1B400103792 /* gswitch~.pd in Resources */,
				FA655C3D1A64C1B400103792 /* testing_grounds.pd in Resources */,
				FA655BE01A64C1B400103792 /* diff.pd in Resources */,
				FA655C021A64C1B400103792 /* lapp.pd in Resources */,
				FA655C2D1A64C1B400103792 /* OLD_PD_Interface.txt in Resources */,
				FA655C0C1A64C1B400103792 /* lfor.pd in Resources */,
				FA655C201A64C1B400103792 /* message_list.pd in Resources */,
				FA655BFD1A64C1B400103792 /* iterator.pd in Resources */,
				FA655BF71A64C1B400103792 /* gate8.pd in Resources */,
				FA655BEC1A64C1B400103792 /* gain~.pd in Resources */,
				FA655C001A64C1B400103792 /* ladd2.pd in Resources */,
				FA655C3F1A64C1B400103792 /* transistor~.pd in Resources */,
				FA655C171A64C1B400103792 /* lpre.pd in Resources */,
				FA655BF11A64C1B400103792 /* gate2.pd in Resources */,
				FA655BE31A64C1B400103792 /* dynamic_send.pd in Resources */,
				FA655C381A64C1B400103792 /* scratch.pd in Resources */,
				FA655C451A64C1B400103792 /* volume~.pd in Resources */,
				FA655C271A64C1B400103792 /* normalize~-help.pd in Resources */,
				FA655C431A64C1B400103792 /* voice~.pd in Resources */,
				FA655C261A64C1B400103792 /* multitremolo~.pd in Resources */,
				FA655C1C1A64C1B400103792 /* Main.pd in Resources */,
				FA655C0D1A64C1B400103792 /* lfor2_template_pd.pd in Resources */,
				FA655BE21A64C1B400103792 /* dynamic_manager.pd in Resources */,
				FA655C091A64C1B400103792 /* lfl==.pd in Resources */,
				FA655BD81A64C1B400103792 /* adsr~.pd in Resources */,
				FA655C2E1A64C1B400103792 /* once.pd in Resources */,
				FA655C121A64C1B400103792 /* lispd_playground.pd in Resources */,
				FA655BDB1A64C1B400103792 /* autofft~.pd in Resources */,
				FA655C321A64C1B400103792 /* piano.pd in Resources */,
				FA655BED1A64C1B400103792 /* gate10.pd in Resources */,
				FA655BE51A64C1B400103792 /* dynamo~2.pd in Resources */,
				FA655C281A64C1B400103792 /* normalize~.pd in Resources */,
				FA655C081A64C1B400103792 /* lfl<=.pd in Resources */,
				FA655BF31A64C1B400103792 /* gate4.pd in Resources */,
				FA655C2C1A64C1B400103792 /* number.pd in Resources */,
				FA655C141A64C1B400103792 /* llfor.pd in Resources */,
				FA655BE71A64C1B400103792 /* f!=.pd in Resources */,
				FA655BF01A64C1B400103792 /* gate16.pd in Resources */,
				FA655C221A64C1B400103792 /* minigun.pd in Resources */,
				FA655BFA1A64C1B400103792 /* ggate~.pd in Resources */,
				FA655C421A64C1B400103792 /* view~.pd in Resources */,
				FA655C2F1A64C1B400103792 /* once2.pd in Resources */,
				FA655C061A64C1B400103792 /* lfl!=.pd in Resources */,
				FA655BE11A64C1B400103792 /* dPD_Future_Design in Resources */,
				FA655BEB1A64C1B400103792 /* for++.pd in Resources */,
				FA655C341A64C1B400103792 /* remove_dc_offset~-help.pd in Resources */,
				FA655BF51A64C1B400103792 /* gate6.pd in Resources */,
				FA655C251A64C1B400103792 /* multifilter~.pd in Resources */,
				FA655C0A1A64C1B400103792 /* lfl>.pd in Resources */,
				BED473AA19FAF4F0006DD472 /* Main.storyboard in Resources */,
				FA655C0B1A64C1B400103792 /* lfl>=.pd in Resources */,
				FA655C151A64C1B400103792 /* loadfloat.pd in Resources */,
				FA655C371A64C1B400103792 /* ringmod~.pd in Resources */,
				FA655C231A64C1B400103792 /* Module.pd in Resources */,
				FA655BFB1A64C1B400103792 /* gswitch.pd in Resources */,
				FA655BDF1A64C1B400103792 /* chorus~.pd in Resources */,
				FA655BE81A64C1B400103792 /* FFTExample.pd in Resources */,
				FA655C041A64C1B400103792 /* last_note_off.pd in Resources */,
				FA655C161A64C1B400103792 /* lobject.pd in Resources */,
				FA655C3E1A64C1B400103792 /* toint.pd in Resources */,
				FA655BF61A64C1B400103792 /* gate7.pd in Resources */,
				FA655BD71A64C1B400103792 /* _Wave_Types.png in Resources */,
				FA655BE91A64C1B400103792 /* filter.pd in Resources */,
				FA655BF81A64C1B400103792 /* gate9.pd in Resources */,
				FA655BDE1A64C1B400103792 /* channel.txt in Resources */,
				FA655BDC1A64C1B400103792 /* backup.pd in Resources */,
				FA655C361A64C1B400103792 /* reverse list.pd in Resources */,
				FA655C101A64C1B400103792 /* lisp.pd in Resources */,
				FA655BEF1A64C1B400103792 /* gate12.pd in Resources */,
				FA655C031A64C1B400103792 /* lappenditem.pd in Resources */,
				FA655C1F1A64C1B400103792 /* matrix~.pd in Resources */,
				FA655C3C1A64C1B400103792 /* testdp~.pd in Resources */,
				FA655C3B1A64C1B400103792 /* test.pd in Resources */,
				FA655BEE1A64C1B400103792 /* gate11.pd in Resources */,
				FA655C241A64C1B400103792 /* multidelay~.pd in Resources */,
				FA655C1E1A64C1B400103792 /* Master2.pd in Resources */,
				BED473AF19FAF4F0006DD472 /* LaunchScreen.xib in Resources */,
				FA655BFF1A64C1B400103792 /* ladd.pd in Resources */,
				FA655BD61A64C1B400103792 /* _PD_Interface.txt in Resources */,
				BED473AC19FAF4F0006DD472 /* Images.xcassets in Resources */,
				FA655C311A64C1B400103792 /* pencileq~.pd in Resources */,
				FA655BFE1A64C1B400103792 /* iterator2.pd in Resources */,
				FA655BF41A64C1B400103792 /* gate5.pd in Resources */,
				FA655C411A64C1B400103792 /* vibrato~.pd in Resources */,
				FA655C011A64C1B400103792 /* lap.pd in Resources */,
				FA655C461A64C1B400103792 /* waveview~.pd in Resources */,
				FA655C291A64C1B400103792 /* Note.pd in Resources */,
				FA655C181A64C1B400103792 /* lprint.pd in Resources */,
				FA655C051A64C1B400103792 /* lbuilder.pd in Resources */,
				FA655C1D1A64C1B400103792 /* Master.pd in Resources */,
				FA655C211A64C1B400103792 /* minigun-help.pd in Resources */,
				FA655BE41A64C1B400103792 /* dynamo~.pd in Resources */,
				FA655C441A64C1B400103792 /* volume~-help.pd in Resources */,
				FA655C301A64C1B400103792 /* panner~.pd in Resources */,
				FA655BF21A64C1B400103792 /* gate3.pd in Resources */,
				FA655C2A1A64C1B400103792 /* Note2.pd in Resources */,
				FA655BD91A64C1B400103792 /* ak47.pd in Resources */,
				FA655C131A64C1B400103792 /* list_print.pd in Resources */,
				FA655C1A1A64C1B400103792 /* lreverse.pd in Resources */,
				FA655C0E1A64C1B400103792 /* lindexget.pd in Resources */,
				FA655BF91A64C1B400103792 /* ggate.pd in Resources */,
				FA655C401A64C1B400103792 /* Untitled-1.pd in Resources */,
				FA655C331A64C1B400103792 /* playground.pd in Resources */,
			);
			runOnlyForDeploymentPostprocessing = 0;
		};
		BED473B219FAF4F1006DD472 /* Resources */ = {
			isa = PBXResourcesBuildPhase;
			buildActionMask = 2147483647;
			files = (
			);
			runOnlyForDeploymentPostprocessing = 0;
		};
/* End PBXResourcesBuildPhase section */

/* Begin PBXShellScriptBuildPhase section */
		2E939AF13CDD43CAA038D249 /* Check Pods Manifest.lock */ = {
			isa = PBXShellScriptBuildPhase;
			buildActionMask = 2147483647;
			files = (
			);
			inputPaths = (
			);
			name = "Check Pods Manifest.lock";
			outputPaths = (
			);
			runOnlyForDeploymentPostprocessing = 0;
			shellPath = /bin/sh;
			shellScript = "diff \"${PODS_ROOT}/../Podfile.lock\" \"${PODS_ROOT}/Manifest.lock\" > /dev/null\nif [[ $? != 0 ]] ; then\n    cat << EOM\nerror: The sandbox is not in sync with the Podfile.lock. Run 'pod install' or update your CocoaPods installation.\nEOM\n    exit 1\nfi\n";
			showEnvVarsInLog = 0;
		};
		C3788ACF2AAF4700A5EFC194 /* Copy Pods Resources */ = {
			isa = PBXShellScriptBuildPhase;
			buildActionMask = 2147483647;
			files = (
			);
			inputPaths = (
			);
			name = "Copy Pods Resources";
			outputPaths = (
			);
			runOnlyForDeploymentPostprocessing = 0;
			shellPath = /bin/sh;
			shellScript = "\"${SRCROOT}/Pods/Pods-Hackathon2014-resources.sh\"\n";
			showEnvVarsInLog = 0;
		};
/* End PBXShellScriptBuildPhase section */

/* Begin PBXSourcesBuildPhase section */
		BED4739719FAF4F0006DD472 /* Sources */ = {
			isa = PBXSourcesBuildPhase;
			buildActionMask = 2147483647;
			files = (
				BED4740E19FB704F006DD472 /* INTRootViewController.m in Sources */,
				BE7D30861A6B0AC300D03092 /* Constants.swift in Sources */,
				BE7D308D1A6B2BFF00D03092 /* EffectButton.swift in Sources */,
				BEBACA7D1A0D7ECF00F612EB /* INTSlider.m in Sources */,
				BE7D30971A6B2C4400D03092 /* Effect.swift in Sources */,
				BED4741A19FD6A5D006DD472 /* INTSettingsViewController.m in Sources */,
				BE7D30951A6B2C3D00D03092 /* Note.swift in Sources */,
				BED473C919FAFBE8006DD472 /* INTInstrumentNote.m in Sources */,
				BE7D308B1A6B2BF700D03092 /* EffectSlider.swift in Sources */,
				BED473A419FAF4F0006DD472 /* AppDelegate.m in Sources */,
				BE7D30931A6B2C3800D03092 /* Composition.swift in Sources */,
				FAC3908119FB28AA00B589C4 /* septagon_coordinates.c in Sources */,
				FA9F2B991A627D9400B2ACD6 /* penis_coordinates.c in Sources */,
				BED473A119FAF4F0006DD472 /* main.m in Sources */,
				BED473CF19FAFD40006DD472 /* INTInstrumentViewController.m in Sources */,
				BED4741419FC743A006DD472 /* INTEffectsViewController.m in Sources */,
			);
			runOnlyForDeploymentPostprocessing = 0;
		};
		BED473B019FAF4F1006DD472 /* Sources */ = {
			isa = PBXSourcesBuildPhase;
			buildActionMask = 2147483647;
			files = (
				BED473BB19FAF4F1006DD472 /* Hackathon2014Tests.m in Sources */,
			);
			runOnlyForDeploymentPostprocessing = 0;
		};
/* End PBXSourcesBuildPhase section */

/* Begin PBXTargetDependency section */
		BED473B619FAF4F1006DD472 /* PBXTargetDependency */ = {
			isa = PBXTargetDependency;
			target = BED4739A19FAF4F0006DD472 /* Hackathon2014 */;
			targetProxy = BED473B519FAF4F1006DD472 /* PBXContainerItemProxy */;
		};
/* End PBXTargetDependency section */

/* Begin PBXVariantGroup section */
		BED473A819FAF4F0006DD472 /* Main.storyboard */ = {
			isa = PBXVariantGroup;
			children = (
				BED473A919FAF4F0006DD472 /* Base */,
			);
			name = Main.storyboard;
			sourceTree = "<group>";
		};
		BED473AD19FAF4F0006DD472 /* LaunchScreen.xib */ = {
			isa = PBXVariantGroup;
			children = (
				BED473AE19FAF4F0006DD472 /* Base */,
			);
			name = LaunchScreen.xib;
			sourceTree = "<group>";
		};
/* End PBXVariantGroup section */

/* Begin XCBuildConfiguration section */
		BED473BC19FAF4F1006DD472 /* Debug */ = {
			isa = XCBuildConfiguration;
			buildSettings = {
				ALWAYS_SEARCH_USER_PATHS = NO;
				CLANG_CXX_LANGUAGE_STANDARD = "gnu++0x";
				CLANG_CXX_LIBRARY = "libc++";
				CLANG_ENABLE_MODULES = YES;
				CLANG_ENABLE_OBJC_ARC = YES;
				CLANG_WARN_BOOL_CONVERSION = YES;
				CLANG_WARN_CONSTANT_CONVERSION = YES;
				CLANG_WARN_DIRECT_OBJC_ISA_USAGE = YES_ERROR;
				CLANG_WARN_EMPTY_BODY = YES;
				CLANG_WARN_ENUM_CONVERSION = YES;
				CLANG_WARN_INT_CONVERSION = YES;
				CLANG_WARN_OBJC_ROOT_CLASS = YES_ERROR;
				CLANG_WARN_UNREACHABLE_CODE = YES;
				CLANG_WARN__DUPLICATE_METHOD_MATCH = YES;
				"CODE_SIGN_IDENTITY[sdk=iphoneos*]" = "iPhone Developer";
				COPY_PHASE_STRIP = NO;
				ENABLE_STRICT_OBJC_MSGSEND = YES;
				GCC_C_LANGUAGE_STANDARD = gnu99;
				GCC_DYNAMIC_NO_PIC = NO;
				GCC_OPTIMIZATION_LEVEL = 0;
				GCC_PREPROCESSOR_DEFINITIONS = (
					"DEBUG=1",
					"$(inherited)",
				);
				GCC_SYMBOLS_PRIVATE_EXTERN = NO;
				GCC_WARN_64_TO_32_BIT_CONVERSION = YES;
				GCC_WARN_ABOUT_RETURN_TYPE = YES_ERROR;
				GCC_WARN_UNDECLARED_SELECTOR = YES;
				GCC_WARN_UNINITIALIZED_AUTOS = YES_AGGRESSIVE;
				GCC_WARN_UNUSED_FUNCTION = YES;
				GCC_WARN_UNUSED_VARIABLE = YES;
				IPHONEOS_DEPLOYMENT_TARGET = 8.0;
				MTL_ENABLE_DEBUG_INFO = YES;
				ONLY_ACTIVE_ARCH = YES;
				SDKROOT = iphoneos;
				TARGETED_DEVICE_FAMILY = 2;
			};
			name = Debug;
		};
		BED473BD19FAF4F1006DD472 /* Release */ = {
			isa = XCBuildConfiguration;
			buildSettings = {
				ALWAYS_SEARCH_USER_PATHS = NO;
				CLANG_CXX_LANGUAGE_STANDARD = "gnu++0x";
				CLANG_CXX_LIBRARY = "libc++";
				CLANG_ENABLE_MODULES = YES;
				CLANG_ENABLE_OBJC_ARC = YES;
				CLANG_WARN_BOOL_CONVERSION = YES;
				CLANG_WARN_CONSTANT_CONVERSION = YES;
				CLANG_WARN_DIRECT_OBJC_ISA_USAGE = YES_ERROR;
				CLANG_WARN_EMPTY_BODY = YES;
				CLANG_WARN_ENUM_CONVERSION = YES;
				CLANG_WARN_INT_CONVERSION = YES;
				CLANG_WARN_OBJC_ROOT_CLASS = YES_ERROR;
				CLANG_WARN_UNREACHABLE_CODE = YES;
				CLANG_WARN__DUPLICATE_METHOD_MATCH = YES;
				"CODE_SIGN_IDENTITY[sdk=iphoneos*]" = "iPhone Developer";
				COPY_PHASE_STRIP = YES;
				ENABLE_NS_ASSERTIONS = NO;
				ENABLE_STRICT_OBJC_MSGSEND = YES;
				GCC_C_LANGUAGE_STANDARD = gnu99;
				GCC_WARN_64_TO_32_BIT_CONVERSION = YES;
				GCC_WARN_ABOUT_RETURN_TYPE = YES_ERROR;
				GCC_WARN_UNDECLARED_SELECTOR = YES;
				GCC_WARN_UNINITIALIZED_AUTOS = YES_AGGRESSIVE;
				GCC_WARN_UNUSED_FUNCTION = YES;
				GCC_WARN_UNUSED_VARIABLE = YES;
				IPHONEOS_DEPLOYMENT_TARGET = 8.0;
				MTL_ENABLE_DEBUG_INFO = NO;
				SDKROOT = iphoneos;
				TARGETED_DEVICE_FAMILY = 2;
				VALIDATE_PRODUCT = YES;
			};
			name = Release;
		};
		BED473BF19FAF4F1006DD472 /* Debug */ = {
			isa = XCBuildConfiguration;
			baseConfigurationReference = 6D27106291E14436A730D648 /* Pods-Hackathon2014.xcconfig */;
			buildSettings = {
				ASSETCATALOG_COMPILER_APPICON_NAME = AppIcon;
				CLANG_ENABLE_MODULES = YES;
				INFOPLIST_FILE = Hackathon2014/Info.plist;
				IPHONEOS_DEPLOYMENT_TARGET = 8.0;
				LD_RUNPATH_SEARCH_PATHS = "$(inherited) @executable_path/Frameworks";
				PRODUCT_NAME = "$(TARGET_NAME)";
				SWIFT_OBJC_BRIDGING_HEADER = "Hackathon2014/Hackathon2014-Bridging-Header.h";
				SWIFT_OPTIMIZATION_LEVEL = "-Onone";
				TARGETED_DEVICE_FAMILY = 2;
			};
			name = Debug;
		};
		BED473C019FAF4F1006DD472 /* Release */ = {
			isa = XCBuildConfiguration;
			baseConfigurationReference = 6D27106291E14436A730D648 /* Pods-Hackathon2014.xcconfig */;
			buildSettings = {
				ASSETCATALOG_COMPILER_APPICON_NAME = AppIcon;
				CLANG_ENABLE_MODULES = YES;
				INFOPLIST_FILE = Hackathon2014/Info.plist;
				IPHONEOS_DEPLOYMENT_TARGET = 8.0;
				LD_RUNPATH_SEARCH_PATHS = "$(inherited) @executable_path/Frameworks";
				PRODUCT_NAME = "$(TARGET_NAME)";
				SWIFT_OBJC_BRIDGING_HEADER = "Hackathon2014/Hackathon2014-Bridging-Header.h";
				TARGETED_DEVICE_FAMILY = 2;
			};
			name = Release;
		};
		BED473C219FAF4F1006DD472 /* Debug */ = {
			isa = XCBuildConfiguration;
			buildSettings = {
				BUNDLE_LOADER = "$(TEST_HOST)";
				CODE_SIGN_IDENTITY = "iPhone Developer";
				"CODE_SIGN_IDENTITY[sdk=iphoneos*]" = "iPhone Developer";
				FRAMEWORK_SEARCH_PATHS = (
					"$(SDKROOT)/Developer/Library/Frameworks",
					"$(inherited)",
				);
				GCC_PREPROCESSOR_DEFINITIONS = (
					"DEBUG=1",
					"$(inherited)",
				);
				INFOPLIST_FILE = Hackathon2014Tests/Info.plist;
				LD_RUNPATH_SEARCH_PATHS = "$(inherited) @executable_path/Frameworks @loader_path/Frameworks";
				PRODUCT_NAME = "$(TARGET_NAME)";
				PROVISIONING_PROFILE = "";
				TEST_HOST = "$(BUILT_PRODUCTS_DIR)/Hackathon2014.app/Hackathon2014";
			};
			name = Debug;
		};
		BED473C319FAF4F1006DD472 /* Release */ = {
			isa = XCBuildConfiguration;
			buildSettings = {
				BUNDLE_LOADER = "$(TEST_HOST)";
				CODE_SIGN_IDENTITY = "iPhone Developer";
				"CODE_SIGN_IDENTITY[sdk=iphoneos*]" = "iPhone Developer";
				FRAMEWORK_SEARCH_PATHS = (
					"$(SDKROOT)/Developer/Library/Frameworks",
					"$(inherited)",
				);
				INFOPLIST_FILE = Hackathon2014Tests/Info.plist;
				LD_RUNPATH_SEARCH_PATHS = "$(inherited) @executable_path/Frameworks @loader_path/Frameworks";
				PRODUCT_NAME = "$(TARGET_NAME)";
				PROVISIONING_PROFILE = "";
				TEST_HOST = "$(BUILT_PRODUCTS_DIR)/Hackathon2014.app/Hackathon2014";
			};
			name = Release;
		};
/* End XCBuildConfiguration section */

/* Begin XCConfigurationList section */
		BED4739619FAF4F0006DD472 /* Build configuration list for PBXProject "Hackathon2014" */ = {
			isa = XCConfigurationList;
			buildConfigurations = (
				BED473BC19FAF4F1006DD472 /* Debug */,
				BED473BD19FAF4F1006DD472 /* Release */,
			);
			defaultConfigurationIsVisible = 0;
			defaultConfigurationName = Release;
		};
		BED473BE19FAF4F1006DD472 /* Build configuration list for PBXNativeTarget "Hackathon2014" */ = {
			isa = XCConfigurationList;
			buildConfigurations = (
				BED473BF19FAF4F1006DD472 /* Debug */,
				BED473C019FAF4F1006DD472 /* Release */,
			);
			defaultConfigurationIsVisible = 0;
			defaultConfigurationName = Release;
		};
		BED473C119FAF4F1006DD472 /* Build configuration list for PBXNativeTarget "Hackathon2014Tests" */ = {
			isa = XCConfigurationList;
			buildConfigurations = (
				BED473C219FAF4F1006DD472 /* Debug */,
				BED473C319FAF4F1006DD472 /* Release */,
			);
			defaultConfigurationIsVisible = 0;
			defaultConfigurationName = Release;
		};
/* End XCConfigurationList section */
	};
	rootObject = BED4739319FAF4F0006DD472 /* Project object */;
}
