// !$*UTF8*$!
{
	archiveVersion = 1;
	classes = {
	};
	objectVersion = 46;
	objects = {

/* Begin PBXBuildFile section */
		BEBACA7D1A0D7ECF00F612EB /* INTSlider.m in Sources */ = {isa = PBXBuildFile; fileRef = BEBACA7C1A0D7ECF00F612EB /* INTSlider.m */; };
		BEBACA801A0DA66100F612EB /* NoteManager.swift in Sources */ = {isa = PBXBuildFile; fileRef = BEBACA7F1A0DA66100F612EB /* NoteManager.swift */; };
		BED473A119FAF4F0006DD472 /* main.m in Sources */ = {isa = PBXBuildFile; fileRef = BED473A019FAF4F0006DD472 /* main.m */; };
		BED473A419FAF4F0006DD472 /* AppDelegate.m in Sources */ = {isa = PBXBuildFile; fileRef = BED473A319FAF4F0006DD472 /* AppDelegate.m */; };
		BED473AA19FAF4F0006DD472 /* Main.storyboard in Resources */ = {isa = PBXBuildFile; fileRef = BED473A819FAF4F0006DD472 /* Main.storyboard */; };
		BED473AC19FAF4F0006DD472 /* Images.xcassets in Resources */ = {isa = PBXBuildFile; fileRef = BED473AB19FAF4F0006DD472 /* Images.xcassets */; };
		BED473AF19FAF4F0006DD472 /* LaunchScreen.xib in Resources */ = {isa = PBXBuildFile; fileRef = BED473AD19FAF4F0006DD472 /* LaunchScreen.xib */; };
		BED473BB19FAF4F1006DD472 /* Hackathon2014Tests.m in Sources */ = {isa = PBXBuildFile; fileRef = BED473BA19FAF4F1006DD472 /* Hackathon2014Tests.m */; };
		BED473C919FAFBE8006DD472 /* INTInstrumentNote.m in Sources */ = {isa = PBXBuildFile; fileRef = BED473C819FAFBE8006DD472 /* INTInstrumentNote.m */; };
		BED473CF19FAFD40006DD472 /* INTInstrumentViewController.m in Sources */ = {isa = PBXBuildFile; fileRef = BED473CE19FAFD40006DD472 /* INTInstrumentViewController.m */; };
		BED4740E19FB704F006DD472 /* INTRootViewController.m in Sources */ = {isa = PBXBuildFile; fileRef = BED4740D19FB704F006DD472 /* INTRootViewController.m */; };
		BED4741419FC743A006DD472 /* INTEffectsViewController.m in Sources */ = {isa = PBXBuildFile; fileRef = BED4741319FC743A006DD472 /* INTEffectsViewController.m */; };
		BED4741A19FD6A5D006DD472 /* INTSettingsViewController.m in Sources */ = {isa = PBXBuildFile; fileRef = BED4741919FD6A5D006DD472 /* INTSettingsViewController.m */; };
		E3BC1ACB1A88471588F2A91B /* libPods-Hackathon2014.a in Frameworks */ = {isa = PBXBuildFile; fileRef = BD0C5724B16348D3987FB49D /* libPods-Hackathon2014.a */; };
		FA6462EC1A0EABA90062A213 /* _PD_Interface.txt in Resources */ = {isa = PBXBuildFile; fileRef = FA6462BB1A0EABA90062A213 /* _PD_Interface.txt */; };
		FA6462ED1A0EABA90062A213 /* _Wave_Types.png in Resources */ = {isa = PBXBuildFile; fileRef = FA6462BC1A0EABA90062A213 /* _Wave_Types.png */; };
		FA6462EE1A0EABA90062A213 /* adsr~.pd in Resources */ = {isa = PBXBuildFile; fileRef = FA6462BD1A0EABA90062A213 /* adsr~.pd */; };
		FA6462EF1A0EABA90062A213 /* ak47.pd in Resources */ = {isa = PBXBuildFile; fileRef = FA6462BE1A0EABA90062A213 /* ak47.pd */; };
		FA6462F01A0EABA90062A213 /* backup.pd in Resources */ = {isa = PBXBuildFile; fileRef = FA6462BF1A0EABA90062A213 /* backup.pd */; };
		FA6462F11A0EABA90062A213 /* blank~.pd in Resources */ = {isa = PBXBuildFile; fileRef = FA6462C01A0EABA90062A213 /* blank~.pd */; };
		FA6462F21A0EABA90062A213 /* channel.txt in Resources */ = {isa = PBXBuildFile; fileRef = FA6462C11A0EABA90062A213 /* channel.txt */; };
		FA6462F31A0EABA90062A213 /* chorus~.pd in Resources */ = {isa = PBXBuildFile; fileRef = FA6462C21A0EABA90062A213 /* chorus~.pd */; };
		FA6462F41A0EABA90062A213 /* dynamo~.pd in Resources */ = {isa = PBXBuildFile; fileRef = FA6462C31A0EABA90062A213 /* dynamo~.pd */; };
		FA6462F51A0EABA90062A213 /* eq~.pd in Resources */ = {isa = PBXBuildFile; fileRef = FA6462C41A0EABA90062A213 /* eq~.pd */; };
		FA6462F61A0EABA90062A213 /* gain~.pd in Resources */ = {isa = PBXBuildFile; fileRef = FA6462C51A0EABA90062A213 /* gain~.pd */; };
		FA6462F71A0EABA90062A213 /* gate2.pd in Resources */ = {isa = PBXBuildFile; fileRef = FA6462C61A0EABA90062A213 /* gate2.pd */; };
		FA6462F81A0EABA90062A213 /* ggate.pd in Resources */ = {isa = PBXBuildFile; fileRef = FA6462C71A0EABA90062A213 /* ggate.pd */; };
		FA6462F91A0EABA90062A213 /* ggate~.pd in Resources */ = {isa = PBXBuildFile; fileRef = FA6462C81A0EABA90062A213 /* ggate~.pd */; };
		FA6462FA1A0EABA90062A213 /* gswitch.pd in Resources */ = {isa = PBXBuildFile; fileRef = FA6462C91A0EABA90062A213 /* gswitch.pd */; };
		FA6462FB1A0EABA90062A213 /* gswitch~.pd in Resources */ = {isa = PBXBuildFile; fileRef = FA6462CA1A0EABA90062A213 /* gswitch~.pd */; };
		FA6462FC1A0EABA90062A213 /* iterator.pd in Resources */ = {isa = PBXBuildFile; fileRef = FA6462CB1A0EABA90062A213 /* iterator.pd */; };
		FA6462FD1A0EABA90062A213 /* loadfloat.pd in Resources */ = {isa = PBXBuildFile; fileRef = FA6462CC1A0EABA90062A213 /* loadfloat.pd */; };
		FA6462FE1A0EABA90062A213 /* Main.pd in Resources */ = {isa = PBXBuildFile; fileRef = FA6462CD1A0EABA90062A213 /* Main.pd */; };
		FA6462FF1A0EABA90062A213 /* Master.pd in Resources */ = {isa = PBXBuildFile; fileRef = FA6462CE1A0EABA90062A213 /* Master.pd */; };
		FA6463001A0EABA90062A213 /* minigun-help.pd in Resources */ = {isa = PBXBuildFile; fileRef = FA6462CF1A0EABA90062A213 /* minigun-help.pd */; };
		FA6463011A0EABA90062A213 /* minigun.pd in Resources */ = {isa = PBXBuildFile; fileRef = FA6462D01A0EABA90062A213 /* minigun.pd */; };
		FA6463021A0EABA90062A213 /* multidelay~.pd in Resources */ = {isa = PBXBuildFile; fileRef = FA6462D11A0EABA90062A213 /* multidelay~.pd */; };
		FA6463031A0EABA90062A213 /* multifilter~.pd in Resources */ = {isa = PBXBuildFile; fileRef = FA6462D21A0EABA90062A213 /* multifilter~.pd */; };
		FA6463041A0EABA90062A213 /* multitremolo~.pd in Resources */ = {isa = PBXBuildFile; fileRef = FA6462D31A0EABA90062A213 /* multitremolo~.pd */; };
		FA6463051A0EABA90062A213 /* normalize~-help.pd in Resources */ = {isa = PBXBuildFile; fileRef = FA6462D41A0EABA90062A213 /* normalize~-help.pd */; };
		FA6463061A0EABA90062A213 /* normalize~.pd in Resources */ = {isa = PBXBuildFile; fileRef = FA6462D51A0EABA90062A213 /* normalize~.pd */; };
		FA6463071A0EABA90062A213 /* Note.pd in Resources */ = {isa = PBXBuildFile; fileRef = FA6462D61A0EABA90062A213 /* Note.pd */; };
		FA6463081A0EABA90062A213 /* noteflush.pd in Resources */ = {isa = PBXBuildFile; fileRef = FA6462D71A0EABA90062A213 /* noteflush.pd */; };
		FA6463091A0EABA90062A213 /* number.pd in Resources */ = {isa = PBXBuildFile; fileRef = FA6462D81A0EABA90062A213 /* number.pd */; };
		FA64630A1A0EABA90062A213 /* OLD_PD_Interface.txt in Resources */ = {isa = PBXBuildFile; fileRef = FA6462D91A0EABA90062A213 /* OLD_PD_Interface.txt */; };
		FA64630B1A0EABA90062A213 /* once.pd in Resources */ = {isa = PBXBuildFile; fileRef = FA6462DA1A0EABA90062A213 /* once.pd */; };
		FA64630C1A0EABA90062A213 /* panner~.pd in Resources */ = {isa = PBXBuildFile; fileRef = FA6462DB1A0EABA90062A213 /* panner~.pd */; };
		FA64630D1A0EABA90062A213 /* pencileq~.pd in Resources */ = {isa = PBXBuildFile; fileRef = FA6462DC1A0EABA90062A213 /* pencileq~.pd */; };
		FA64630E1A0EABA90062A213 /* piano.pd in Resources */ = {isa = PBXBuildFile; fileRef = FA6462DD1A0EABA90062A213 /* piano.pd */; };
		FA64630F1A0EABA90062A213 /* remove_dc_offset~-help.pd in Resources */ = {isa = PBXBuildFile; fileRef = FA6462DE1A0EABA90062A213 /* remove_dc_offset~-help.pd */; };
		FA6463101A0EABA90062A213 /* remove_dc_offset~.pd in Resources */ = {isa = PBXBuildFile; fileRef = FA6462DF1A0EABA90062A213 /* remove_dc_offset~.pd */; };
		FA6463111A0EABA90062A213 /* ringmod~.pd in Resources */ = {isa = PBXBuildFile; fileRef = FA6462E01A0EABA90062A213 /* ringmod~.pd */; };
		FA6463121A0EABA90062A213 /* synth^~.pd in Resources */ = {isa = PBXBuildFile; fileRef = FA6462E11A0EABA90062A213 /* synth^~.pd */; };
		FA6463131A0EABA90062A213 /* synth~.pd in Resources */ = {isa = PBXBuildFile; fileRef = FA6462E21A0EABA90062A213 /* synth~.pd */; };
		FA6463141A0EABA90062A213 /* test.pd in Resources */ = {isa = PBXBuildFile; fileRef = FA6462E31A0EABA90062A213 /* test.pd */; };
		FA6463151A0EABA90062A213 /* testdp~.pd in Resources */ = {isa = PBXBuildFile; fileRef = FA6462E41A0EABA90062A213 /* testdp~.pd */; };
		FA6463161A0EABA90062A213 /* toint.pd in Resources */ = {isa = PBXBuildFile; fileRef = FA6462E51A0EABA90062A213 /* toint.pd */; };
		FA6463171A0EABA90062A213 /* transistor~.pd in Resources */ = {isa = PBXBuildFile; fileRef = FA6462E61A0EABA90062A213 /* transistor~.pd */; };
		FA6463181A0EABA90062A213 /* vibrato~.pd in Resources */ = {isa = PBXBuildFile; fileRef = FA6462E71A0EABA90062A213 /* vibrato~.pd */; };
		FA6463191A0EABA90062A213 /* view~.pd in Resources */ = {isa = PBXBuildFile; fileRef = FA6462E81A0EABA90062A213 /* view~.pd */; };
		FA64631A1A0EABA90062A213 /* voice~.pd in Resources */ = {isa = PBXBuildFile; fileRef = FA6462E91A0EABA90062A213 /* voice~.pd */; };
		FA64631B1A0EABA90062A213 /* volume~-help.pd in Resources */ = {isa = PBXBuildFile; fileRef = FA6462EA1A0EABA90062A213 /* volume~-help.pd */; };
		FA64631C1A0EABA90062A213 /* volume~.pd in Resources */ = {isa = PBXBuildFile; fileRef = FA6462EB1A0EABA90062A213 /* volume~.pd */; };
		FAC3908119FB28AA00B589C4 /* septagon_coordinates.c in Sources */ = {isa = PBXBuildFile; fileRef = FAC3908019FB28AA00B589C4 /* septagon_coordinates.c */; };
/* End PBXBuildFile section */

/* Begin PBXContainerItemProxy section */
		BED473B519FAF4F1006DD472 /* PBXContainerItemProxy */ = {
			isa = PBXContainerItemProxy;
			containerPortal = BED4739319FAF4F0006DD472 /* Project object */;
			proxyType = 1;
			remoteGlobalIDString = BED4739A19FAF4F0006DD472;
			remoteInfo = Hackathon2014;
		};
/* End PBXContainerItemProxy section */

/* Begin PBXFileReference section */
		6D27106291E14436A730D648 /* Pods-Hackathon2014.xcconfig */ = {isa = PBXFileReference; includeInIndex = 1; lastKnownFileType = text.xcconfig; name = "Pods-Hackathon2014.xcconfig"; path = "Pods/Pods-Hackathon2014.xcconfig"; sourceTree = "<group>"; };
		BD0C5724B16348D3987FB49D /* libPods-Hackathon2014.a */ = {isa = PBXFileReference; explicitFileType = archive.ar; includeInIndex = 0; path = "libPods-Hackathon2014.a"; sourceTree = BUILT_PRODUCTS_DIR; };
		BEBACA7B1A0D7ECF00F612EB /* INTSlider.h */ = {isa = PBXFileReference; fileEncoding = 4; lastKnownFileType = sourcecode.c.h; path = INTSlider.h; sourceTree = "<group>"; };
		BEBACA7C1A0D7ECF00F612EB /* INTSlider.m */ = {isa = PBXFileReference; fileEncoding = 4; lastKnownFileType = sourcecode.c.objc; path = INTSlider.m; sourceTree = "<group>"; };
		BEBACA7E1A0DA66000F612EB /* Hackathon2014-Bridging-Header.h */ = {isa = PBXFileReference; lastKnownFileType = sourcecode.c.h; path = "Hackathon2014-Bridging-Header.h"; sourceTree = "<group>"; };
		BEBACA7F1A0DA66100F612EB /* NoteManager.swift */ = {isa = PBXFileReference; fileEncoding = 4; lastKnownFileType = sourcecode.swift; path = NoteManager.swift; sourceTree = "<group>"; };
		BED4739B19FAF4F0006DD472 /* Hackathon2014.app */ = {isa = PBXFileReference; explicitFileType = wrapper.application; includeInIndex = 0; path = Hackathon2014.app; sourceTree = BUILT_PRODUCTS_DIR; };
		BED4739F19FAF4F0006DD472 /* Info.plist */ = {isa = PBXFileReference; lastKnownFileType = text.plist.xml; path = Info.plist; sourceTree = "<group>"; };
		BED473A019FAF4F0006DD472 /* main.m */ = {isa = PBXFileReference; lastKnownFileType = sourcecode.c.objc; path = main.m; sourceTree = "<group>"; };
		BED473A219FAF4F0006DD472 /* AppDelegate.h */ = {isa = PBXFileReference; lastKnownFileType = sourcecode.c.h; path = AppDelegate.h; sourceTree = "<group>"; };
		BED473A319FAF4F0006DD472 /* AppDelegate.m */ = {isa = PBXFileReference; lastKnownFileType = sourcecode.c.objc; path = AppDelegate.m; sourceTree = "<group>"; };
		BED473A919FAF4F0006DD472 /* Base */ = {isa = PBXFileReference; lastKnownFileType = file.storyboard; name = Base; path = Base.lproj/Main.storyboard; sourceTree = "<group>"; };
		BED473AB19FAF4F0006DD472 /* Images.xcassets */ = {isa = PBXFileReference; lastKnownFileType = folder.assetcatalog; path = Images.xcassets; sourceTree = "<group>"; };
		BED473AE19FAF4F0006DD472 /* Base */ = {isa = PBXFileReference; lastKnownFileType = file.xib; name = Base; path = Base.lproj/LaunchScreen.xib; sourceTree = "<group>"; };
		BED473B419FAF4F1006DD472 /* Hackathon2014Tests.xctest */ = {isa = PBXFileReference; explicitFileType = wrapper.cfbundle; includeInIndex = 0; path = Hackathon2014Tests.xctest; sourceTree = BUILT_PRODUCTS_DIR; };
		BED473B919FAF4F1006DD472 /* Info.plist */ = {isa = PBXFileReference; lastKnownFileType = text.plist.xml; path = Info.plist; sourceTree = "<group>"; };
		BED473BA19FAF4F1006DD472 /* Hackathon2014Tests.m */ = {isa = PBXFileReference; lastKnownFileType = sourcecode.c.objc; path = Hackathon2014Tests.m; sourceTree = "<group>"; };
		BED473C719FAFBE8006DD472 /* INTInstrumentNote.h */ = {isa = PBXFileReference; fileEncoding = 4; lastKnownFileType = sourcecode.c.h; path = INTInstrumentNote.h; sourceTree = "<group>"; };
		BED473C819FAFBE8006DD472 /* INTInstrumentNote.m */ = {isa = PBXFileReference; fileEncoding = 4; lastKnownFileType = sourcecode.c.objc; path = INTInstrumentNote.m; sourceTree = "<group>"; };
		BED473CD19FAFD40006DD472 /* INTInstrumentViewController.h */ = {isa = PBXFileReference; fileEncoding = 4; lastKnownFileType = sourcecode.c.h; path = INTInstrumentViewController.h; sourceTree = "<group>"; };
		BED473CE19FAFD40006DD472 /* INTInstrumentViewController.m */ = {isa = PBXFileReference; fileEncoding = 4; lastKnownFileType = sourcecode.c.objc; path = INTInstrumentViewController.m; sourceTree = "<group>"; };
		BED473D019FB3968006DD472 /* septagon_coordinates.h */ = {isa = PBXFileReference; lastKnownFileType = sourcecode.c.h; path = septagon_coordinates.h; sourceTree = "<group>"; };
		BED4740C19FB704F006DD472 /* INTRootViewController.h */ = {isa = PBXFileReference; fileEncoding = 4; lastKnownFileType = sourcecode.c.h; path = INTRootViewController.h; sourceTree = "<group>"; };
		BED4740D19FB704F006DD472 /* INTRootViewController.m */ = {isa = PBXFileReference; fileEncoding = 4; lastKnownFileType = sourcecode.c.objc; path = INTRootViewController.m; sourceTree = "<group>"; };
		BED4741219FC743A006DD472 /* INTEffectsViewController.h */ = {isa = PBXFileReference; fileEncoding = 4; lastKnownFileType = sourcecode.c.h; path = INTEffectsViewController.h; sourceTree = "<group>"; };
		BED4741319FC743A006DD472 /* INTEffectsViewController.m */ = {isa = PBXFileReference; fileEncoding = 4; lastKnownFileType = sourcecode.c.objc; path = INTEffectsViewController.m; sourceTree = "<group>"; };
		BED4741819FD6A5D006DD472 /* INTSettingsViewController.h */ = {isa = PBXFileReference; fileEncoding = 4; lastKnownFileType = sourcecode.c.h; path = INTSettingsViewController.h; sourceTree = "<group>"; };
		BED4741919FD6A5D006DD472 /* INTSettingsViewController.m */ = {isa = PBXFileReference; fileEncoding = 4; lastKnownFileType = sourcecode.c.objc; path = INTSettingsViewController.m; sourceTree = "<group>"; };
		FA6462BB1A0EABA90062A213 /* _PD_Interface.txt */ = {isa = PBXFileReference; fileEncoding = 4; lastKnownFileType = text; path = _PD_Interface.txt; sourceTree = "<group>"; };
		FA6462BC1A0EABA90062A213 /* _Wave_Types.png */ = {isa = PBXFileReference; lastKnownFileType = image.png; path = _Wave_Types.png; sourceTree = "<group>"; };
		FA6462BD1A0EABA90062A213 /* adsr~.pd */ = {isa = PBXFileReference; fileEncoding = 4; lastKnownFileType = text; path = "adsr~.pd"; sourceTree = "<group>"; };
		FA6462BE1A0EABA90062A213 /* ak47.pd */ = {isa = PBXFileReference; fileEncoding = 4; lastKnownFileType = text; path = ak47.pd; sourceTree = "<group>"; };
		FA6462BF1A0EABA90062A213 /* backup.pd */ = {isa = PBXFileReference; fileEncoding = 4; lastKnownFileType = text; path = backup.pd; sourceTree = "<group>"; };
		FA6462C01A0EABA90062A213 /* blank~.pd */ = {isa = PBXFileReference; fileEncoding = 4; lastKnownFileType = text; path = "blank~.pd"; sourceTree = "<group>"; };
		FA6462C11A0EABA90062A213 /* channel.txt */ = {isa = PBXFileReference; fileEncoding = 4; lastKnownFileType = text; path = channel.txt; sourceTree = "<group>"; };
		FA6462C21A0EABA90062A213 /* chorus~.pd */ = {isa = PBXFileReference; fileEncoding = 4; lastKnownFileType = text; path = "chorus~.pd"; sourceTree = "<group>"; };
		FA6462C31A0EABA90062A213 /* dynamo~.pd */ = {isa = PBXFileReference; fileEncoding = 4; lastKnownFileType = text; path = "dynamo~.pd"; sourceTree = "<group>"; };
		FA6462C41A0EABA90062A213 /* eq~.pd */ = {isa = PBXFileReference; fileEncoding = 4; lastKnownFileType = text; path = "eq~.pd"; sourceTree = "<group>"; };
		FA6462C51A0EABA90062A213 /* gain~.pd */ = {isa = PBXFileReference; fileEncoding = 4; lastKnownFileType = text; path = "gain~.pd"; sourceTree = "<group>"; };
		FA6462C61A0EABA90062A213 /* gate2.pd */ = {isa = PBXFileReference; fileEncoding = 4; lastKnownFileType = text; path = gate2.pd; sourceTree = "<group>"; };
		FA6462C71A0EABA90062A213 /* ggate.pd */ = {isa = PBXFileReference; fileEncoding = 4; lastKnownFileType = text; path = ggate.pd; sourceTree = "<group>"; };
		FA6462C81A0EABA90062A213 /* ggate~.pd */ = {isa = PBXFileReference; fileEncoding = 4; lastKnownFileType = text; path = "ggate~.pd"; sourceTree = "<group>"; };
		FA6462C91A0EABA90062A213 /* gswitch.pd */ = {isa = PBXFileReference; fileEncoding = 4; lastKnownFileType = text; path = gswitch.pd; sourceTree = "<group>"; };
		FA6462CA1A0EABA90062A213 /* gswitch~.pd */ = {isa = PBXFileReference; fileEncoding = 4; lastKnownFileType = text; path = "gswitch~.pd"; sourceTree = "<group>"; };
		FA6462CB1A0EABA90062A213 /* iterator.pd */ = {isa = PBXFileReference; fileEncoding = 4; lastKnownFileType = text; path = iterator.pd; sourceTree = "<group>"; };
		FA6462CC1A0EABA90062A213 /* loadfloat.pd */ = {isa = PBXFileReference; fileEncoding = 4; lastKnownFileType = text; path = loadfloat.pd; sourceTree = "<group>"; };
		FA6462CD1A0EABA90062A213 /* Main.pd */ = {isa = PBXFileReference; fileEncoding = 4; lastKnownFileType = text; path = Main.pd; sourceTree = "<group>"; };
		FA6462CE1A0EABA90062A213 /* Master.pd */ = {isa = PBXFileReference; fileEncoding = 4; lastKnownFileType = text; path = Master.pd; sourceTree = "<group>"; };
		FA6462CF1A0EABA90062A213 /* minigun-help.pd */ = {isa = PBXFileReference; fileEncoding = 4; lastKnownFileType = text; path = "minigun-help.pd"; sourceTree = "<group>"; };
		FA6462D01A0EABA90062A213 /* minigun.pd */ = {isa = PBXFileReference; fileEncoding = 4; lastKnownFileType = text; path = minigun.pd; sourceTree = "<group>"; };
		FA6462D11A0EABA90062A213 /* multidelay~.pd */ = {isa = PBXFileReference; fileEncoding = 4; lastKnownFileType = text; path = "multidelay~.pd"; sourceTree = "<group>"; };
		FA6462D21A0EABA90062A213 /* multifilter~.pd */ = {isa = PBXFileReference; fileEncoding = 4; lastKnownFileType = text; path = "multifilter~.pd"; sourceTree = "<group>"; };
		FA6462D31A0EABA90062A213 /* multitremolo~.pd */ = {isa = PBXFileReference; fileEncoding = 4; lastKnownFileType = text; path = "multitremolo~.pd"; sourceTree = "<group>"; };
		FA6462D41A0EABA90062A213 /* normalize~-help.pd */ = {isa = PBXFileReference; fileEncoding = 4; lastKnownFileType = text; path = "normalize~-help.pd"; sourceTree = "<group>"; };
		FA6462D51A0EABA90062A213 /* normalize~.pd */ = {isa = PBXFileReference; fileEncoding = 4; lastKnownFileType = text; path = "normalize~.pd"; sourceTree = "<group>"; };
		FA6462D61A0EABA90062A213 /* Note.pd */ = {isa = PBXFileReference; fileEncoding = 4; lastKnownFileType = text; path = Note.pd; sourceTree = "<group>"; };
		FA6462D71A0EABA90062A213 /* noteflush.pd */ = {isa = PBXFileReference; fileEncoding = 4; lastKnownFileType = text; path = noteflush.pd; sourceTree = "<group>"; };
		FA6462D81A0EABA90062A213 /* number.pd */ = {isa = PBXFileReference; fileEncoding = 4; lastKnownFileType = text; path = number.pd; sourceTree = "<group>"; };
		FA6462D91A0EABA90062A213 /* OLD_PD_Interface.txt */ = {isa = PBXFileReference; fileEncoding = 4; lastKnownFileType = text; path = OLD_PD_Interface.txt; sourceTree = "<group>"; };
		FA6462DA1A0EABA90062A213 /* once.pd */ = {isa = PBXFileReference; fileEncoding = 4; lastKnownFileType = text; path = once.pd; sourceTree = "<group>"; };
		FA6462DB1A0EABA90062A213 /* panner~.pd */ = {isa = PBXFileReference; fileEncoding = 4; lastKnownFileType = text; path = "panner~.pd"; sourceTree = "<group>"; };
		FA6462DC1A0EABA90062A213 /* pencileq~.pd */ = {isa = PBXFileReference; fileEncoding = 4; lastKnownFileType = text; path = "pencileq~.pd"; sourceTree = "<group>"; };
		FA6462DD1A0EABA90062A213 /* piano.pd */ = {isa = PBXFileReference; fileEncoding = 4; lastKnownFileType = text; path = piano.pd; sourceTree = "<group>"; };
		FA6462DE1A0EABA90062A213 /* remove_dc_offset~-help.pd */ = {isa = PBXFileReference; fileEncoding = 4; lastKnownFileType = text; path = "remove_dc_offset~-help.pd"; sourceTree = "<group>"; };
		FA6462DF1A0EABA90062A213 /* remove_dc_offset~.pd */ = {isa = PBXFileReference; fileEncoding = 4; lastKnownFileType = text; path = "remove_dc_offset~.pd"; sourceTree = "<group>"; };
		FA6462E01A0EABA90062A213 /* ringmod~.pd */ = {isa = PBXFileReference; fileEncoding = 4; lastKnownFileType = text; path = "ringmod~.pd"; sourceTree = "<group>"; };
		FA6462E11A0EABA90062A213 /* synth^~.pd */ = {isa = PBXFileReference; fileEncoding = 4; lastKnownFileType = text; path = "synth^~.pd"; sourceTree = "<group>"; };
		FA6462E21A0EABA90062A213 /* synth~.pd */ = {isa = PBXFileReference; fileEncoding = 4; lastKnownFileType = text; path = "synth~.pd"; sourceTree = "<group>"; };
		FA6462E31A0EABA90062A213 /* test.pd */ = {isa = PBXFileReference; fileEncoding = 4; lastKnownFileType = text; path = test.pd; sourceTree = "<group>"; };
		FA6462E41A0EABA90062A213 /* testdp~.pd */ = {isa = PBXFileReference; fileEncoding = 4; lastKnownFileType = text; path = "testdp~.pd"; sourceTree = "<group>"; };
		FA6462E51A0EABA90062A213 /* toint.pd */ = {isa = PBXFileReference; fileEncoding = 4; lastKnownFileType = text; path = toint.pd; sourceTree = "<group>"; };
		FA6462E61A0EABA90062A213 /* transistor~.pd */ = {isa = PBXFileReference; fileEncoding = 4; lastKnownFileType = text; path = "transistor~.pd"; sourceTree = "<group>"; };
		FA6462E71A0EABA90062A213 /* vibrato~.pd */ = {isa = PBXFileReference; fileEncoding = 4; lastKnownFileType = text; path = "vibrato~.pd"; sourceTree = "<group>"; };
		FA6462E81A0EABA90062A213 /* view~.pd */ = {isa = PBXFileReference; fileEncoding = 4; lastKnownFileType = text; path = "view~.pd"; sourceTree = "<group>"; };
		FA6462E91A0EABA90062A213 /* voice~.pd */ = {isa = PBXFileReference; fileEncoding = 4; lastKnownFileType = text; path = "voice~.pd"; sourceTree = "<group>"; };
		FA6462EA1A0EABA90062A213 /* volume~-help.pd */ = {isa = PBXFileReference; fileEncoding = 4; lastKnownFileType = text; path = "volume~-help.pd"; sourceTree = "<group>"; };
		FA6462EB1A0EABA90062A213 /* volume~.pd */ = {isa = PBXFileReference; fileEncoding = 4; lastKnownFileType = text; path = "volume~.pd"; sourceTree = "<group>"; };
		FAC3908019FB28AA00B589C4 /* septagon_coordinates.c */ = {isa = PBXFileReference; fileEncoding = 4; lastKnownFileType = sourcecode.c.c; path = septagon_coordinates.c; sourceTree = "<group>"; };
/* End PBXFileReference section */

/* Begin PBXFrameworksBuildPhase section */
		BED4739819FAF4F0006DD472 /* Frameworks */ = {
			isa = PBXFrameworksBuildPhase;
			buildActionMask = 2147483647;
			files = (
				E3BC1ACB1A88471588F2A91B /* libPods-Hackathon2014.a in Frameworks */,
			);
			runOnlyForDeploymentPostprocessing = 0;
		};
		BED473B119FAF4F1006DD472 /* Frameworks */ = {
			isa = PBXFrameworksBuildPhase;
			buildActionMask = 2147483647;
			files = (
			);
			runOnlyForDeploymentPostprocessing = 0;
		};
/* End PBXFrameworksBuildPhase section */

/* Begin PBXGroup section */
		2A20475FED1749C2BB2EFE4A /* Frameworks */ = {
			isa = PBXGroup;
			children = (
				BD0C5724B16348D3987FB49D /* libPods-Hackathon2014.a */,
			);
			name = Frameworks;
			sourceTree = "<group>";
		};
		BED4739219FAF4F0006DD472 = {
			isa = PBXGroup;
			children = (
				FA6462BA1A0EABA90062A213 /* Pure-Data */,
				BED4739D19FAF4F0006DD472 /* Hackathon2014 */,
				BED473B719FAF4F1006DD472 /* Hackathon2014Tests */,
				BED4739C19FAF4F0006DD472 /* Products */,
				6D27106291E14436A730D648 /* Pods-Hackathon2014.xcconfig */,
				2A20475FED1749C2BB2EFE4A /* Frameworks */,
			);
			sourceTree = "<group>";
		};
		BED4739C19FAF4F0006DD472 /* Products */ = {
			isa = PBXGroup;
			children = (
				BED4739B19FAF4F0006DD472 /* Hackathon2014.app */,
				BED473B419FAF4F1006DD472 /* Hackathon2014Tests.xctest */,
			);
			name = Products;
			sourceTree = "<group>";
		};
		BED4739D19FAF4F0006DD472 /* Hackathon2014 */ = {
			isa = PBXGroup;
			children = (
				BED473C419FAFBBA006DD472 /* Controllers */,
				BED473C619FAFBCD006DD472 /* Views */,
				BED473A219FAF4F0006DD472 /* AppDelegate.h */,
				BED473A319FAF4F0006DD472 /* AppDelegate.m */,
				BEBACA7F1A0DA66100F612EB /* NoteManager.swift */,
				BED473A819FAF4F0006DD472 /* Main.storyboard */,
				BED473AB19FAF4F0006DD472 /* Images.xcassets */,
				BED473AD19FAF4F0006DD472 /* LaunchScreen.xib */,
				BED4739E19FAF4F0006DD472 /* Supporting Files */,
				FAC3908019FB28AA00B589C4 /* septagon_coordinates.c */,
				BED473D019FB3968006DD472 /* septagon_coordinates.h */,
				BEBACA7E1A0DA66000F612EB /* Hackathon2014-Bridging-Header.h */,
			);
			path = Hackathon2014;
			sourceTree = "<group>";
		};
		BED4739E19FAF4F0006DD472 /* Supporting Files */ = {
			isa = PBXGroup;
			children = (
				BED4739F19FAF4F0006DD472 /* Info.plist */,
				BED473A019FAF4F0006DD472 /* main.m */,
			);
			name = "Supporting Files";
			sourceTree = "<group>";
		};
		BED473B719FAF4F1006DD472 /* Hackathon2014Tests */ = {
			isa = PBXGroup;
			children = (
				BED473BA19FAF4F1006DD472 /* Hackathon2014Tests.m */,
				BED473B819FAF4F1006DD472 /* Supporting Files */,
			);
			path = Hackathon2014Tests;
			sourceTree = "<group>";
		};
		BED473B819FAF4F1006DD472 /* Supporting Files */ = {
			isa = PBXGroup;
			children = (
				BED473B919FAF4F1006DD472 /* Info.plist */,
			);
			name = "Supporting Files";
			sourceTree = "<group>";
		};
		BED473C419FAFBBA006DD472 /* Controllers */ = {
			isa = PBXGroup;
			children = (
				BED473CD19FAFD40006DD472 /* INTInstrumentViewController.h */,
				BED473CE19FAFD40006DD472 /* INTInstrumentViewController.m */,
				BED4741219FC743A006DD472 /* INTEffectsViewController.h */,
				BED4741319FC743A006DD472 /* INTEffectsViewController.m */,
				BED4740C19FB704F006DD472 /* INTRootViewController.h */,
				BED4740D19FB704F006DD472 /* INTRootViewController.m */,
				BED4741819FD6A5D006DD472 /* INTSettingsViewController.h */,
				BED4741919FD6A5D006DD472 /* INTSettingsViewController.m */,
			);
			name = Controllers;
			sourceTree = "<group>";
		};
		BED473C619FAFBCD006DD472 /* Views */ = {
			isa = PBXGroup;
			children = (
				BED473C719FAFBE8006DD472 /* INTInstrumentNote.h */,
				BED473C819FAFBE8006DD472 /* INTInstrumentNote.m */,
				BEBACA7B1A0D7ECF00F612EB /* INTSlider.h */,
				BEBACA7C1A0D7ECF00F612EB /* INTSlider.m */,
			);
			name = Views;
			sourceTree = "<group>";
		};
		FA6462BA1A0EABA90062A213 /* Pure-Data */ = {
			isa = PBXGroup;
			children = (
				FA6462BB1A0EABA90062A213 /* _PD_Interface.txt */,
				FA6462BC1A0EABA90062A213 /* _Wave_Types.png */,
				FA6462BD1A0EABA90062A213 /* adsr~.pd */,
				FA6462BE1A0EABA90062A213 /* ak47.pd */,
				FA6462BF1A0EABA90062A213 /* backup.pd */,
				FA6462C01A0EABA90062A213 /* blank~.pd */,
				FA6462C11A0EABA90062A213 /* channel.txt */,
				FA6462C21A0EABA90062A213 /* chorus~.pd */,
				FA6462C31A0EABA90062A213 /* dynamo~.pd */,
				FA6462C41A0EABA90062A213 /* eq~.pd */,
				FA6462C51A0EABA90062A213 /* gain~.pd */,
				FA6462C61A0EABA90062A213 /* gate2.pd */,
				FA6462C71A0EABA90062A213 /* ggate.pd */,
				FA6462C81A0EABA90062A213 /* ggate~.pd */,
				FA6462C91A0EABA90062A213 /* gswitch.pd */,
				FA6462CA1A0EABA90062A213 /* gswitch~.pd */,
				FA6462CB1A0EABA90062A213 /* iterator.pd */,
				FA6462CC1A0EABA90062A213 /* loadfloat.pd */,
				FA6462CD1A0EABA90062A213 /* Main.pd */,
				FA6462CE1A0EABA90062A213 /* Master.pd */,
				FA6462CF1A0EABA90062A213 /* minigun-help.pd */,
				FA6462D01A0EABA90062A213 /* minigun.pd */,
				FA6462D11A0EABA90062A213 /* multidelay~.pd */,
				FA6462D21A0EABA90062A213 /* multifilter~.pd */,
				FA6462D31A0EABA90062A213 /* multitremolo~.pd */,
				FA6462D41A0EABA90062A213 /* normalize~-help.pd */,
				FA6462D51A0EABA90062A213 /* normalize~.pd */,
				FA6462D61A0EABA90062A213 /* Note.pd */,
				FA6462D71A0EABA90062A213 /* noteflush.pd */,
				FA6462D81A0EABA90062A213 /* number.pd */,
				FA6462D91A0EABA90062A213 /* OLD_PD_Interface.txt */,
				FA6462DA1A0EABA90062A213 /* once.pd */,
				FA6462DB1A0EABA90062A213 /* panner~.pd */,
				FA6462DC1A0EABA90062A213 /* pencileq~.pd */,
				FA6462DD1A0EABA90062A213 /* piano.pd */,
				FA6462DE1A0EABA90062A213 /* remove_dc_offset~-help.pd */,
				FA6462DF1A0EABA90062A213 /* remove_dc_offset~.pd */,
				FA6462E01A0EABA90062A213 /* ringmod~.pd */,
				FA6462E11A0EABA90062A213 /* synth^~.pd */,
				FA6462E21A0EABA90062A213 /* synth~.pd */,
				FA6462E31A0EABA90062A213 /* test.pd */,
				FA6462E41A0EABA90062A213 /* testdp~.pd */,
				FA6462E51A0EABA90062A213 /* toint.pd */,
				FA6462E61A0EABA90062A213 /* transistor~.pd */,
				FA6462E71A0EABA90062A213 /* vibrato~.pd */,
				FA6462E81A0EABA90062A213 /* view~.pd */,
				FA6462E91A0EABA90062A213 /* voice~.pd */,
				FA6462EA1A0EABA90062A213 /* volume~-help.pd */,
				FA6462EB1A0EABA90062A213 /* volume~.pd */,
			);
			name = "Pure-Data";
			path = "Hackathon2014/Pure-Data";
			sourceTree = "<group>";
		};
/* End PBXGroup section */

/* Begin PBXNativeTarget section */
		BED4739A19FAF4F0006DD472 /* Hackathon2014 */ = {
			isa = PBXNativeTarget;
			buildConfigurationList = BED473BE19FAF4F1006DD472 /* Build configuration list for PBXNativeTarget "Hackathon2014" */;
			buildPhases = (
				2E939AF13CDD43CAA038D249 /* Check Pods Manifest.lock */,
				BED4739719FAF4F0006DD472 /* Sources */,
				BED4739819FAF4F0006DD472 /* Frameworks */,
				BED4739919FAF4F0006DD472 /* Resources */,
				C3788ACF2AAF4700A5EFC194 /* Copy Pods Resources */,
			);
			buildRules = (
			);
			dependencies = (
			);
			name = Hackathon2014;
			productName = Hackathon2014;
			productReference = BED4739B19FAF4F0006DD472 /* Hackathon2014.app */;
			productType = "com.apple.product-type.application";
		};
		BED473B319FAF4F1006DD472 /* Hackathon2014Tests */ = {
			isa = PBXNativeTarget;
			buildConfigurationList = BED473C119FAF4F1006DD472 /* Build configuration list for PBXNativeTarget "Hackathon2014Tests" */;
			buildPhases = (
				BED473B019FAF4F1006DD472 /* Sources */,
				BED473B119FAF4F1006DD472 /* Frameworks */,
				BED473B219FAF4F1006DD472 /* Resources */,
			);
			buildRules = (
			);
			dependencies = (
				BED473B619FAF4F1006DD472 /* PBXTargetDependency */,
			);
			name = Hackathon2014Tests;
			productName = Hackathon2014Tests;
			productReference = BED473B419FAF4F1006DD472 /* Hackathon2014Tests.xctest */;
			productType = "com.apple.product-type.bundle.unit-test";
		};
/* End PBXNativeTarget section */

/* Begin PBXProject section */
		BED4739319FAF4F0006DD472 /* Project object */ = {
			isa = PBXProject;
			attributes = {
				LastUpgradeCheck = 0600;
				ORGANIZATIONNAME = "Intrinsic Audio";
				TargetAttributes = {
					BED4739A19FAF4F0006DD472 = {
						CreatedOnToolsVersion = 6.0.1;
						DevelopmentTeam = 26XAG5JK75;
					};
					BED473B319FAF4F1006DD472 = {
						CreatedOnToolsVersion = 6.0.1;
						DevelopmentTeam = 26XAG5JK75;
						TestTargetID = BED4739A19FAF4F0006DD472;
					};
				};
			};
			buildConfigurationList = BED4739619FAF4F0006DD472 /* Build configuration list for PBXProject "Hackathon2014" */;
			compatibilityVersion = "Xcode 3.2";
			developmentRegion = English;
			hasScannedForEncodings = 0;
			knownRegions = (
				en,
				Base,
			);
			mainGroup = BED4739219FAF4F0006DD472;
			productRefGroup = BED4739C19FAF4F0006DD472 /* Products */;
			projectDirPath = "";
			projectRoot = "";
			targets = (
				BED4739A19FAF4F0006DD472 /* Hackathon2014 */,
				BED473B319FAF4F1006DD472 /* Hackathon2014Tests */,
			);
		};
/* End PBXProject section */

/* Begin PBXResourcesBuildPhase section */
		BED4739919FAF4F0006DD472 /* Resources */ = {
			isa = PBXResourcesBuildPhase;
			buildActionMask = 2147483647;
			files = (
				FA6462F51A0EABA90062A213 /* eq~.pd in Resources */,
				FA6463141A0EABA90062A213 /* test.pd in Resources */,
				FA6462F31A0EABA90062A213 /* chorus~.pd in Resources */,
				FA6462F91A0EABA90062A213 /* ggate~.pd in Resources */,
				FA64630F1A0EABA90062A213 /* remove_dc_offset~-help.pd in Resources */,
				FA64630D1A0EABA90062A213 /* pencileq~.pd in Resources */,
				FA6463091A0EABA90062A213 /* number.pd in Resources */,
				FA64631B1A0EABA90062A213 /* volume~-help.pd in Resources */,
				FA6463121A0EABA90062A213 /* synth^~.pd in Resources */,
				FA6462F81A0EABA90062A213 /* ggate.pd in Resources */,
				FA6462F21A0EABA90062A213 /* channel.txt in Resources */,
				FA6462FF1A0EABA90062A213 /* Master.pd in Resources */,
				FA6463081A0EABA90062A213 /* noteflush.pd in Resources */,
				FA6463111A0EABA90062A213 /* ringmod~.pd in Resources */,
				FA64630A1A0EABA90062A213 /* OLD_PD_Interface.txt in Resources */,
				FA6463051A0EABA90062A213 /* normalize~-help.pd in Resources */,
				FA6462EE1A0EABA90062A213 /* adsr~.pd in Resources */,
				FA6462F01A0EABA90062A213 /* backup.pd in Resources */,
				FA6462F11A0EABA90062A213 /* blank~.pd in Resources */,
				FA6463181A0EABA90062A213 /* vibrato~.pd in Resources */,
				FA6463031A0EABA90062A213 /* multifilter~.pd in Resources */,
				BED473AA19FAF4F0006DD472 /* Main.storyboard in Resources */,
				FA6463061A0EABA90062A213 /* normalize~.pd in Resources */,
				FA6463131A0EABA90062A213 /* synth~.pd in Resources */,
				FA6463191A0EABA90062A213 /* view~.pd in Resources */,
				FA64630B1A0EABA90062A213 /* once.pd in Resources */,
				FA64631C1A0EABA90062A213 /* volume~.pd in Resources */,
				FA6462ED1A0EABA90062A213 /* _Wave_Types.png in Resources */,
				FA6463161A0EABA90062A213 /* toint.pd in Resources */,
				BED473AF19FAF4F0006DD472 /* LaunchScreen.xib in Resources */,
				FA6462EC1A0EABA90062A213 /* _PD_Interface.txt in Resources */,
				BED473AC19FAF4F0006DD472 /* Images.xcassets in Resources */,
				FA6462F41A0EABA90062A213 /* dynamo~.pd in Resources */,
				FA6462FB1A0EABA90062A213 /* gswitch~.pd in Resources */,
				FA6462EF1A0EABA90062A213 /* ak47.pd in Resources */,
				FA6462F61A0EABA90062A213 /* gain~.pd in Resources */,
				FA6462F71A0EABA90062A213 /* gate2.pd in Resources */,
				FA64630E1A0EABA90062A213 /* piano.pd in Resources */,
				FA6463151A0EABA90062A213 /* testdp~.pd in Resources */,
				FA64630C1A0EABA90062A213 /* panner~.pd in Resources */,
				FA6462FE1A0EABA90062A213 /* Main.pd in Resources */,
				FA6463041A0EABA90062A213 /* multitremolo~.pd in Resources */,
				FA6463071A0EABA90062A213 /* Note.pd in Resources */,
				FA6463021A0EABA90062A213 /* multidelay~.pd in Resources */,
				FA6463011A0EABA90062A213 /* minigun.pd in Resources */,
				FA64631A1A0EABA90062A213 /* voice~.pd in Resources */,
				FA6462FD1A0EABA90062A213 /* loadfloat.pd in Resources */,
				FA6463171A0EABA90062A213 /* transistor~.pd in Resources */,
				FA6462FA1A0EABA90062A213 /* gswitch.pd in Resources */,
				FA6463001A0EABA90062A213 /* minigun-help.pd in Resources */,
				FA6463101A0EABA90062A213 /* remove_dc_offset~.pd in Resources */,
				FA6462FC1A0EABA90062A213 /* iterator.pd in Resources */,
			);
			runOnlyForDeploymentPostprocessing = 0;
		};
		BED473B219FAF4F1006DD472 /* Resources */ = {
			isa = PBXResourcesBuildPhase;
			buildActionMask = 2147483647;
			files = (
			);
			runOnlyForDeploymentPostprocessing = 0;
		};
/* End PBXResourcesBuildPhase section */

/* Begin PBXShellScriptBuildPhase section */
		2E939AF13CDD43CAA038D249 /* Check Pods Manifest.lock */ = {
			isa = PBXShellScriptBuildPhase;
			buildActionMask = 2147483647;
			files = (
			);
			inputPaths = (
			);
			name = "Check Pods Manifest.lock";
			outputPaths = (
			);
			runOnlyForDeploymentPostprocessing = 0;
			shellPath = /bin/sh;
			shellScript = "diff \"${PODS_ROOT}/../Podfile.lock\" \"${PODS_ROOT}/Manifest.lock\" > /dev/null\nif [[ $? != 0 ]] ; then\n    cat << EOM\nerror: The sandbox is not in sync with the Podfile.lock. Run 'pod install' or update your CocoaPods installation.\nEOM\n    exit 1\nfi\n";
			showEnvVarsInLog = 0;
		};
		C3788ACF2AAF4700A5EFC194 /* Copy Pods Resources */ = {
			isa = PBXShellScriptBuildPhase;
			buildActionMask = 2147483647;
			files = (
			);
			inputPaths = (
			);
			name = "Copy Pods Resources";
			outputPaths = (
			);
			runOnlyForDeploymentPostprocessing = 0;
			shellPath = /bin/sh;
			shellScript = "\"${SRCROOT}/Pods/Pods-Hackathon2014-resources.sh\"\n";
			showEnvVarsInLog = 0;
		};
/* End PBXShellScriptBuildPhase section */

/* Begin PBXSourcesBuildPhase section */
		BED4739719FAF4F0006DD472 /* Sources */ = {
			isa = PBXSourcesBuildPhase;
			buildActionMask = 2147483647;
			files = (
				BED4740E19FB704F006DD472 /* INTRootViewController.m in Sources */,
				BEBACA7D1A0D7ECF00F612EB /* INTSlider.m in Sources */,
				BED4741A19FD6A5D006DD472 /* INTSettingsViewController.m in Sources */,
				BED473C919FAFBE8006DD472 /* INTInstrumentNote.m in Sources */,
				BED473A419FAF4F0006DD472 /* AppDelegate.m in Sources */,
				BEBACA801A0DA66100F612EB /* NoteManager.swift in Sources */,
				FAC3908119FB28AA00B589C4 /* septagon_coordinates.c in Sources */,
				BED473A119FAF4F0006DD472 /* main.m in Sources */,
				BED473CF19FAFD40006DD472 /* INTInstrumentViewController.m in Sources */,
				BED4741419FC743A006DD472 /* INTEffectsViewController.m in Sources */,
			);
			runOnlyForDeploymentPostprocessing = 0;
		};
		BED473B019FAF4F1006DD472 /* Sources */ = {
			isa = PBXSourcesBuildPhase;
			buildActionMask = 2147483647;
			files = (
				BED473BB19FAF4F1006DD472 /* Hackathon2014Tests.m in Sources */,
			);
			runOnlyForDeploymentPostprocessing = 0;
		};
/* End PBXSourcesBuildPhase section */

/* Begin PBXTargetDependency section */
		BED473B619FAF4F1006DD472 /* PBXTargetDependency */ = {
			isa = PBXTargetDependency;
			target = BED4739A19FAF4F0006DD472 /* Hackathon2014 */;
			targetProxy = BED473B519FAF4F1006DD472 /* PBXContainerItemProxy */;
		};
/* End PBXTargetDependency section */

/* Begin PBXVariantGroup section */
		BED473A819FAF4F0006DD472 /* Main.storyboard */ = {
			isa = PBXVariantGroup;
			children = (
				BED473A919FAF4F0006DD472 /* Base */,
			);
			name = Main.storyboard;
			sourceTree = "<group>";
		};
		BED473AD19FAF4F0006DD472 /* LaunchScreen.xib */ = {
			isa = PBXVariantGroup;
			children = (
				BED473AE19FAF4F0006DD472 /* Base */,
			);
			name = LaunchScreen.xib;
			sourceTree = "<group>";
		};
/* End PBXVariantGroup section */

/* Begin XCBuildConfiguration section */
		BED473BC19FAF4F1006DD472 /* Debug */ = {
			isa = XCBuildConfiguration;
			buildSettings = {
				ALWAYS_SEARCH_USER_PATHS = NO;
				CLANG_CXX_LANGUAGE_STANDARD = "gnu++0x";
				CLANG_CXX_LIBRARY = "libc++";
				CLANG_ENABLE_MODULES = YES;
				CLANG_ENABLE_OBJC_ARC = YES;
				CLANG_WARN_BOOL_CONVERSION = YES;
				CLANG_WARN_CONSTANT_CONVERSION = YES;
				CLANG_WARN_DIRECT_OBJC_ISA_USAGE = YES_ERROR;
				CLANG_WARN_EMPTY_BODY = YES;
				CLANG_WARN_ENUM_CONVERSION = YES;
				CLANG_WARN_INT_CONVERSION = YES;
				CLANG_WARN_OBJC_ROOT_CLASS = YES_ERROR;
				CLANG_WARN_UNREACHABLE_CODE = YES;
				CLANG_WARN__DUPLICATE_METHOD_MATCH = YES;
				"CODE_SIGN_IDENTITY[sdk=iphoneos*]" = "iPhone Developer";
				COPY_PHASE_STRIP = NO;
				ENABLE_STRICT_OBJC_MSGSEND = YES;
				GCC_C_LANGUAGE_STANDARD = gnu99;
				GCC_DYNAMIC_NO_PIC = NO;
				GCC_OPTIMIZATION_LEVEL = 0;
				GCC_PREPROCESSOR_DEFINITIONS = (
					"DEBUG=1",
					"$(inherited)",
				);
				GCC_SYMBOLS_PRIVATE_EXTERN = NO;
				GCC_WARN_64_TO_32_BIT_CONVERSION = YES;
				GCC_WARN_ABOUT_RETURN_TYPE = YES_ERROR;
				GCC_WARN_UNDECLARED_SELECTOR = YES;
				GCC_WARN_UNINITIALIZED_AUTOS = YES_AGGRESSIVE;
				GCC_WARN_UNUSED_FUNCTION = YES;
				GCC_WARN_UNUSED_VARIABLE = YES;
				IPHONEOS_DEPLOYMENT_TARGET = 8.0;
				MTL_ENABLE_DEBUG_INFO = YES;
				ONLY_ACTIVE_ARCH = YES;
				SDKROOT = iphoneos;
				TARGETED_DEVICE_FAMILY = 2;
			};
			name = Debug;
		};
		BED473BD19FAF4F1006DD472 /* Release */ = {
			isa = XCBuildConfiguration;
			buildSettings = {
				ALWAYS_SEARCH_USER_PATHS = NO;
				CLANG_CXX_LANGUAGE_STANDARD = "gnu++0x";
				CLANG_CXX_LIBRARY = "libc++";
				CLANG_ENABLE_MODULES = YES;
				CLANG_ENABLE_OBJC_ARC = YES;
				CLANG_WARN_BOOL_CONVERSION = YES;
				CLANG_WARN_CONSTANT_CONVERSION = YES;
				CLANG_WARN_DIRECT_OBJC_ISA_USAGE = YES_ERROR;
				CLANG_WARN_EMPTY_BODY = YES;
				CLANG_WARN_ENUM_CONVERSION = YES;
				CLANG_WARN_INT_CONVERSION = YES;
				CLANG_WARN_OBJC_ROOT_CLASS = YES_ERROR;
				CLANG_WARN_UNREACHABLE_CODE = YES;
				CLANG_WARN__DUPLICATE_METHOD_MATCH = YES;
				"CODE_SIGN_IDENTITY[sdk=iphoneos*]" = "iPhone Developer";
				COPY_PHASE_STRIP = YES;
				ENABLE_NS_ASSERTIONS = NO;
				ENABLE_STRICT_OBJC_MSGSEND = YES;
				GCC_C_LANGUAGE_STANDARD = gnu99;
				GCC_WARN_64_TO_32_BIT_CONVERSION = YES;
				GCC_WARN_ABOUT_RETURN_TYPE = YES_ERROR;
				GCC_WARN_UNDECLARED_SELECTOR = YES;
				GCC_WARN_UNINITIALIZED_AUTOS = YES_AGGRESSIVE;
				GCC_WARN_UNUSED_FUNCTION = YES;
				GCC_WARN_UNUSED_VARIABLE = YES;
				IPHONEOS_DEPLOYMENT_TARGET = 8.0;
				MTL_ENABLE_DEBUG_INFO = NO;
				SDKROOT = iphoneos;
				TARGETED_DEVICE_FAMILY = 2;
				VALIDATE_PRODUCT = YES;
			};
			name = Release;
		};
		BED473BF19FAF4F1006DD472 /* Debug */ = {
			isa = XCBuildConfiguration;
			baseConfigurationReference = 6D27106291E14436A730D648 /* Pods-Hackathon2014.xcconfig */;
			buildSettings = {
				ASSETCATALOG_COMPILER_APPICON_NAME = AppIcon;
				CLANG_ENABLE_MODULES = YES;
				INFOPLIST_FILE = Hackathon2014/Info.plist;
				IPHONEOS_DEPLOYMENT_TARGET = 8.0;
				LD_RUNPATH_SEARCH_PATHS = "$(inherited) @executable_path/Frameworks";
				PRODUCT_NAME = "$(TARGET_NAME)";
				SWIFT_OBJC_BRIDGING_HEADER = "Hackathon2014/Hackathon2014-Bridging-Header.h";
				SWIFT_OPTIMIZATION_LEVEL = "-Onone";
				TARGETED_DEVICE_FAMILY = 2;
			};
			name = Debug;
		};
		BED473C019FAF4F1006DD472 /* Release */ = {
			isa = XCBuildConfiguration;
			baseConfigurationReference = 6D27106291E14436A730D648 /* Pods-Hackathon2014.xcconfig */;
			buildSettings = {
				ASSETCATALOG_COMPILER_APPICON_NAME = AppIcon;
				CLANG_ENABLE_MODULES = YES;
				INFOPLIST_FILE = Hackathon2014/Info.plist;
				IPHONEOS_DEPLOYMENT_TARGET = 8.0;
				LD_RUNPATH_SEARCH_PATHS = "$(inherited) @executable_path/Frameworks";
				PRODUCT_NAME = "$(TARGET_NAME)";
				SWIFT_OBJC_BRIDGING_HEADER = "Hackathon2014/Hackathon2014-Bridging-Header.h";
				TARGETED_DEVICE_FAMILY = 2;
			};
			name = Release;
		};
		BED473C219FAF4F1006DD472 /* Debug */ = {
			isa = XCBuildConfiguration;
			buildSettings = {
				BUNDLE_LOADER = "$(TEST_HOST)";
				CODE_SIGN_IDENTITY = "iPhone Developer";
				"CODE_SIGN_IDENTITY[sdk=iphoneos*]" = "iPhone Developer";
				FRAMEWORK_SEARCH_PATHS = (
					"$(SDKROOT)/Developer/Library/Frameworks",
					"$(inherited)",
				);
				GCC_PREPROCESSOR_DEFINITIONS = (
					"DEBUG=1",
					"$(inherited)",
				);
				INFOPLIST_FILE = Hackathon2014Tests/Info.plist;
				LD_RUNPATH_SEARCH_PATHS = "$(inherited) @executable_path/Frameworks @loader_path/Frameworks";
				PRODUCT_NAME = "$(TARGET_NAME)";
				PROVISIONING_PROFILE = "";
				TEST_HOST = "$(BUILT_PRODUCTS_DIR)/Hackathon2014.app/Hackathon2014";
			};
			name = Debug;
		};
		BED473C319FAF4F1006DD472 /* Release */ = {
			isa = XCBuildConfiguration;
			buildSettings = {
				BUNDLE_LOADER = "$(TEST_HOST)";
				CODE_SIGN_IDENTITY = "iPhone Developer";
				"CODE_SIGN_IDENTITY[sdk=iphoneos*]" = "iPhone Developer";
				FRAMEWORK_SEARCH_PATHS = (
					"$(SDKROOT)/Developer/Library/Frameworks",
					"$(inherited)",
				);
				INFOPLIST_FILE = Hackathon2014Tests/Info.plist;
				LD_RUNPATH_SEARCH_PATHS = "$(inherited) @executable_path/Frameworks @loader_path/Frameworks";
				PRODUCT_NAME = "$(TARGET_NAME)";
				PROVISIONING_PROFILE = "";
				TEST_HOST = "$(BUILT_PRODUCTS_DIR)/Hackathon2014.app/Hackathon2014";
			};
			name = Release;
		};
/* End XCBuildConfiguration section */

/* Begin XCConfigurationList section */
		BED4739619FAF4F0006DD472 /* Build configuration list for PBXProject "Hackathon2014" */ = {
			isa = XCConfigurationList;
			buildConfigurations = (
				BED473BC19FAF4F1006DD472 /* Debug */,
				BED473BD19FAF4F1006DD472 /* Release */,
			);
			defaultConfigurationIsVisible = 0;
			defaultConfigurationName = Release;
		};
		BED473BE19FAF4F1006DD472 /* Build configuration list for PBXNativeTarget "Hackathon2014" */ = {
			isa = XCConfigurationList;
			buildConfigurations = (
				BED473BF19FAF4F1006DD472 /* Debug */,
				BED473C019FAF4F1006DD472 /* Release */,
			);
			defaultConfigurationIsVisible = 0;
			defaultConfigurationName = Release;
		};
		BED473C119FAF4F1006DD472 /* Build configuration list for PBXNativeTarget "Hackathon2014Tests" */ = {
			isa = XCConfigurationList;
			buildConfigurations = (
				BED473C219FAF4F1006DD472 /* Debug */,
				BED473C319FAF4F1006DD472 /* Release */,
			);
			defaultConfigurationIsVisible = 0;
			defaultConfigurationName = Release;
		};
/* End XCConfigurationList section */
	};
	rootObject = BED4739319FAF4F0006DD472 /* Project object */;
}
