// !$*UTF8*$!
{
	archiveVersion = 1;
	classes = {
	};
	objectVersion = 46;
	objects = {

/* Begin PBXBuildFile section */
		BE7D30861A6B0AC300D03092 /* Constants.swift in Sources */ = {isa = PBXBuildFile; fileRef = BE7D30851A6B0AC300D03092 /* Constants.swift */; };
		BE7D308B1A6B2BF700D03092 /* EffectSlider.swift in Sources */ = {isa = PBXBuildFile; fileRef = BE7D308A1A6B2BF700D03092 /* EffectSlider.swift */; };
		BE7D308D1A6B2BFF00D03092 /* EffectButton.swift in Sources */ = {isa = PBXBuildFile; fileRef = BE7D308C1A6B2BFF00D03092 /* EffectButton.swift */; };
		BE7D30931A6B2C3800D03092 /* Composition.swift in Sources */ = {isa = PBXBuildFile; fileRef = BE7D30921A6B2C3800D03092 /* Composition.swift */; };
		BE7D30951A6B2C3D00D03092 /* Note.swift in Sources */ = {isa = PBXBuildFile; fileRef = BE7D30941A6B2C3D00D03092 /* Note.swift */; };
		BE7D30971A6B2C4400D03092 /* Effect.swift in Sources */ = {isa = PBXBuildFile; fileRef = BE7D30961A6B2C4400D03092 /* Effect.swift */; };
		BEBACA7D1A0D7ECF00F612EB /* INTSlider.m in Sources */ = {isa = PBXBuildFile; fileRef = BEBACA7C1A0D7ECF00F612EB /* INTSlider.m */; };
		BED473A119FAF4F0006DD472 /* main.m in Sources */ = {isa = PBXBuildFile; fileRef = BED473A019FAF4F0006DD472 /* main.m */; };
		BED473A419FAF4F0006DD472 /* AppDelegate.m in Sources */ = {isa = PBXBuildFile; fileRef = BED473A319FAF4F0006DD472 /* AppDelegate.m */; };
		BED473AA19FAF4F0006DD472 /* Main.storyboard in Resources */ = {isa = PBXBuildFile; fileRef = BED473A819FAF4F0006DD472 /* Main.storyboard */; };
		BED473AC19FAF4F0006DD472 /* Images.xcassets in Resources */ = {isa = PBXBuildFile; fileRef = BED473AB19FAF4F0006DD472 /* Images.xcassets */; };
		BED473AF19FAF4F0006DD472 /* LaunchScreen.xib in Resources */ = {isa = PBXBuildFile; fileRef = BED473AD19FAF4F0006DD472 /* LaunchScreen.xib */; };
		BED473BB19FAF4F1006DD472 /* Hackathon2014Tests.m in Sources */ = {isa = PBXBuildFile; fileRef = BED473BA19FAF4F1006DD472 /* Hackathon2014Tests.m */; };
		BED473C919FAFBE8006DD472 /* INTInstrumentNote.m in Sources */ = {isa = PBXBuildFile; fileRef = BED473C819FAFBE8006DD472 /* INTInstrumentNote.m */; };
		BED473CF19FAFD40006DD472 /* INTInstrumentViewController.m in Sources */ = {isa = PBXBuildFile; fileRef = BED473CE19FAFD40006DD472 /* INTInstrumentViewController.m */; };
		BED4740E19FB704F006DD472 /* INTRootViewController.m in Sources */ = {isa = PBXBuildFile; fileRef = BED4740D19FB704F006DD472 /* INTRootViewController.m */; };
		BED4741419FC743A006DD472 /* INTEffectsViewController.m in Sources */ = {isa = PBXBuildFile; fileRef = BED4741319FC743A006DD472 /* INTEffectsViewController.m */; };
		BED4741A19FD6A5D006DD472 /* INTSettingsViewController.m in Sources */ = {isa = PBXBuildFile; fileRef = BED4741919FD6A5D006DD472 /* INTSettingsViewController.m */; };
		E3BC1ACB1A88471588F2A91B /* libPods-Hackathon2014.a in Frameworks */ = {isa = PBXBuildFile; fileRef = BD0C5724B16348D3987FB49D /* libPods-Hackathon2014.a */; };
		FA9F2B991A627D9400B2ACD6 /* penis_coordinates.c in Sources */ = {isa = PBXBuildFile; fileRef = FA9F2B971A627D9400B2ACD6 /* penis_coordinates.c */; };
		FAA6DDD61A6C4A230062A7B7 /* _PD_Interface.txt in Resources */ = {isa = PBXBuildFile; fileRef = FAA6DD621A6C4A230062A7B7 /* _PD_Interface.txt */; };
		FAA6DDD71A6C4A230062A7B7 /* _Wave_Types.png in Resources */ = {isa = PBXBuildFile; fileRef = FAA6DD631A6C4A230062A7B7 /* _Wave_Types.png */; };
		FAA6DDD81A6C4A230062A7B7 /* adsr~.pd in Resources */ = {isa = PBXBuildFile; fileRef = FAA6DD641A6C4A230062A7B7 /* adsr~.pd */; };
		FAA6DDD91A6C4A230062A7B7 /* ak47.pd in Resources */ = {isa = PBXBuildFile; fileRef = FAA6DD651A6C4A230062A7B7 /* ak47.pd */; };
		FAA6DDDA1A6C4A230062A7B7 /* AudioToMIDI.pd in Resources */ = {isa = PBXBuildFile; fileRef = FAA6DD661A6C4A230062A7B7 /* AudioToMIDI.pd */; };
		FAA6DDDB1A6C4A230062A7B7 /* autofft~.pd in Resources */ = {isa = PBXBuildFile; fileRef = FAA6DD671A6C4A230062A7B7 /* autofft~.pd */; };
		FAA6DDDC1A6C4A230062A7B7 /* autospectrum~.pd in Resources */ = {isa = PBXBuildFile; fileRef = FAA6DD681A6C4A230062A7B7 /* autospectrum~.pd */; };
		FAA6DDDD1A6C4A230062A7B7 /* backup.pd in Resources */ = {isa = PBXBuildFile; fileRef = FAA6DD691A6C4A230062A7B7 /* backup.pd */; };
		FAA6DDDE1A6C4A230062A7B7 /* biquad_coefficients.pd in Resources */ = {isa = PBXBuildFile; fileRef = FAA6DD6A1A6C4A230062A7B7 /* biquad_coefficients.pd */; };
		FAA6DDDF1A6C4A230062A7B7 /* blank~.pd in Resources */ = {isa = PBXBuildFile; fileRef = FAA6DD6B1A6C4A230062A7B7 /* blank~.pd */; };
		FAA6DDE01A6C4A230062A7B7 /* channel.txt in Resources */ = {isa = PBXBuildFile; fileRef = FAA6DD6C1A6C4A230062A7B7 /* channel.txt */; };
		FAA6DDE11A6C4A230062A7B7 /* chorus~.pd in Resources */ = {isa = PBXBuildFile; fileRef = FAA6DD6D1A6C4A230062A7B7 /* chorus~.pd */; };
		FAA6DDE21A6C4A230062A7B7 /* diff.pd in Resources */ = {isa = PBXBuildFile; fileRef = FAA6DD6E1A6C4A230062A7B7 /* diff.pd */; };
		FAA6DDE31A6C4A230062A7B7 /* dynamic_manager.pd in Resources */ = {isa = PBXBuildFile; fileRef = FAA6DD6F1A6C4A230062A7B7 /* dynamic_manager.pd */; };
		FAA6DDE41A6C4A230062A7B7 /* dynamic_send.pd in Resources */ = {isa = PBXBuildFile; fileRef = FAA6DD701A6C4A230062A7B7 /* dynamic_send.pd */; };
		FAA6DDE51A6C4A230062A7B7 /* dynamo~.pd in Resources */ = {isa = PBXBuildFile; fileRef = FAA6DD711A6C4A230062A7B7 /* dynamo~.pd */; };
		FAA6DDE61A6C4A230062A7B7 /* dynamo~2.pd in Resources */ = {isa = PBXBuildFile; fileRef = FAA6DD721A6C4A230062A7B7 /* dynamo~2.pd */; };
		FAA6DDE71A6C4A230062A7B7 /* effect_manager.pd in Resources */ = {isa = PBXBuildFile; fileRef = FAA6DD731A6C4A230062A7B7 /* effect_manager.pd */; };
		FAA6DDE81A6C4A230062A7B7 /* eq~.pd in Resources */ = {isa = PBXBuildFile; fileRef = FAA6DD741A6C4A230062A7B7 /* eq~.pd */; };
		FAA6DDE91A6C4A230062A7B7 /* f!=.pd in Resources */ = {isa = PBXBuildFile; fileRef = FAA6DD751A6C4A230062A7B7 /* f!=.pd */; };
		FAA6DDEA1A6C4A230062A7B7 /* FFTExample.pd in Resources */ = {isa = PBXBuildFile; fileRef = FAA6DD761A6C4A230062A7B7 /* FFTExample.pd */; };
		FAA6DDEB1A6C4A230062A7B7 /* filter.pd in Resources */ = {isa = PBXBuildFile; fileRef = FAA6DD771A6C4A230062A7B7 /* filter.pd */; };
		FAA6DDEC1A6C4A230062A7B7 /* for++-help.pd in Resources */ = {isa = PBXBuildFile; fileRef = FAA6DD781A6C4A230062A7B7 /* for++-help.pd */; };
		FAA6DDED1A6C4A230062A7B7 /* for++.pd in Resources */ = {isa = PBXBuildFile; fileRef = FAA6DD791A6C4A230062A7B7 /* for++.pd */; };
		FAA6DDEE1A6C4A230062A7B7 /* gain~.pd in Resources */ = {isa = PBXBuildFile; fileRef = FAA6DD7A1A6C4A230062A7B7 /* gain~.pd */; };
		FAA6DDEF1A6C4A230062A7B7 /* gate10.pd in Resources */ = {isa = PBXBuildFile; fileRef = FAA6DD7B1A6C4A230062A7B7 /* gate10.pd */; };
		FAA6DDF01A6C4A230062A7B7 /* gate11.pd in Resources */ = {isa = PBXBuildFile; fileRef = FAA6DD7C1A6C4A230062A7B7 /* gate11.pd */; };
		FAA6DDF11A6C4A230062A7B7 /* gate12.pd in Resources */ = {isa = PBXBuildFile; fileRef = FAA6DD7D1A6C4A230062A7B7 /* gate12.pd */; };
		FAA6DDF21A6C4A230062A7B7 /* gate16.pd in Resources */ = {isa = PBXBuildFile; fileRef = FAA6DD7E1A6C4A230062A7B7 /* gate16.pd */; };
		FAA6DDF31A6C4A230062A7B7 /* gate2.pd in Resources */ = {isa = PBXBuildFile; fileRef = FAA6DD7F1A6C4A230062A7B7 /* gate2.pd */; };
		FAA6DDF41A6C4A230062A7B7 /* gate3.pd in Resources */ = {isa = PBXBuildFile; fileRef = FAA6DD801A6C4A230062A7B7 /* gate3.pd */; };
		FAA6DDF51A6C4A230062A7B7 /* gate4.pd in Resources */ = {isa = PBXBuildFile; fileRef = FAA6DD811A6C4A230062A7B7 /* gate4.pd */; };
		FAA6DDF61A6C4A230062A7B7 /* gate5.pd in Resources */ = {isa = PBXBuildFile; fileRef = FAA6DD821A6C4A230062A7B7 /* gate5.pd */; };
		FAA6DDF71A6C4A230062A7B7 /* gate6.pd in Resources */ = {isa = PBXBuildFile; fileRef = FAA6DD831A6C4A230062A7B7 /* gate6.pd */; };
		FAA6DDF81A6C4A230062A7B7 /* gate7.pd in Resources */ = {isa = PBXBuildFile; fileRef = FAA6DD841A6C4A230062A7B7 /* gate7.pd */; };
		FAA6DDF91A6C4A230062A7B7 /* gate8.pd in Resources */ = {isa = PBXBuildFile; fileRef = FAA6DD851A6C4A230062A7B7 /* gate8.pd */; };
		FAA6DDFA1A6C4A230062A7B7 /* gate9.pd in Resources */ = {isa = PBXBuildFile; fileRef = FAA6DD861A6C4A230062A7B7 /* gate9.pd */; };
		FAA6DDFB1A6C4A230062A7B7 /* ggate.pd in Resources */ = {isa = PBXBuildFile; fileRef = FAA6DD871A6C4A230062A7B7 /* ggate.pd */; };
		FAA6DDFC1A6C4A230062A7B7 /* ggate~.pd in Resources */ = {isa = PBXBuildFile; fileRef = FAA6DD881A6C4A230062A7B7 /* ggate~.pd */; };
		FAA6DDFD1A6C4A230062A7B7 /* gswitch.pd in Resources */ = {isa = PBXBuildFile; fileRef = FAA6DD891A6C4A230062A7B7 /* gswitch.pd */; };
		FAA6DDFE1A6C4A230062A7B7 /* gswitch~.pd in Resources */ = {isa = PBXBuildFile; fileRef = FAA6DD8A1A6C4A230062A7B7 /* gswitch~.pd */; };
		FAA6DDFF1A6C4A230062A7B7 /* iterator.pd in Resources */ = {isa = PBXBuildFile; fileRef = FAA6DD8B1A6C4A230062A7B7 /* iterator.pd */; };
		FAA6DE001A6C4A230062A7B7 /* iterator2.pd in Resources */ = {isa = PBXBuildFile; fileRef = FAA6DD8C1A6C4A230062A7B7 /* iterator2.pd */; };
		FAA6DE011A6C4A230062A7B7 /* ladd.pd in Resources */ = {isa = PBXBuildFile; fileRef = FAA6DD8D1A6C4A230062A7B7 /* ladd.pd */; };
		FAA6DE021A6C4A230062A7B7 /* ladd2.pd in Resources */ = {isa = PBXBuildFile; fileRef = FAA6DD8E1A6C4A230062A7B7 /* ladd2.pd */; };
		FAA6DE031A6C4A230062A7B7 /* lap.pd in Resources */ = {isa = PBXBuildFile; fileRef = FAA6DD8F1A6C4A230062A7B7 /* lap.pd */; };
		FAA6DE041A6C4A230062A7B7 /* lapp.pd in Resources */ = {isa = PBXBuildFile; fileRef = FAA6DD901A6C4A230062A7B7 /* lapp.pd */; };
		FAA6DE051A6C4A230062A7B7 /* lappenditem.pd in Resources */ = {isa = PBXBuildFile; fileRef = FAA6DD911A6C4A230062A7B7 /* lappenditem.pd */; };
		FAA6DE061A6C4A230062A7B7 /* last_note_off.pd in Resources */ = {isa = PBXBuildFile; fileRef = FAA6DD921A6C4A230062A7B7 /* last_note_off.pd */; };
		FAA6DE071A6C4A230062A7B7 /* lbuilder.pd in Resources */ = {isa = PBXBuildFile; fileRef = FAA6DD931A6C4A230062A7B7 /* lbuilder.pd */; };
		FAA6DE081A6C4A230062A7B7 /* lfl!=.pd in Resources */ = {isa = PBXBuildFile; fileRef = FAA6DD941A6C4A230062A7B7 /* lfl!=.pd */; };
		FAA6DE091A6C4A230062A7B7 /* lfl<.pd in Resources */ = {isa = PBXBuildFile; fileRef = FAA6DD951A6C4A230062A7B7 /* lfl<.pd */; };
		FAA6DE0A1A6C4A230062A7B7 /* lfl<=.pd in Resources */ = {isa = PBXBuildFile; fileRef = FAA6DD961A6C4A230062A7B7 /* lfl<=.pd */; };
		FAA6DE0B1A6C4A230062A7B7 /* lfl==.pd in Resources */ = {isa = PBXBuildFile; fileRef = FAA6DD971A6C4A230062A7B7 /* lfl==.pd */; };
		FAA6DE0C1A6C4A230062A7B7 /* lfl>.pd in Resources */ = {isa = PBXBuildFile; fileRef = FAA6DD981A6C4A230062A7B7 /* lfl>.pd */; };
		FAA6DE0D1A6C4A230062A7B7 /* lfl>=.pd in Resources */ = {isa = PBXBuildFile; fileRef = FAA6DD991A6C4A230062A7B7 /* lfl>=.pd */; };
		FAA6DE0E1A6C4A230062A7B7 /* lfor.pd in Resources */ = {isa = PBXBuildFile; fileRef = FAA6DD9A1A6C4A230062A7B7 /* lfor.pd */; };
		FAA6DE0F1A6C4A230062A7B7 /* lfor2_template_pd.pd in Resources */ = {isa = PBXBuildFile; fileRef = FAA6DD9B1A6C4A230062A7B7 /* lfor2_template_pd.pd */; };
		FAA6DE101A6C4A230062A7B7 /* lindexget.pd in Resources */ = {isa = PBXBuildFile; fileRef = FAA6DD9C1A6C4A230062A7B7 /* lindexget.pd */; };
		FAA6DE111A6C4A230062A7B7 /* lindexset.pd in Resources */ = {isa = PBXBuildFile; fileRef = FAA6DD9D1A6C4A230062A7B7 /* lindexset.pd */; };
		FAA6DE121A6C4A230062A7B7 /* lisp.pd in Resources */ = {isa = PBXBuildFile; fileRef = FAA6DD9E1A6C4A230062A7B7 /* lisp.pd */; };
		FAA6DE131A6C4A230062A7B7 /* lispd.pd in Resources */ = {isa = PBXBuildFile; fileRef = FAA6DD9F1A6C4A230062A7B7 /* lispd.pd */; };
		FAA6DE141A6C4A230062A7B7 /* lispd_playground.pd in Resources */ = {isa = PBXBuildFile; fileRef = FAA6DDA01A6C4A230062A7B7 /* lispd_playground.pd */; };
		FAA6DE151A6C4A230062A7B7 /* list_print.pd in Resources */ = {isa = PBXBuildFile; fileRef = FAA6DDA11A6C4A230062A7B7 /* list_print.pd */; };
		FAA6DE161A6C4A230062A7B7 /* llfor.pd in Resources */ = {isa = PBXBuildFile; fileRef = FAA6DDA21A6C4A230062A7B7 /* llfor.pd */; };
		FAA6DE171A6C4A230062A7B7 /* loadfloat.pd in Resources */ = {isa = PBXBuildFile; fileRef = FAA6DDA31A6C4A230062A7B7 /* loadfloat.pd */; };
		FAA6DE181A6C4A230062A7B7 /* lobject.pd in Resources */ = {isa = PBXBuildFile; fileRef = FAA6DDA41A6C4A230062A7B7 /* lobject.pd */; };
		FAA6DE191A6C4A230062A7B7 /* lpre.pd in Resources */ = {isa = PBXBuildFile; fileRef = FAA6DDA51A6C4A230062A7B7 /* lpre.pd */; };
		FAA6DE1A1A6C4A230062A7B7 /* lprint.pd in Resources */ = {isa = PBXBuildFile; fileRef = FAA6DDA61A6C4A230062A7B7 /* lprint.pd */; };
		FAA6DE1B1A6C4A230062A7B7 /* lreplace.pd in Resources */ = {isa = PBXBuildFile; fileRef = FAA6DDA71A6C4A230062A7B7 /* lreplace.pd */; };
		FAA6DE1C1A6C4A230062A7B7 /* lreverse.pd in Resources */ = {isa = PBXBuildFile; fileRef = FAA6DDA81A6C4A230062A7B7 /* lreverse.pd */; };
		FAA6DE1D1A6C4A230062A7B7 /* lset.pd in Resources */ = {isa = PBXBuildFile; fileRef = FAA6DDA91A6C4A230062A7B7 /* lset.pd */; };
		FAA6DE1E1A6C4A230062A7B7 /* Main.pd in Resources */ = {isa = PBXBuildFile; fileRef = FAA6DDAA1A6C4A230062A7B7 /* Main.pd */; };
		FAA6DE1F1A6C4A230062A7B7 /* Master.pd in Resources */ = {isa = PBXBuildFile; fileRef = FAA6DDAB1A6C4A230062A7B7 /* Master.pd */; };
		FAA6DE201A6C4A230062A7B7 /* Master2.pd in Resources */ = {isa = PBXBuildFile; fileRef = FAA6DDAC1A6C4A230062A7B7 /* Master2.pd */; };
		FAA6DE211A6C4A230062A7B7 /* matrix~.pd in Resources */ = {isa = PBXBuildFile; fileRef = FAA6DDAD1A6C4A230062A7B7 /* matrix~.pd */; };
		FAA6DE221A6C4A230062A7B7 /* message_list.pd in Resources */ = {isa = PBXBuildFile; fileRef = FAA6DDAE1A6C4A230062A7B7 /* message_list.pd */; };
		FAA6DE231A6C4A230062A7B7 /* minigun-help.pd in Resources */ = {isa = PBXBuildFile; fileRef = FAA6DDAF1A6C4A230062A7B7 /* minigun-help.pd */; };
		FAA6DE241A6C4A230062A7B7 /* minigun.pd in Resources */ = {isa = PBXBuildFile; fileRef = FAA6DDB01A6C4A230062A7B7 /* minigun.pd */; };
		FAA6DE251A6C4A230062A7B7 /* Module.pd in Resources */ = {isa = PBXBuildFile; fileRef = FAA6DDB11A6C4A230062A7B7 /* Module.pd */; };
		FAA6DE261A6C4A230062A7B7 /* multidelay~.pd in Resources */ = {isa = PBXBuildFile; fileRef = FAA6DDB21A6C4A230062A7B7 /* multidelay~.pd */; };
		FAA6DE271A6C4A230062A7B7 /* multifilter~.pd in Resources */ = {isa = PBXBuildFile; fileRef = FAA6DDB31A6C4A230062A7B7 /* multifilter~.pd */; };
		FAA6DE281A6C4A230062A7B7 /* multitremolo~.pd in Resources */ = {isa = PBXBuildFile; fileRef = FAA6DDB41A6C4A230062A7B7 /* multitremolo~.pd */; };
		FAA6DE291A6C4A230062A7B7 /* normalize~-help.pd in Resources */ = {isa = PBXBuildFile; fileRef = FAA6DDB51A6C4A230062A7B7 /* normalize~-help.pd */; };
		FAA6DE2A1A6C4A230062A7B7 /* normalize~.pd in Resources */ = {isa = PBXBuildFile; fileRef = FAA6DDB61A6C4A230062A7B7 /* normalize~.pd */; };
		FAA6DE2B1A6C4A230062A7B7 /* Note.pd in Resources */ = {isa = PBXBuildFile; fileRef = FAA6DDB71A6C4A230062A7B7 /* Note.pd */; };
		FAA6DE2C1A6C4A230062A7B7 /* Note2.pd in Resources */ = {isa = PBXBuildFile; fileRef = FAA6DDB81A6C4A230062A7B7 /* Note2.pd */; };
		FAA6DE2D1A6C4A230062A7B7 /* NoteEffectsRackTemp.pd in Resources */ = {isa = PBXBuildFile; fileRef = FAA6DDB91A6C4A230062A7B7 /* NoteEffectsRackTemp.pd */; };
		FAA6DE2E1A6C4A230062A7B7 /* noteflush.pd in Resources */ = {isa = PBXBuildFile; fileRef = FAA6DDBA1A6C4A230062A7B7 /* noteflush.pd */; };
		FAA6DE2F1A6C4A230062A7B7 /* number.pd in Resources */ = {isa = PBXBuildFile; fileRef = FAA6DDBB1A6C4A230062A7B7 /* number.pd */; };
		FAA6DE301A6C4A230062A7B7 /* OLD_PD_Interface.txt in Resources */ = {isa = PBXBuildFile; fileRef = FAA6DDBC1A6C4A230062A7B7 /* OLD_PD_Interface.txt */; };
		FAA6DE311A6C4A230062A7B7 /* once.pd in Resources */ = {isa = PBXBuildFile; fileRef = FAA6DDBD1A6C4A230062A7B7 /* once.pd */; };
		FAA6DE321A6C4A230062A7B7 /* once2.pd in Resources */ = {isa = PBXBuildFile; fileRef = FAA6DDBE1A6C4A230062A7B7 /* once2.pd */; };
		FAA6DE331A6C4A230062A7B7 /* panner~.pd in Resources */ = {isa = PBXBuildFile; fileRef = FAA6DDBF1A6C4A230062A7B7 /* panner~.pd */; };
		FAA6DE341A6C4A230062A7B7 /* pencileq~.pd in Resources */ = {isa = PBXBuildFile; fileRef = FAA6DDC01A6C4A230062A7B7 /* pencileq~.pd */; };
		FAA6DE351A6C4A230062A7B7 /* piano.pd in Resources */ = {isa = PBXBuildFile; fileRef = FAA6DDC11A6C4A230062A7B7 /* piano.pd */; };
		FAA6DE361A6C4A230062A7B7 /* playground.pd in Resources */ = {isa = PBXBuildFile; fileRef = FAA6DDC21A6C4A230062A7B7 /* playground.pd */; };
		FAA6DE371A6C4A230062A7B7 /* remove_dc_offset~-help.pd in Resources */ = {isa = PBXBuildFile; fileRef = FAA6DDC31A6C4A230062A7B7 /* remove_dc_offset~-help.pd */; };
		FAA6DE381A6C4A230062A7B7 /* remove_dc_offset~.pd in Resources */ = {isa = PBXBuildFile; fileRef = FAA6DDC41A6C4A230062A7B7 /* remove_dc_offset~.pd */; };
		FAA6DE391A6C4A230062A7B7 /* reverse list.pd in Resources */ = {isa = PBXBuildFile; fileRef = FAA6DDC51A6C4A230062A7B7 /* reverse list.pd */; };
		FAA6DE3A1A6C4A230062A7B7 /* ringmod~.pd in Resources */ = {isa = PBXBuildFile; fileRef = FAA6DDC61A6C4A230062A7B7 /* ringmod~.pd */; };
		FAA6DE3B1A6C4A230062A7B7 /* scratch.pd in Resources */ = {isa = PBXBuildFile; fileRef = FAA6DDC71A6C4A230062A7B7 /* scratch.pd */; };
		FAA6DE3C1A6C4A230062A7B7 /* synth^~.pd in Resources */ = {isa = PBXBuildFile; fileRef = FAA6DDC81A6C4A230062A7B7 /* synth^~.pd */; };
		FAA6DE3D1A6C4A230062A7B7 /* synth~.pd in Resources */ = {isa = PBXBuildFile; fileRef = FAA6DDC91A6C4A230062A7B7 /* synth~.pd */; };
		FAA6DE3E1A6C4A230062A7B7 /* test.pd in Resources */ = {isa = PBXBuildFile; fileRef = FAA6DDCA1A6C4A230062A7B7 /* test.pd */; };
		FAA6DE3F1A6C4A230062A7B7 /* testdp~.pd in Resources */ = {isa = PBXBuildFile; fileRef = FAA6DDCB1A6C4A230062A7B7 /* testdp~.pd */; };
		FAA6DE401A6C4A230062A7B7 /* testing_grounds.pd in Resources */ = {isa = PBXBuildFile; fileRef = FAA6DDCC1A6C4A230062A7B7 /* testing_grounds.pd */; };
		FAA6DE411A6C4A230062A7B7 /* toint.pd in Resources */ = {isa = PBXBuildFile; fileRef = FAA6DDCD1A6C4A230062A7B7 /* toint.pd */; };
		FAA6DE421A6C4A230062A7B7 /* transistor~.pd in Resources */ = {isa = PBXBuildFile; fileRef = FAA6DDCE1A6C4A230062A7B7 /* transistor~.pd */; };
		FAA6DE431A6C4A230062A7B7 /* Untitled-1.pd in Resources */ = {isa = PBXBuildFile; fileRef = FAA6DDCF1A6C4A230062A7B7 /* Untitled-1.pd */; };
		FAA6DE441A6C4A230062A7B7 /* vibrato~.pd in Resources */ = {isa = PBXBuildFile; fileRef = FAA6DDD01A6C4A230062A7B7 /* vibrato~.pd */; };
		FAA6DE451A6C4A230062A7B7 /* view~.pd in Resources */ = {isa = PBXBuildFile; fileRef = FAA6DDD11A6C4A230062A7B7 /* view~.pd */; };
		FAA6DE461A6C4A230062A7B7 /* voice~.pd in Resources */ = {isa = PBXBuildFile; fileRef = FAA6DDD21A6C4A230062A7B7 /* voice~.pd */; };
		FAA6DE471A6C4A230062A7B7 /* volume~-help.pd in Resources */ = {isa = PBXBuildFile; fileRef = FAA6DDD31A6C4A230062A7B7 /* volume~-help.pd */; };
		FAA6DE481A6C4A230062A7B7 /* volume~.pd in Resources */ = {isa = PBXBuildFile; fileRef = FAA6DDD41A6C4A230062A7B7 /* volume~.pd */; };
		FAA6DE491A6C4A230062A7B7 /* waveview~.pd in Resources */ = {isa = PBXBuildFile; fileRef = FAA6DDD51A6C4A230062A7B7 /* waveview~.pd */; };
		FAC3908119FB28AA00B589C4 /* septagon_coordinates.c in Sources */ = {isa = PBXBuildFile; fileRef = FAC3908019FB28AA00B589C4 /* septagon_coordinates.c */; };
/* End PBXBuildFile section */

/* Begin PBXContainerItemProxy section */
		BED473B519FAF4F1006DD472 /* PBXContainerItemProxy */ = {
			isa = PBXContainerItemProxy;
			containerPortal = BED4739319FAF4F0006DD472 /* Project object */;
			proxyType = 1;
			remoteGlobalIDString = BED4739A19FAF4F0006DD472;
			remoteInfo = Hackathon2014;
		};
/* End PBXContainerItemProxy section */

/* Begin PBXFileReference section */
		6D27106291E14436A730D648 /* Pods-Hackathon2014.xcconfig */ = {isa = PBXFileReference; includeInIndex = 1; lastKnownFileType = text.xcconfig; name = "Pods-Hackathon2014.xcconfig"; path = "Pods/Pods-Hackathon2014.xcconfig"; sourceTree = "<group>"; };
		BD0C5724B16348D3987FB49D /* libPods-Hackathon2014.a */ = {isa = PBXFileReference; explicitFileType = archive.ar; includeInIndex = 0; path = "libPods-Hackathon2014.a"; sourceTree = BUILT_PRODUCTS_DIR; };
		BE7D30851A6B0AC300D03092 /* Constants.swift */ = {isa = PBXFileReference; fileEncoding = 4; lastKnownFileType = sourcecode.swift; path = Constants.swift; sourceTree = "<group>"; };
		BE7D308A1A6B2BF700D03092 /* EffectSlider.swift */ = {isa = PBXFileReference; fileEncoding = 4; lastKnownFileType = sourcecode.swift; path = EffectSlider.swift; sourceTree = "<group>"; };
		BE7D308C1A6B2BFF00D03092 /* EffectButton.swift */ = {isa = PBXFileReference; fileEncoding = 4; lastKnownFileType = sourcecode.swift; path = EffectButton.swift; sourceTree = "<group>"; };
		BE7D30921A6B2C3800D03092 /* Composition.swift */ = {isa = PBXFileReference; fileEncoding = 4; lastKnownFileType = sourcecode.swift; path = Composition.swift; sourceTree = "<group>"; };
		BE7D30941A6B2C3D00D03092 /* Note.swift */ = {isa = PBXFileReference; fileEncoding = 4; lastKnownFileType = sourcecode.swift; path = Note.swift; sourceTree = "<group>"; };
		BE7D30961A6B2C4400D03092 /* Effect.swift */ = {isa = PBXFileReference; fileEncoding = 4; lastKnownFileType = sourcecode.swift; path = Effect.swift; sourceTree = "<group>"; };
		BEBACA7B1A0D7ECF00F612EB /* INTSlider.h */ = {isa = PBXFileReference; fileEncoding = 4; lastKnownFileType = sourcecode.c.h; path = INTSlider.h; sourceTree = "<group>"; };
		BEBACA7C1A0D7ECF00F612EB /* INTSlider.m */ = {isa = PBXFileReference; fileEncoding = 4; lastKnownFileType = sourcecode.c.objc; path = INTSlider.m; sourceTree = "<group>"; };
		BEBACA7E1A0DA66000F612EB /* Hackathon2014-Bridging-Header.h */ = {isa = PBXFileReference; lastKnownFileType = sourcecode.c.h; path = "Hackathon2014-Bridging-Header.h"; sourceTree = "<group>"; };
		BED4739B19FAF4F0006DD472 /* Hackathon2014.app */ = {isa = PBXFileReference; explicitFileType = wrapper.application; includeInIndex = 0; path = Hackathon2014.app; sourceTree = BUILT_PRODUCTS_DIR; };
		BED4739F19FAF4F0006DD472 /* Info.plist */ = {isa = PBXFileReference; lastKnownFileType = text.plist.xml; path = Info.plist; sourceTree = "<group>"; };
		BED473A019FAF4F0006DD472 /* main.m */ = {isa = PBXFileReference; lastKnownFileType = sourcecode.c.objc; path = main.m; sourceTree = "<group>"; };
		BED473A219FAF4F0006DD472 /* AppDelegate.h */ = {isa = PBXFileReference; lastKnownFileType = sourcecode.c.h; path = AppDelegate.h; sourceTree = "<group>"; };
		BED473A319FAF4F0006DD472 /* AppDelegate.m */ = {isa = PBXFileReference; lastKnownFileType = sourcecode.c.objc; path = AppDelegate.m; sourceTree = "<group>"; };
		BED473A919FAF4F0006DD472 /* Base */ = {isa = PBXFileReference; lastKnownFileType = file.storyboard; name = Base; path = Base.lproj/Main.storyboard; sourceTree = "<group>"; };
		BED473AB19FAF4F0006DD472 /* Images.xcassets */ = {isa = PBXFileReference; lastKnownFileType = folder.assetcatalog; path = Images.xcassets; sourceTree = "<group>"; };
		BED473AE19FAF4F0006DD472 /* Base */ = {isa = PBXFileReference; lastKnownFileType = file.xib; name = Base; path = Base.lproj/LaunchScreen.xib; sourceTree = "<group>"; };
		BED473B419FAF4F1006DD472 /* Hackathon2014Tests.xctest */ = {isa = PBXFileReference; explicitFileType = wrapper.cfbundle; includeInIndex = 0; path = Hackathon2014Tests.xctest; sourceTree = BUILT_PRODUCTS_DIR; };
		BED473B919FAF4F1006DD472 /* Info.plist */ = {isa = PBXFileReference; lastKnownFileType = text.plist.xml; path = Info.plist; sourceTree = "<group>"; };
		BED473BA19FAF4F1006DD472 /* Hackathon2014Tests.m */ = {isa = PBXFileReference; lastKnownFileType = sourcecode.c.objc; path = Hackathon2014Tests.m; sourceTree = "<group>"; };
		BED473C719FAFBE8006DD472 /* INTInstrumentNote.h */ = {isa = PBXFileReference; fileEncoding = 4; lastKnownFileType = sourcecode.c.h; path = INTInstrumentNote.h; sourceTree = "<group>"; };
		BED473C819FAFBE8006DD472 /* INTInstrumentNote.m */ = {isa = PBXFileReference; fileEncoding = 4; lastKnownFileType = sourcecode.c.objc; path = INTInstrumentNote.m; sourceTree = "<group>"; };
		BED473CD19FAFD40006DD472 /* INTInstrumentViewController.h */ = {isa = PBXFileReference; fileEncoding = 4; lastKnownFileType = sourcecode.c.h; path = INTInstrumentViewController.h; sourceTree = "<group>"; };
		BED473CE19FAFD40006DD472 /* INTInstrumentViewController.m */ = {isa = PBXFileReference; fileEncoding = 4; lastKnownFileType = sourcecode.c.objc; path = INTInstrumentViewController.m; sourceTree = "<group>"; };
		BED473D019FB3968006DD472 /* septagon_coordinates.h */ = {isa = PBXFileReference; lastKnownFileType = sourcecode.c.h; path = septagon_coordinates.h; sourceTree = "<group>"; };
		BED4740C19FB704F006DD472 /* INTRootViewController.h */ = {isa = PBXFileReference; fileEncoding = 4; lastKnownFileType = sourcecode.c.h; path = INTRootViewController.h; sourceTree = "<group>"; };
		BED4740D19FB704F006DD472 /* INTRootViewController.m */ = {isa = PBXFileReference; fileEncoding = 4; lastKnownFileType = sourcecode.c.objc; path = INTRootViewController.m; sourceTree = "<group>"; };
		BED4741219FC743A006DD472 /* INTEffectsViewController.h */ = {isa = PBXFileReference; fileEncoding = 4; lastKnownFileType = sourcecode.c.h; path = INTEffectsViewController.h; sourceTree = "<group>"; };
		BED4741319FC743A006DD472 /* INTEffectsViewController.m */ = {isa = PBXFileReference; fileEncoding = 4; lastKnownFileType = sourcecode.c.objc; path = INTEffectsViewController.m; sourceTree = "<group>"; };
		BED4741819FD6A5D006DD472 /* INTSettingsViewController.h */ = {isa = PBXFileReference; fileEncoding = 4; lastKnownFileType = sourcecode.c.h; path = INTSettingsViewController.h; sourceTree = "<group>"; };
		BED4741919FD6A5D006DD472 /* INTSettingsViewController.m */ = {isa = PBXFileReference; fileEncoding = 4; lastKnownFileType = sourcecode.c.objc; path = INTSettingsViewController.m; sourceTree = "<group>"; };
		FA9F2B971A627D9400B2ACD6 /* penis_coordinates.c */ = {isa = PBXFileReference; fileEncoding = 4; lastKnownFileType = sourcecode.c.c; path = penis_coordinates.c; sourceTree = "<group>"; };
		FA9F2B981A627D9400B2ACD6 /* penis_coordinates.h */ = {isa = PBXFileReference; fileEncoding = 4; lastKnownFileType = sourcecode.c.h; path = penis_coordinates.h; sourceTree = "<group>"; };
		FAA6DD621A6C4A230062A7B7 /* _PD_Interface.txt */ = {isa = PBXFileReference; fileEncoding = 4; lastKnownFileType = text; path = _PD_Interface.txt; sourceTree = "<group>"; };
		FAA6DD631A6C4A230062A7B7 /* _Wave_Types.png */ = {isa = PBXFileReference; lastKnownFileType = image.png; path = _Wave_Types.png; sourceTree = "<group>"; };
		FAA6DD641A6C4A230062A7B7 /* adsr~.pd */ = {isa = PBXFileReference; fileEncoding = 4; lastKnownFileType = text; path = "adsr~.pd"; sourceTree = "<group>"; };
		FAA6DD651A6C4A230062A7B7 /* ak47.pd */ = {isa = PBXFileReference; fileEncoding = 4; lastKnownFileType = text; path = ak47.pd; sourceTree = "<group>"; };
		FAA6DD661A6C4A230062A7B7 /* AudioToMIDI.pd */ = {isa = PBXFileReference; fileEncoding = 4; lastKnownFileType = text; path = AudioToMIDI.pd; sourceTree = "<group>"; };
		FAA6DD671A6C4A230062A7B7 /* autofft~.pd */ = {isa = PBXFileReference; fileEncoding = 4; lastKnownFileType = text; path = "autofft~.pd"; sourceTree = "<group>"; };
		FAA6DD681A6C4A230062A7B7 /* autospectrum~.pd */ = {isa = PBXFileReference; fileEncoding = 4; lastKnownFileType = text; path = "autospectrum~.pd"; sourceTree = "<group>"; };
		FAA6DD691A6C4A230062A7B7 /* backup.pd */ = {isa = PBXFileReference; fileEncoding = 4; lastKnownFileType = text; path = backup.pd; sourceTree = "<group>"; };
		FAA6DD6A1A6C4A230062A7B7 /* biquad_coefficients.pd */ = {isa = PBXFileReference; fileEncoding = 4; lastKnownFileType = text; path = biquad_coefficients.pd; sourceTree = "<group>"; };
		FAA6DD6B1A6C4A230062A7B7 /* blank~.pd */ = {isa = PBXFileReference; fileEncoding = 4; lastKnownFileType = text; path = "blank~.pd"; sourceTree = "<group>"; };
		FAA6DD6C1A6C4A230062A7B7 /* channel.txt */ = {isa = PBXFileReference; fileEncoding = 4; lastKnownFileType = text; path = channel.txt; sourceTree = "<group>"; };
		FAA6DD6D1A6C4A230062A7B7 /* chorus~.pd */ = {isa = PBXFileReference; fileEncoding = 4; lastKnownFileType = text; path = "chorus~.pd"; sourceTree = "<group>"; };
		FAA6DD6E1A6C4A230062A7B7 /* diff.pd */ = {isa = PBXFileReference; fileEncoding = 4; lastKnownFileType = text; path = diff.pd; sourceTree = "<group>"; };
		FAA6DD6F1A6C4A230062A7B7 /* dynamic_manager.pd */ = {isa = PBXFileReference; fileEncoding = 4; lastKnownFileType = text; path = dynamic_manager.pd; sourceTree = "<group>"; };
		FAA6DD701A6C4A230062A7B7 /* dynamic_send.pd */ = {isa = PBXFileReference; fileEncoding = 4; lastKnownFileType = text; path = dynamic_send.pd; sourceTree = "<group>"; };
		FAA6DD711A6C4A230062A7B7 /* dynamo~.pd */ = {isa = PBXFileReference; fileEncoding = 4; lastKnownFileType = text; path = "dynamo~.pd"; sourceTree = "<group>"; };
		FAA6DD721A6C4A230062A7B7 /* dynamo~2.pd */ = {isa = PBXFileReference; fileEncoding = 4; lastKnownFileType = text; path = "dynamo~2.pd"; sourceTree = "<group>"; };
		FAA6DD731A6C4A230062A7B7 /* effect_manager.pd */ = {isa = PBXFileReference; fileEncoding = 4; lastKnownFileType = text; path = effect_manager.pd; sourceTree = "<group>"; };
		FAA6DD741A6C4A230062A7B7 /* eq~.pd */ = {isa = PBXFileReference; fileEncoding = 4; lastKnownFileType = text; path = "eq~.pd"; sourceTree = "<group>"; };
		FAA6DD751A6C4A230062A7B7 /* f!=.pd */ = {isa = PBXFileReference; fileEncoding = 4; lastKnownFileType = text; path = "f!=.pd"; sourceTree = "<group>"; };
		FAA6DD761A6C4A230062A7B7 /* FFTExample.pd */ = {isa = PBXFileReference; fileEncoding = 4; lastKnownFileType = text; path = FFTExample.pd; sourceTree = "<group>"; };
		FAA6DD771A6C4A230062A7B7 /* filter.pd */ = {isa = PBXFileReference; fileEncoding = 4; lastKnownFileType = text; path = filter.pd; sourceTree = "<group>"; };
		FAA6DD781A6C4A230062A7B7 /* for++-help.pd */ = {isa = PBXFileReference; fileEncoding = 4; lastKnownFileType = text; path = "for++-help.pd"; sourceTree = "<group>"; };
		FAA6DD791A6C4A230062A7B7 /* for++.pd */ = {isa = PBXFileReference; fileEncoding = 4; lastKnownFileType = text; path = "for++.pd"; sourceTree = "<group>"; };
		FAA6DD7A1A6C4A230062A7B7 /* gain~.pd */ = {isa = PBXFileReference; fileEncoding = 4; lastKnownFileType = text; path = "gain~.pd"; sourceTree = "<group>"; };
		FAA6DD7B1A6C4A230062A7B7 /* gate10.pd */ = {isa = PBXFileReference; fileEncoding = 4; lastKnownFileType = text; path = gate10.pd; sourceTree = "<group>"; };
		FAA6DD7C1A6C4A230062A7B7 /* gate11.pd */ = {isa = PBXFileReference; fileEncoding = 4; lastKnownFileType = text; path = gate11.pd; sourceTree = "<group>"; };
		FAA6DD7D1A6C4A230062A7B7 /* gate12.pd */ = {isa = PBXFileReference; fileEncoding = 4; lastKnownFileType = text; path = gate12.pd; sourceTree = "<group>"; };
		FAA6DD7E1A6C4A230062A7B7 /* gate16.pd */ = {isa = PBXFileReference; fileEncoding = 4; lastKnownFileType = text; path = gate16.pd; sourceTree = "<group>"; };
		FAA6DD7F1A6C4A230062A7B7 /* gate2.pd */ = {isa = PBXFileReference; fileEncoding = 4; lastKnownFileType = text; path = gate2.pd; sourceTree = "<group>"; };
		FAA6DD801A6C4A230062A7B7 /* gate3.pd */ = {isa = PBXFileReference; fileEncoding = 4; lastKnownFileType = text; path = gate3.pd; sourceTree = "<group>"; };
		FAA6DD811A6C4A230062A7B7 /* gate4.pd */ = {isa = PBXFileReference; fileEncoding = 4; lastKnownFileType = text; path = gate4.pd; sourceTree = "<group>"; };
		FAA6DD821A6C4A230062A7B7 /* gate5.pd */ = {isa = PBXFileReference; fileEncoding = 4; lastKnownFileType = text; path = gate5.pd; sourceTree = "<group>"; };
		FAA6DD831A6C4A230062A7B7 /* gate6.pd */ = {isa = PBXFileReference; fileEncoding = 4; lastKnownFileType = text; path = gate6.pd; sourceTree = "<group>"; };
		FAA6DD841A6C4A230062A7B7 /* gate7.pd */ = {isa = PBXFileReference; fileEncoding = 4; lastKnownFileType = text; path = gate7.pd; sourceTree = "<group>"; };
		FAA6DD851A6C4A230062A7B7 /* gate8.pd */ = {isa = PBXFileReference; fileEncoding = 4; lastKnownFileType = text; path = gate8.pd; sourceTree = "<group>"; };
		FAA6DD861A6C4A230062A7B7 /* gate9.pd */ = {isa = PBXFileReference; fileEncoding = 4; lastKnownFileType = text; path = gate9.pd; sourceTree = "<group>"; };
		FAA6DD871A6C4A230062A7B7 /* ggate.pd */ = {isa = PBXFileReference; fileEncoding = 4; lastKnownFileType = text; path = ggate.pd; sourceTree = "<group>"; };
		FAA6DD881A6C4A230062A7B7 /* ggate~.pd */ = {isa = PBXFileReference; fileEncoding = 4; lastKnownFileType = text; path = "ggate~.pd"; sourceTree = "<group>"; };
		FAA6DD891A6C4A230062A7B7 /* gswitch.pd */ = {isa = PBXFileReference; fileEncoding = 4; lastKnownFileType = text; path = gswitch.pd; sourceTree = "<group>"; };
		FAA6DD8A1A6C4A230062A7B7 /* gswitch~.pd */ = {isa = PBXFileReference; fileEncoding = 4; lastKnownFileType = text; path = "gswitch~.pd"; sourceTree = "<group>"; };
		FAA6DD8B1A6C4A230062A7B7 /* iterator.pd */ = {isa = PBXFileReference; fileEncoding = 4; lastKnownFileType = text; path = iterator.pd; sourceTree = "<group>"; };
		FAA6DD8C1A6C4A230062A7B7 /* iterator2.pd */ = {isa = PBXFileReference; fileEncoding = 4; lastKnownFileType = text; path = iterator2.pd; sourceTree = "<group>"; };
		FAA6DD8D1A6C4A230062A7B7 /* ladd.pd */ = {isa = PBXFileReference; fileEncoding = 4; lastKnownFileType = text; path = ladd.pd; sourceTree = "<group>"; };
		FAA6DD8E1A6C4A230062A7B7 /* ladd2.pd */ = {isa = PBXFileReference; fileEncoding = 4; lastKnownFileType = text; path = ladd2.pd; sourceTree = "<group>"; };
		FAA6DD8F1A6C4A230062A7B7 /* lap.pd */ = {isa = PBXFileReference; fileEncoding = 4; lastKnownFileType = text; path = lap.pd; sourceTree = "<group>"; };
		FAA6DD901A6C4A230062A7B7 /* lapp.pd */ = {isa = PBXFileReference; fileEncoding = 4; lastKnownFileType = text; path = lapp.pd; sourceTree = "<group>"; };
		FAA6DD911A6C4A230062A7B7 /* lappenditem.pd */ = {isa = PBXFileReference; fileEncoding = 4; lastKnownFileType = text; path = lappenditem.pd; sourceTree = "<group>"; };
		FAA6DD921A6C4A230062A7B7 /* last_note_off.pd */ = {isa = PBXFileReference; fileEncoding = 4; lastKnownFileType = text; path = last_note_off.pd; sourceTree = "<group>"; };
		FAA6DD931A6C4A230062A7B7 /* lbuilder.pd */ = {isa = PBXFileReference; fileEncoding = 4; lastKnownFileType = text; path = lbuilder.pd; sourceTree = "<group>"; };
		FAA6DD941A6C4A230062A7B7 /* lfl!=.pd */ = {isa = PBXFileReference; fileEncoding = 4; lastKnownFileType = text; path = "lfl!=.pd"; sourceTree = "<group>"; };
		FAA6DD951A6C4A230062A7B7 /* lfl<.pd */ = {isa = PBXFileReference; fileEncoding = 4; lastKnownFileType = text; path = "lfl<.pd"; sourceTree = "<group>"; };
		FAA6DD961A6C4A230062A7B7 /* lfl<=.pd */ = {isa = PBXFileReference; fileEncoding = 4; lastKnownFileType = text; path = "lfl<=.pd"; sourceTree = "<group>"; };
		FAA6DD971A6C4A230062A7B7 /* lfl==.pd */ = {isa = PBXFileReference; fileEncoding = 4; lastKnownFileType = text; path = "lfl==.pd"; sourceTree = "<group>"; };
		FAA6DD981A6C4A230062A7B7 /* lfl>.pd */ = {isa = PBXFileReference; fileEncoding = 4; lastKnownFileType = text; path = "lfl>.pd"; sourceTree = "<group>"; };
		FAA6DD991A6C4A230062A7B7 /* lfl>=.pd */ = {isa = PBXFileReference; fileEncoding = 4; lastKnownFileType = text; path = "lfl>=.pd"; sourceTree = "<group>"; };
		FAA6DD9A1A6C4A230062A7B7 /* lfor.pd */ = {isa = PBXFileReference; fileEncoding = 4; lastKnownFileType = text; path = lfor.pd; sourceTree = "<group>"; };
		FAA6DD9B1A6C4A230062A7B7 /* lfor2_template_pd.pd */ = {isa = PBXFileReference; fileEncoding = 4; lastKnownFileType = text; path = lfor2_template_pd.pd; sourceTree = "<group>"; };
		FAA6DD9C1A6C4A230062A7B7 /* lindexget.pd */ = {isa = PBXFileReference; fileEncoding = 4; lastKnownFileType = text; path = lindexget.pd; sourceTree = "<group>"; };
		FAA6DD9D1A6C4A230062A7B7 /* lindexset.pd */ = {isa = PBXFileReference; fileEncoding = 4; lastKnownFileType = text; path = lindexset.pd; sourceTree = "<group>"; };
		FAA6DD9E1A6C4A230062A7B7 /* lisp.pd */ = {isa = PBXFileReference; fileEncoding = 4; lastKnownFileType = text; path = lisp.pd; sourceTree = "<group>"; };
		FAA6DD9F1A6C4A230062A7B7 /* lispd.pd */ = {isa = PBXFileReference; fileEncoding = 4; lastKnownFileType = text; path = lispd.pd; sourceTree = "<group>"; };
		FAA6DDA01A6C4A230062A7B7 /* lispd_playground.pd */ = {isa = PBXFileReference; fileEncoding = 4; lastKnownFileType = text; path = lispd_playground.pd; sourceTree = "<group>"; };
		FAA6DDA11A6C4A230062A7B7 /* list_print.pd */ = {isa = PBXFileReference; fileEncoding = 4; lastKnownFileType = text; path = list_print.pd; sourceTree = "<group>"; };
		FAA6DDA21A6C4A230062A7B7 /* llfor.pd */ = {isa = PBXFileReference; fileEncoding = 4; lastKnownFileType = text; path = llfor.pd; sourceTree = "<group>"; };
		FAA6DDA31A6C4A230062A7B7 /* loadfloat.pd */ = {isa = PBXFileReference; fileEncoding = 4; lastKnownFileType = text; path = loadfloat.pd; sourceTree = "<group>"; };
		FAA6DDA41A6C4A230062A7B7 /* lobject.pd */ = {isa = PBXFileReference; fileEncoding = 4; lastKnownFileType = text; path = lobject.pd; sourceTree = "<group>"; };
		FAA6DDA51A6C4A230062A7B7 /* lpre.pd */ = {isa = PBXFileReference; fileEncoding = 4; lastKnownFileType = text; path = lpre.pd; sourceTree = "<group>"; };
		FAA6DDA61A6C4A230062A7B7 /* lprint.pd */ = {isa = PBXFileReference; fileEncoding = 4; lastKnownFileType = text; path = lprint.pd; sourceTree = "<group>"; };
		FAA6DDA71A6C4A230062A7B7 /* lreplace.pd */ = {isa = PBXFileReference; fileEncoding = 4; lastKnownFileType = text; path = lreplace.pd; sourceTree = "<group>"; };
		FAA6DDA81A6C4A230062A7B7 /* lreverse.pd */ = {isa = PBXFileReference; fileEncoding = 4; lastKnownFileType = text; path = lreverse.pd; sourceTree = "<group>"; };
		FAA6DDA91A6C4A230062A7B7 /* lset.pd */ = {isa = PBXFileReference; fileEncoding = 4; lastKnownFileType = text; path = lset.pd; sourceTree = "<group>"; };
		FAA6DDAA1A6C4A230062A7B7 /* Main.pd */ = {isa = PBXFileReference; fileEncoding = 4; lastKnownFileType = text; path = Main.pd; sourceTree = "<group>"; };
		FAA6DDAB1A6C4A230062A7B7 /* Master.pd */ = {isa = PBXFileReference; fileEncoding = 4; lastKnownFileType = text; path = Master.pd; sourceTree = "<group>"; };
		FAA6DDAC1A6C4A230062A7B7 /* Master2.pd */ = {isa = PBXFileReference; fileEncoding = 4; lastKnownFileType = text; path = Master2.pd; sourceTree = "<group>"; };
		FAA6DDAD1A6C4A230062A7B7 /* matrix~.pd */ = {isa = PBXFileReference; fileEncoding = 4; lastKnownFileType = text; path = "matrix~.pd"; sourceTree = "<group>"; };
		FAA6DDAE1A6C4A230062A7B7 /* message_list.pd */ = {isa = PBXFileReference; fileEncoding = 4; lastKnownFileType = text; path = message_list.pd; sourceTree = "<group>"; };
		FAA6DDAF1A6C4A230062A7B7 /* minigun-help.pd */ = {isa = PBXFileReference; fileEncoding = 4; lastKnownFileType = text; path = "minigun-help.pd"; sourceTree = "<group>"; };
		FAA6DDB01A6C4A230062A7B7 /* minigun.pd */ = {isa = PBXFileReference; fileEncoding = 4; lastKnownFileType = text; path = minigun.pd; sourceTree = "<group>"; };
		FAA6DDB11A6C4A230062A7B7 /* Module.pd */ = {isa = PBXFileReference; fileEncoding = 4; lastKnownFileType = text; path = Module.pd; sourceTree = "<group>"; };
		FAA6DDB21A6C4A230062A7B7 /* multidelay~.pd */ = {isa = PBXFileReference; fileEncoding = 4; lastKnownFileType = text; path = "multidelay~.pd"; sourceTree = "<group>"; };
		FAA6DDB31A6C4A230062A7B7 /* multifilter~.pd */ = {isa = PBXFileReference; fileEncoding = 4; lastKnownFileType = text; path = "multifilter~.pd"; sourceTree = "<group>"; };
		FAA6DDB41A6C4A230062A7B7 /* multitremolo~.pd */ = {isa = PBXFileReference; fileEncoding = 4; lastKnownFileType = text; path = "multitremolo~.pd"; sourceTree = "<group>"; };
		FAA6DDB51A6C4A230062A7B7 /* normalize~-help.pd */ = {isa = PBXFileReference; fileEncoding = 4; lastKnownFileType = text; path = "normalize~-help.pd"; sourceTree = "<group>"; };
		FAA6DDB61A6C4A230062A7B7 /* normalize~.pd */ = {isa = PBXFileReference; fileEncoding = 4; lastKnownFileType = text; path = "normalize~.pd"; sourceTree = "<group>"; };
		FAA6DDB71A6C4A230062A7B7 /* Note.pd */ = {isa = PBXFileReference; fileEncoding = 4; lastKnownFileType = text; path = Note.pd; sourceTree = "<group>"; };
		FAA6DDB81A6C4A230062A7B7 /* Note2.pd */ = {isa = PBXFileReference; fileEncoding = 4; lastKnownFileType = text; path = Note2.pd; sourceTree = "<group>"; };
		FAA6DDB91A6C4A230062A7B7 /* NoteEffectsRackTemp.pd */ = {isa = PBXFileReference; fileEncoding = 4; lastKnownFileType = text; path = NoteEffectsRackTemp.pd; sourceTree = "<group>"; };
		FAA6DDBA1A6C4A230062A7B7 /* noteflush.pd */ = {isa = PBXFileReference; fileEncoding = 4; lastKnownFileType = text; path = noteflush.pd; sourceTree = "<group>"; };
		FAA6DDBB1A6C4A230062A7B7 /* number.pd */ = {isa = PBXFileReference; fileEncoding = 4; lastKnownFileType = text; path = number.pd; sourceTree = "<group>"; };
		FAA6DDBC1A6C4A230062A7B7 /* OLD_PD_Interface.txt */ = {isa = PBXFileReference; fileEncoding = 4; lastKnownFileType = text; path = OLD_PD_Interface.txt; sourceTree = "<group>"; };
		FAA6DDBD1A6C4A230062A7B7 /* once.pd */ = {isa = PBXFileReference; fileEncoding = 4; lastKnownFileType = text; path = once.pd; sourceTree = "<group>"; };
		FAA6DDBE1A6C4A230062A7B7 /* once2.pd */ = {isa = PBXFileReference; fileEncoding = 4; lastKnownFileType = text; path = once2.pd; sourceTree = "<group>"; };
		FAA6DDBF1A6C4A230062A7B7 /* panner~.pd */ = {isa = PBXFileReference; fileEncoding = 4; lastKnownFileType = text; path = "panner~.pd"; sourceTree = "<group>"; };
		FAA6DDC01A6C4A230062A7B7 /* pencileq~.pd */ = {isa = PBXFileReference; fileEncoding = 4; lastKnownFileType = text; path = "pencileq~.pd"; sourceTree = "<group>"; };
		FAA6DDC11A6C4A230062A7B7 /* piano.pd */ = {isa = PBXFileReference; fileEncoding = 4; lastKnownFileType = text; path = piano.pd; sourceTree = "<group>"; };
		FAA6DDC21A6C4A230062A7B7 /* playground.pd */ = {isa = PBXFileReference; fileEncoding = 4; lastKnownFileType = text; path = playground.pd; sourceTree = "<group>"; };
		FAA6DDC31A6C4A230062A7B7 /* remove_dc_offset~-help.pd */ = {isa = PBXFileReference; fileEncoding = 4; lastKnownFileType = text; path = "remove_dc_offset~-help.pd"; sourceTree = "<group>"; };
		FAA6DDC41A6C4A230062A7B7 /* remove_dc_offset~.pd */ = {isa = PBXFileReference; fileEncoding = 4; lastKnownFileType = text; path = "remove_dc_offset~.pd"; sourceTree = "<group>"; };
		FAA6DDC51A6C4A230062A7B7 /* reverse list.pd */ = {isa = PBXFileReference; fileEncoding = 4; lastKnownFileType = text; path = "reverse list.pd"; sourceTree = "<group>"; };
		FAA6DDC61A6C4A230062A7B7 /* ringmod~.pd */ = {isa = PBXFileReference; fileEncoding = 4; lastKnownFileType = text; path = "ringmod~.pd"; sourceTree = "<group>"; };
		FAA6DDC71A6C4A230062A7B7 /* scratch.pd */ = {isa = PBXFileReference; fileEncoding = 4; lastKnownFileType = text; path = scratch.pd; sourceTree = "<group>"; };
		FAA6DDC81A6C4A230062A7B7 /* synth^~.pd */ = {isa = PBXFileReference; fileEncoding = 4; lastKnownFileType = text; path = "synth^~.pd"; sourceTree = "<group>"; };
		FAA6DDC91A6C4A230062A7B7 /* synth~.pd */ = {isa = PBXFileReference; fileEncoding = 4; lastKnownFileType = text; path = "synth~.pd"; sourceTree = "<group>"; };
		FAA6DDCA1A6C4A230062A7B7 /* test.pd */ = {isa = PBXFileReference; fileEncoding = 4; lastKnownFileType = text; path = test.pd; sourceTree = "<group>"; };
		FAA6DDCB1A6C4A230062A7B7 /* testdp~.pd */ = {isa = PBXFileReference; fileEncoding = 4; lastKnownFileType = text; path = "testdp~.pd"; sourceTree = "<group>"; };
		FAA6DDCC1A6C4A230062A7B7 /* testing_grounds.pd */ = {isa = PBXFileReference; fileEncoding = 4; lastKnownFileType = text; path = testing_grounds.pd; sourceTree = "<group>"; };
		FAA6DDCD1A6C4A230062A7B7 /* toint.pd */ = {isa = PBXFileReference; fileEncoding = 4; lastKnownFileType = text; path = toint.pd; sourceTree = "<group>"; };
		FAA6DDCE1A6C4A230062A7B7 /* transistor~.pd */ = {isa = PBXFileReference; fileEncoding = 4; lastKnownFileType = text; path = "transistor~.pd"; sourceTree = "<group>"; };
		FAA6DDCF1A6C4A230062A7B7 /* Untitled-1.pd */ = {isa = PBXFileReference; fileEncoding = 4; lastKnownFileType = text; path = "Untitled-1.pd"; sourceTree = "<group>"; };
		FAA6DDD01A6C4A230062A7B7 /* vibrato~.pd */ = {isa = PBXFileReference; fileEncoding = 4; lastKnownFileType = text; path = "vibrato~.pd"; sourceTree = "<group>"; };
		FAA6DDD11A6C4A230062A7B7 /* view~.pd */ = {isa = PBXFileReference; fileEncoding = 4; lastKnownFileType = text; path = "view~.pd"; sourceTree = "<group>"; };
		FAA6DDD21A6C4A230062A7B7 /* voice~.pd */ = {isa = PBXFileReference; fileEncoding = 4; lastKnownFileType = text; path = "voice~.pd"; sourceTree = "<group>"; };
		FAA6DDD31A6C4A230062A7B7 /* volume~-help.pd */ = {isa = PBXFileReference; fileEncoding = 4; lastKnownFileType = text; path = "volume~-help.pd"; sourceTree = "<group>"; };
		FAA6DDD41A6C4A230062A7B7 /* volume~.pd */ = {isa = PBXFileReference; fileEncoding = 4; lastKnownFileType = text; path = "volume~.pd"; sourceTree = "<group>"; };
		FAA6DDD51A6C4A230062A7B7 /* waveview~.pd */ = {isa = PBXFileReference; fileEncoding = 4; lastKnownFileType = text; path = "waveview~.pd"; sourceTree = "<group>"; };
		FAC3908019FB28AA00B589C4 /* septagon_coordinates.c */ = {isa = PBXFileReference; fileEncoding = 4; lastKnownFileType = sourcecode.c.c; path = septagon_coordinates.c; sourceTree = "<group>"; };
/* End PBXFileReference section */

/* Begin PBXFrameworksBuildPhase section */
		BED4739819FAF4F0006DD472 /* Frameworks */ = {
			isa = PBXFrameworksBuildPhase;
			buildActionMask = 2147483647;
			files = (
				E3BC1ACB1A88471588F2A91B /* libPods-Hackathon2014.a in Frameworks */,
			);
			runOnlyForDeploymentPostprocessing = 0;
		};
		BED473B119FAF4F1006DD472 /* Frameworks */ = {
			isa = PBXFrameworksBuildPhase;
			buildActionMask = 2147483647;
			files = (
			);
			runOnlyForDeploymentPostprocessing = 0;
		};
/* End PBXFrameworksBuildPhase section */

/* Begin PBXGroup section */
		2A20475FED1749C2BB2EFE4A /* Frameworks */ = {
			isa = PBXGroup;
			children = (
				BD0C5724B16348D3987FB49D /* libPods-Hackathon2014.a */,
			);
			name = Frameworks;
			sourceTree = "<group>";
		};
		BE7D30871A6B18DF00D03092 /* Components */ = {
			isa = PBXGroup;
			children = (
				BE7D308A1A6B2BF700D03092 /* EffectSlider.swift */,
				BE7D308C1A6B2BFF00D03092 /* EffectButton.swift */,
			);
			name = Components;
			sourceTree = "<group>";
		};
		BE7D30881A6B2BA400D03092 /* Models */ = {
			isa = PBXGroup;
			children = (
				BE7D30921A6B2C3800D03092 /* Composition.swift */,
				BE7D30941A6B2C3D00D03092 /* Note.swift */,
				BE7D30961A6B2C4400D03092 /* Effect.swift */,
			);
			name = Models;
			sourceTree = "<group>";
		};
		BED4739219FAF4F0006DD472 = {
			isa = PBXGroup;
			children = (
				FAA6DD611A6C4A230062A7B7 /* Pure-Data */,
				BED4739D19FAF4F0006DD472 /* Hackathon2014 */,
				BED473B719FAF4F1006DD472 /* Hackathon2014Tests */,
				BED4739C19FAF4F0006DD472 /* Products */,
				6D27106291E14436A730D648 /* Pods-Hackathon2014.xcconfig */,
				2A20475FED1749C2BB2EFE4A /* Frameworks */,
			);
			sourceTree = "<group>";
		};
		BED4739C19FAF4F0006DD472 /* Products */ = {
			isa = PBXGroup;
			children = (
				BED4739B19FAF4F0006DD472 /* Hackathon2014.app */,
				BED473B419FAF4F1006DD472 /* Hackathon2014Tests.xctest */,
			);
			name = Products;
			sourceTree = "<group>";
		};
		BED4739D19FAF4F0006DD472 /* Hackathon2014 */ = {
			isa = PBXGroup;
			children = (
				BE7D30871A6B18DF00D03092 /* Components */,
				BED473C419FAFBBA006DD472 /* Controllers */,
				BED473C619FAFBCD006DD472 /* Views */,
				BED473A219FAF4F0006DD472 /* AppDelegate.h */,
				BED473A319FAF4F0006DD472 /* AppDelegate.m */,
				BED473A819FAF4F0006DD472 /* Main.storyboard */,
				BED473AB19FAF4F0006DD472 /* Images.xcassets */,
				BED473AD19FAF4F0006DD472 /* LaunchScreen.xib */,
				BED4739E19FAF4F0006DD472 /* Supporting Files */,
				FAC3908019FB28AA00B589C4 /* septagon_coordinates.c */,
				BED473D019FB3968006DD472 /* septagon_coordinates.h */,
				FA9F2B971A627D9400B2ACD6 /* penis_coordinates.c */,
				FA9F2B981A627D9400B2ACD6 /* penis_coordinates.h */,
				BEBACA7E1A0DA66000F612EB /* Hackathon2014-Bridging-Header.h */,
				BE7D30851A6B0AC300D03092 /* Constants.swift */,
				BE7D30881A6B2BA400D03092 /* Models */,
			);
			path = Hackathon2014;
			sourceTree = "<group>";
		};
		BED4739E19FAF4F0006DD472 /* Supporting Files */ = {
			isa = PBXGroup;
			children = (
				BED4739F19FAF4F0006DD472 /* Info.plist */,
				BED473A019FAF4F0006DD472 /* main.m */,
			);
			name = "Supporting Files";
			sourceTree = "<group>";
		};
		BED473B719FAF4F1006DD472 /* Hackathon2014Tests */ = {
			isa = PBXGroup;
			children = (
				BED473BA19FAF4F1006DD472 /* Hackathon2014Tests.m */,
				BED473B819FAF4F1006DD472 /* Supporting Files */,
			);
			path = Hackathon2014Tests;
			sourceTree = "<group>";
		};
		BED473B819FAF4F1006DD472 /* Supporting Files */ = {
			isa = PBXGroup;
			children = (
				BED473B919FAF4F1006DD472 /* Info.plist */,
			);
			name = "Supporting Files";
			sourceTree = "<group>";
		};
		BED473C419FAFBBA006DD472 /* Controllers */ = {
			isa = PBXGroup;
			children = (
				BED473CD19FAFD40006DD472 /* INTInstrumentViewController.h */,
				BED473CE19FAFD40006DD472 /* INTInstrumentViewController.m */,
				BED4741219FC743A006DD472 /* INTEffectsViewController.h */,
				BED4741319FC743A006DD472 /* INTEffectsViewController.m */,
				BED4740C19FB704F006DD472 /* INTRootViewController.h */,
				BED4740D19FB704F006DD472 /* INTRootViewController.m */,
				BED4741819FD6A5D006DD472 /* INTSettingsViewController.h */,
				BED4741919FD6A5D006DD472 /* INTSettingsViewController.m */,
			);
			name = Controllers;
			sourceTree = "<group>";
		};
		BED473C619FAFBCD006DD472 /* Views */ = {
			isa = PBXGroup;
			children = (
				BED473C719FAFBE8006DD472 /* INTInstrumentNote.h */,
				BED473C819FAFBE8006DD472 /* INTInstrumentNote.m */,
				BEBACA7B1A0D7ECF00F612EB /* INTSlider.h */,
				BEBACA7C1A0D7ECF00F612EB /* INTSlider.m */,
			);
			name = Views;
			sourceTree = "<group>";
		};
		FAA6DD611A6C4A230062A7B7 /* Pure-Data */ = {
			isa = PBXGroup;
			children = (
				FAA6DD621A6C4A230062A7B7 /* _PD_Interface.txt */,
				FAA6DD631A6C4A230062A7B7 /* _Wave_Types.png */,
				FAA6DD641A6C4A230062A7B7 /* adsr~.pd */,
				FAA6DD651A6C4A230062A7B7 /* ak47.pd */,
				FAA6DD661A6C4A230062A7B7 /* AudioToMIDI.pd */,
				FAA6DD671A6C4A230062A7B7 /* autofft~.pd */,
				FAA6DD681A6C4A230062A7B7 /* autospectrum~.pd */,
				FAA6DD691A6C4A230062A7B7 /* backup.pd */,
				FAA6DD6A1A6C4A230062A7B7 /* biquad_coefficients.pd */,
				FAA6DD6B1A6C4A230062A7B7 /* blank~.pd */,
				FAA6DD6C1A6C4A230062A7B7 /* channel.txt */,
				FAA6DD6D1A6C4A230062A7B7 /* chorus~.pd */,
				FAA6DD6E1A6C4A230062A7B7 /* diff.pd */,
				FAA6DD6F1A6C4A230062A7B7 /* dynamic_manager.pd */,
				FAA6DD701A6C4A230062A7B7 /* dynamic_send.pd */,
				FAA6DD711A6C4A230062A7B7 /* dynamo~.pd */,
				FAA6DD721A6C4A230062A7B7 /* dynamo~2.pd */,
				FAA6DD731A6C4A230062A7B7 /* effect_manager.pd */,
				FAA6DD741A6C4A230062A7B7 /* eq~.pd */,
				FAA6DD751A6C4A230062A7B7 /* f!=.pd */,
				FAA6DD761A6C4A230062A7B7 /* FFTExample.pd */,
				FAA6DD771A6C4A230062A7B7 /* filter.pd */,
				FAA6DD781A6C4A230062A7B7 /* for++-help.pd */,
				FAA6DD791A6C4A230062A7B7 /* for++.pd */,
				FAA6DD7A1A6C4A230062A7B7 /* gain~.pd */,
				FAA6DD7B1A6C4A230062A7B7 /* gate10.pd */,
				FAA6DD7C1A6C4A230062A7B7 /* gate11.pd */,
				FAA6DD7D1A6C4A230062A7B7 /* gate12.pd */,
				FAA6DD7E1A6C4A230062A7B7 /* gate16.pd */,
				FAA6DD7F1A6C4A230062A7B7 /* gate2.pd */,
				FAA6DD801A6C4A230062A7B7 /* gate3.pd */,
				FAA6DD811A6C4A230062A7B7 /* gate4.pd */,
				FAA6DD821A6C4A230062A7B7 /* gate5.pd */,
				FAA6DD831A6C4A230062A7B7 /* gate6.pd */,
				FAA6DD841A6C4A230062A7B7 /* gate7.pd */,
				FAA6DD851A6C4A230062A7B7 /* gate8.pd */,
				FAA6DD861A6C4A230062A7B7 /* gate9.pd */,
				FAA6DD871A6C4A230062A7B7 /* ggate.pd */,
				FAA6DD881A6C4A230062A7B7 /* ggate~.pd */,
				FAA6DD891A6C4A230062A7B7 /* gswitch.pd */,
				FAA6DD8A1A6C4A230062A7B7 /* gswitch~.pd */,
				FAA6DD8B1A6C4A230062A7B7 /* iterator.pd */,
				FAA6DD8C1A6C4A230062A7B7 /* iterator2.pd */,
				FAA6DD8D1A6C4A230062A7B7 /* ladd.pd */,
				FAA6DD8E1A6C4A230062A7B7 /* ladd2.pd */,
				FAA6DD8F1A6C4A230062A7B7 /* lap.pd */,
				FAA6DD901A6C4A230062A7B7 /* lapp.pd */,
				FAA6DD911A6C4A230062A7B7 /* lappenditem.pd */,
				FAA6DD921A6C4A230062A7B7 /* last_note_off.pd */,
				FAA6DD931A6C4A230062A7B7 /* lbuilder.pd */,
				FAA6DD941A6C4A230062A7B7 /* lfl!=.pd */,
				FAA6DD951A6C4A230062A7B7 /* lfl<.pd */,
				FAA6DD961A6C4A230062A7B7 /* lfl<=.pd */,
				FAA6DD971A6C4A230062A7B7 /* lfl==.pd */,
				FAA6DD981A6C4A230062A7B7 /* lfl>.pd */,
				FAA6DD991A6C4A230062A7B7 /* lfl>=.pd */,
				FAA6DD9A1A6C4A230062A7B7 /* lfor.pd */,
				FAA6DD9B1A6C4A230062A7B7 /* lfor2_template_pd.pd */,
				FAA6DD9C1A6C4A230062A7B7 /* lindexget.pd */,
				FAA6DD9D1A6C4A230062A7B7 /* lindexset.pd */,
				FAA6DD9E1A6C4A230062A7B7 /* lisp.pd */,
				FAA6DD9F1A6C4A230062A7B7 /* lispd.pd */,
				FAA6DDA01A6C4A230062A7B7 /* lispd_playground.pd */,
				FAA6DDA11A6C4A230062A7B7 /* list_print.pd */,
				FAA6DDA21A6C4A230062A7B7 /* llfor.pd */,
				FAA6DDA31A6C4A230062A7B7 /* loadfloat.pd */,
				FAA6DDA41A6C4A230062A7B7 /* lobject.pd */,
				FAA6DDA51A6C4A230062A7B7 /* lpre.pd */,
				FAA6DDA61A6C4A230062A7B7 /* lprint.pd */,
				FAA6DDA71A6C4A230062A7B7 /* lreplace.pd */,
				FAA6DDA81A6C4A230062A7B7 /* lreverse.pd */,
				FAA6DDA91A6C4A230062A7B7 /* lset.pd */,
				FAA6DDAA1A6C4A230062A7B7 /* Main.pd */,
				FAA6DDAB1A6C4A230062A7B7 /* Master.pd */,
				FAA6DDAC1A6C4A230062A7B7 /* Master2.pd */,
				FAA6DDAD1A6C4A230062A7B7 /* matrix~.pd */,
				FAA6DDAE1A6C4A230062A7B7 /* message_list.pd */,
				FAA6DDAF1A6C4A230062A7B7 /* minigun-help.pd */,
				FAA6DDB01A6C4A230062A7B7 /* minigun.pd */,
				FAA6DDB11A6C4A230062A7B7 /* Module.pd */,
				FAA6DDB21A6C4A230062A7B7 /* multidelay~.pd */,
				FAA6DDB31A6C4A230062A7B7 /* multifilter~.pd */,
				FAA6DDB41A6C4A230062A7B7 /* multitremolo~.pd */,
				FAA6DDB51A6C4A230062A7B7 /* normalize~-help.pd */,
				FAA6DDB61A6C4A230062A7B7 /* normalize~.pd */,
				FAA6DDB71A6C4A230062A7B7 /* Note.pd */,
				FAA6DDB81A6C4A230062A7B7 /* Note2.pd */,
				FAA6DDB91A6C4A230062A7B7 /* NoteEffectsRackTemp.pd */,
				FAA6DDBA1A6C4A230062A7B7 /* noteflush.pd */,
				FAA6DDBB1A6C4A230062A7B7 /* number.pd */,
				FAA6DDBC1A6C4A230062A7B7 /* OLD_PD_Interface.txt */,
				FAA6DDBD1A6C4A230062A7B7 /* once.pd */,
				FAA6DDBE1A6C4A230062A7B7 /* once2.pd */,
				FAA6DDBF1A6C4A230062A7B7 /* panner~.pd */,
				FAA6DDC01A6C4A230062A7B7 /* pencileq~.pd */,
				FAA6DDC11A6C4A230062A7B7 /* piano.pd */,
				FAA6DDC21A6C4A230062A7B7 /* playground.pd */,
				FAA6DDC31A6C4A230062A7B7 /* remove_dc_offset~-help.pd */,
				FAA6DDC41A6C4A230062A7B7 /* remove_dc_offset~.pd */,
				FAA6DDC51A6C4A230062A7B7 /* reverse list.pd */,
				FAA6DDC61A6C4A230062A7B7 /* ringmod~.pd */,
				FAA6DDC71A6C4A230062A7B7 /* scratch.pd */,
				FAA6DDC81A6C4A230062A7B7 /* synth^~.pd */,
				FAA6DDC91A6C4A230062A7B7 /* synth~.pd */,
				FAA6DDCA1A6C4A230062A7B7 /* test.pd */,
				FAA6DDCB1A6C4A230062A7B7 /* testdp~.pd */,
				FAA6DDCC1A6C4A230062A7B7 /* testing_grounds.pd */,
				FAA6DDCD1A6C4A230062A7B7 /* toint.pd */,
				FAA6DDCE1A6C4A230062A7B7 /* transistor~.pd */,
				FAA6DDCF1A6C4A230062A7B7 /* Untitled-1.pd */,
				FAA6DDD01A6C4A230062A7B7 /* vibrato~.pd */,
				FAA6DDD11A6C4A230062A7B7 /* view~.pd */,
				FAA6DDD21A6C4A230062A7B7 /* voice~.pd */,
				FAA6DDD31A6C4A230062A7B7 /* volume~-help.pd */,
				FAA6DDD41A6C4A230062A7B7 /* volume~.pd */,
				FAA6DDD51A6C4A230062A7B7 /* waveview~.pd */,
			);
			name = "Pure-Data";
			path = "Hackathon2014/Pure-Data";
			sourceTree = "<group>";
		};
/* End PBXGroup section */

/* Begin PBXNativeTarget section */
		BED4739A19FAF4F0006DD472 /* Hackathon2014 */ = {
			isa = PBXNativeTarget;
			buildConfigurationList = BED473BE19FAF4F1006DD472 /* Build configuration list for PBXNativeTarget "Hackathon2014" */;
			buildPhases = (
				2E939AF13CDD43CAA038D249 /* Check Pods Manifest.lock */,
				BED4739719FAF4F0006DD472 /* Sources */,
				BED4739819FAF4F0006DD472 /* Frameworks */,
				BED4739919FAF4F0006DD472 /* Resources */,
				C3788ACF2AAF4700A5EFC194 /* Copy Pods Resources */,
			);
			buildRules = (
			);
			dependencies = (
			);
			name = Hackathon2014;
			productName = Hackathon2014;
			productReference = BED4739B19FAF4F0006DD472 /* Hackathon2014.app */;
			productType = "com.apple.product-type.application";
		};
		BED473B319FAF4F1006DD472 /* Hackathon2014Tests */ = {
			isa = PBXNativeTarget;
			buildConfigurationList = BED473C119FAF4F1006DD472 /* Build configuration list for PBXNativeTarget "Hackathon2014Tests" */;
			buildPhases = (
				BED473B019FAF4F1006DD472 /* Sources */,
				BED473B119FAF4F1006DD472 /* Frameworks */,
				BED473B219FAF4F1006DD472 /* Resources */,
			);
			buildRules = (
			);
			dependencies = (
				BED473B619FAF4F1006DD472 /* PBXTargetDependency */,
			);
			name = Hackathon2014Tests;
			productName = Hackathon2014Tests;
			productReference = BED473B419FAF4F1006DD472 /* Hackathon2014Tests.xctest */;
			productType = "com.apple.product-type.bundle.unit-test";
		};
/* End PBXNativeTarget section */

/* Begin PBXProject section */
		BED4739319FAF4F0006DD472 /* Project object */ = {
			isa = PBXProject;
			attributes = {
				LastUpgradeCheck = 0600;
				ORGANIZATIONNAME = "Intrinsic Audio";
				TargetAttributes = {
					BED4739A19FAF4F0006DD472 = {
						CreatedOnToolsVersion = 6.0.1;
						DevelopmentTeam = 26XAG5JK75;
					};
					BED473B319FAF4F1006DD472 = {
						CreatedOnToolsVersion = 6.0.1;
						DevelopmentTeam = 26XAG5JK75;
						TestTargetID = BED4739A19FAF4F0006DD472;
					};
				};
			};
			buildConfigurationList = BED4739619FAF4F0006DD472 /* Build configuration list for PBXProject "Hackathon2014" */;
			compatibilityVersion = "Xcode 3.2";
			developmentRegion = English;
			hasScannedForEncodings = 0;
			knownRegions = (
				en,
				Base,
			);
			mainGroup = BED4739219FAF4F0006DD472;
			productRefGroup = BED4739C19FAF4F0006DD472 /* Products */;
			projectDirPath = "";
			projectRoot = "";
			targets = (
				BED4739A19FAF4F0006DD472 /* Hackathon2014 */,
				BED473B319FAF4F1006DD472 /* Hackathon2014Tests */,
			);
		};
/* End PBXProject section */

/* Begin PBXResourcesBuildPhase section */
		BED4739919FAF4F0006DD472 /* Resources */ = {
			isa = PBXResourcesBuildPhase;
			buildActionMask = 2147483647;
			files = (
				FAA6DE301A6C4A230062A7B7 /* OLD_PD_Interface.txt in Resources */,
				FAA6DE2C1A6C4A230062A7B7 /* Note2.pd in Resources */,
				FAA6DE261A6C4A230062A7B7 /* multidelay~.pd in Resources */,
				FAA6DDE71A6C4A230062A7B7 /* effect_manager.pd in Resources */,
				FAA6DE121A6C4A230062A7B7 /* lisp.pd in Resources */,
				FAA6DE451A6C4A230062A7B7 /* view~.pd in Resources */,
				FAA6DDEF1A6C4A230062A7B7 /* gate10.pd in Resources */,
				FAA6DE181A6C4A230062A7B7 /* lobject.pd in Resources */,
				FAA6DE1A1A6C4A230062A7B7 /* lprint.pd in Resources */,
				FAA6DE291A6C4A230062A7B7 /* normalize~-help.pd in Resources */,
				FAA6DE171A6C4A230062A7B7 /* loadfloat.pd in Resources */,
				FAA6DDED1A6C4A230062A7B7 /* for++.pd in Resources */,
				FAA6DDDA1A6C4A230062A7B7 /* AudioToMIDI.pd in Resources */,
				FAA6DDEB1A6C4A230062A7B7 /* filter.pd in Resources */,
				FAA6DDE61A6C4A230062A7B7 /* dynamo~2.pd in Resources */,
				FAA6DE3C1A6C4A230062A7B7 /* synth^~.pd in Resources */,
				FAA6DE431A6C4A230062A7B7 /* Untitled-1.pd in Resources */,
				FAA6DDEA1A6C4A230062A7B7 /* FFTExample.pd in Resources */,
				FAA6DDD81A6C4A230062A7B7 /* adsr~.pd in Resources */,
				FAA6DE091A6C4A230062A7B7 /* lfl<.pd in Resources */,
				FAA6DDE21A6C4A230062A7B7 /* diff.pd in Resources */,
				FAA6DDDF1A6C4A230062A7B7 /* blank~.pd in Resources */,
				FAA6DDFD1A6C4A230062A7B7 /* gswitch.pd in Resources */,
				FAA6DE381A6C4A230062A7B7 /* remove_dc_offset~.pd in Resources */,
				FAA6DDF71A6C4A230062A7B7 /* gate6.pd in Resources */,
				FAA6DE111A6C4A230062A7B7 /* lindexset.pd in Resources */,
				FAA6DDDB1A6C4A230062A7B7 /* autofft~.pd in Resources */,
				FAA6DE341A6C4A230062A7B7 /* pencileq~.pd in Resources */,
				FAA6DDE51A6C4A230062A7B7 /* dynamo~.pd in Resources */,
				FAA6DDFF1A6C4A230062A7B7 /* iterator.pd in Resources */,
				FAA6DDFC1A6C4A230062A7B7 /* ggate~.pd in Resources */,
				FAA6DDE11A6C4A230062A7B7 /* chorus~.pd in Resources */,
				FAA6DE2E1A6C4A230062A7B7 /* noteflush.pd in Resources */,
				FAA6DE1F1A6C4A230062A7B7 /* Master.pd in Resources */,
				FAA6DE191A6C4A230062A7B7 /* lpre.pd in Resources */,
				FAA6DE461A6C4A230062A7B7 /* voice~.pd in Resources */,
				FAA6DE021A6C4A230062A7B7 /* ladd2.pd in Resources */,
				FAA6DE391A6C4A230062A7B7 /* reverse list.pd in Resources */,
				FAA6DE041A6C4A230062A7B7 /* lapp.pd in Resources */,
				FAA6DDF91A6C4A230062A7B7 /* gate8.pd in Resources */,
				FAA6DE3B1A6C4A230062A7B7 /* scratch.pd in Resources */,
				FAA6DE141A6C4A230062A7B7 /* lispd_playground.pd in Resources */,
				FAA6DE421A6C4A230062A7B7 /* transistor~.pd in Resources */,
				FAA6DE0F1A6C4A230062A7B7 /* lfor2_template_pd.pd in Resources */,
				FAA6DDF81A6C4A230062A7B7 /* gate7.pd in Resources */,
				FAA6DE3F1A6C4A230062A7B7 /* testdp~.pd in Resources */,
				FAA6DDE01A6C4A230062A7B7 /* channel.txt in Resources */,
				FAA6DE2F1A6C4A230062A7B7 /* number.pd in Resources */,
				FAA6DE201A6C4A230062A7B7 /* Master2.pd in Resources */,
				FAA6DE051A6C4A230062A7B7 /* lappenditem.pd in Resources */,
				FAA6DE3E1A6C4A230062A7B7 /* test.pd in Resources */,
				FAA6DDEC1A6C4A230062A7B7 /* for++-help.pd in Resources */,
				FAA6DE1C1A6C4A230062A7B7 /* lreverse.pd in Resources */,
				FAA6DE2D1A6C4A230062A7B7 /* NoteEffectsRackTemp.pd in Resources */,
				FAA6DE411A6C4A230062A7B7 /* toint.pd in Resources */,
				FAA6DE2A1A6C4A230062A7B7 /* normalize~.pd in Resources */,
				FAA6DE0C1A6C4A230062A7B7 /* lfl>.pd in Resources */,
				FAA6DDE81A6C4A230062A7B7 /* eq~.pd in Resources */,
				BED473AA19FAF4F0006DD472 /* Main.storyboard in Resources */,
				FAA6DE211A6C4A230062A7B7 /* matrix~.pd in Resources */,
				FAA6DE371A6C4A230062A7B7 /* remove_dc_offset~-help.pd in Resources */,
				FAA6DDFB1A6C4A230062A7B7 /* ggate.pd in Resources */,
				FAA6DDE31A6C4A230062A7B7 /* dynamic_manager.pd in Resources */,
				FAA6DDD71A6C4A230062A7B7 /* _Wave_Types.png in Resources */,
				FAA6DE271A6C4A230062A7B7 /* multifilter~.pd in Resources */,
				FAA6DDF21A6C4A230062A7B7 /* gate16.pd in Resources */,
				FAA6DE0B1A6C4A230062A7B7 /* lfl==.pd in Resources */,
				BED473AF19FAF4F0006DD472 /* LaunchScreen.xib in Resources */,
				FAA6DDF51A6C4A230062A7B7 /* gate4.pd in Resources */,
				FAA6DE1B1A6C4A230062A7B7 /* lreplace.pd in Resources */,
				FAA6DE011A6C4A230062A7B7 /* ladd.pd in Resources */,
				FAA6DE281A6C4A230062A7B7 /* multitremolo~.pd in Resources */,
				FAA6DE221A6C4A230062A7B7 /* message_list.pd in Resources */,
				FAA6DDDC1A6C4A230062A7B7 /* autospectrum~.pd in Resources */,
				FAA6DDDE1A6C4A230062A7B7 /* biquad_coefficients.pd in Resources */,
				FAA6DE251A6C4A230062A7B7 /* Module.pd in Resources */,
				FAA6DE2B1A6C4A230062A7B7 /* Note.pd in Resources */,
				FAA6DE071A6C4A230062A7B7 /* lbuilder.pd in Resources */,
				FAA6DE321A6C4A230062A7B7 /* once2.pd in Resources */,
				FAA6DE241A6C4A230062A7B7 /* minigun.pd in Resources */,
				FAA6DE3D1A6C4A230062A7B7 /* synth~.pd in Resources */,
				FAA6DDD61A6C4A230062A7B7 /* _PD_Interface.txt in Resources */,
				FAA6DE1E1A6C4A230062A7B7 /* Main.pd in Resources */,
				FAA6DE001A6C4A230062A7B7 /* iterator2.pd in Resources */,
				FAA6DE161A6C4A230062A7B7 /* llfor.pd in Resources */,
				FAA6DE131A6C4A230062A7B7 /* lispd.pd in Resources */,
				FAA6DE061A6C4A230062A7B7 /* last_note_off.pd in Resources */,
				FAA6DDDD1A6C4A230062A7B7 /* backup.pd in Resources */,
				FAA6DE101A6C4A230062A7B7 /* lindexget.pd in Resources */,
				FAA6DE0A1A6C4A230062A7B7 /* lfl<=.pd in Resources */,
				FAA6DDE41A6C4A230062A7B7 /* dynamic_send.pd in Resources */,
				FAA6DE311A6C4A230062A7B7 /* once.pd in Resources */,
				FAA6DE441A6C4A230062A7B7 /* vibrato~.pd in Resources */,
				BED473AC19FAF4F0006DD472 /* Images.xcassets in Resources */,
				FAA6DDE91A6C4A230062A7B7 /* f!=.pd in Resources */,
				FAA6DE151A6C4A230062A7B7 /* list_print.pd in Resources */,
				FAA6DDD91A6C4A230062A7B7 /* ak47.pd in Resources */,
				FAA6DE471A6C4A230062A7B7 /* volume~-help.pd in Resources */,
				FAA6DE0E1A6C4A230062A7B7 /* lfor.pd in Resources */,
				FAA6DE351A6C4A230062A7B7 /* piano.pd in Resources */,
				FAA6DDF31A6C4A230062A7B7 /* gate2.pd in Resources */,
				FAA6DE0D1A6C4A230062A7B7 /* lfl>=.pd in Resources */,
				FAA6DE331A6C4A230062A7B7 /* panner~.pd in Resources */,
				FAA6DE3A1A6C4A230062A7B7 /* ringmod~.pd in Resources */,
				FAA6DE361A6C4A230062A7B7 /* playground.pd in Resources */,
				FAA6DDF01A6C4A230062A7B7 /* gate11.pd in Resources */,
				FAA6DE481A6C4A230062A7B7 /* volume~.pd in Resources */,
				FAA6DE1D1A6C4A230062A7B7 /* lset.pd in Resources */,
				FAA6DE081A6C4A230062A7B7 /* lfl!=.pd in Resources */,
				FAA6DDF61A6C4A230062A7B7 /* gate5.pd in Resources */,
				FAA6DDFA1A6C4A230062A7B7 /* gate9.pd in Resources */,
				FAA6DE401A6C4A230062A7B7 /* testing_grounds.pd in Resources */,
				FAA6DDFE1A6C4A230062A7B7 /* gswitch~.pd in Resources */,
				FAA6DE031A6C4A230062A7B7 /* lap.pd in Resources */,
				FAA6DDEE1A6C4A230062A7B7 /* gain~.pd in Resources */,
				FAA6DDF41A6C4A230062A7B7 /* gate3.pd in Resources */,
				FAA6DE231A6C4A230062A7B7 /* minigun-help.pd in Resources */,
				FAA6DDF11A6C4A230062A7B7 /* gate12.pd in Resources */,
				FAA6DE491A6C4A230062A7B7 /* waveview~.pd in Resources */,
			);
			runOnlyForDeploymentPostprocessing = 0;
		};
		BED473B219FAF4F1006DD472 /* Resources */ = {
			isa = PBXResourcesBuildPhase;
			buildActionMask = 2147483647;
			files = (
			);
			runOnlyForDeploymentPostprocessing = 0;
		};
/* End PBXResourcesBuildPhase section */

/* Begin PBXShellScriptBuildPhase section */
		2E939AF13CDD43CAA038D249 /* Check Pods Manifest.lock */ = {
			isa = PBXShellScriptBuildPhase;
			buildActionMask = 2147483647;
			files = (
			);
			inputPaths = (
			);
			name = "Check Pods Manifest.lock";
			outputPaths = (
			);
			runOnlyForDeploymentPostprocessing = 0;
			shellPath = /bin/sh;
			shellScript = "diff \"${PODS_ROOT}/../Podfile.lock\" \"${PODS_ROOT}/Manifest.lock\" > /dev/null\nif [[ $? != 0 ]] ; then\n    cat << EOM\nerror: The sandbox is not in sync with the Podfile.lock. Run 'pod install' or update your CocoaPods installation.\nEOM\n    exit 1\nfi\n";
			showEnvVarsInLog = 0;
		};
		C3788ACF2AAF4700A5EFC194 /* Copy Pods Resources */ = {
			isa = PBXShellScriptBuildPhase;
			buildActionMask = 2147483647;
			files = (
			);
			inputPaths = (
			);
			name = "Copy Pods Resources";
			outputPaths = (
			);
			runOnlyForDeploymentPostprocessing = 0;
			shellPath = /bin/sh;
			shellScript = "\"${SRCROOT}/Pods/Pods-Hackathon2014-resources.sh\"\n";
			showEnvVarsInLog = 0;
		};
/* End PBXShellScriptBuildPhase section */

/* Begin PBXSourcesBuildPhase section */
		BED4739719FAF4F0006DD472 /* Sources */ = {
			isa = PBXSourcesBuildPhase;
			buildActionMask = 2147483647;
			files = (
				BED4740E19FB704F006DD472 /* INTRootViewController.m in Sources */,
				BE7D30861A6B0AC300D03092 /* Constants.swift in Sources */,
				BE7D308D1A6B2BFF00D03092 /* EffectButton.swift in Sources */,
				BEBACA7D1A0D7ECF00F612EB /* INTSlider.m in Sources */,
				BE7D30971A6B2C4400D03092 /* Effect.swift in Sources */,
				BED4741A19FD6A5D006DD472 /* INTSettingsViewController.m in Sources */,
				BE7D30951A6B2C3D00D03092 /* Note.swift in Sources */,
				BED473C919FAFBE8006DD472 /* INTInstrumentNote.m in Sources */,
				BE7D308B1A6B2BF700D03092 /* EffectSlider.swift in Sources */,
				BED473A419FAF4F0006DD472 /* AppDelegate.m in Sources */,
				BE7D30931A6B2C3800D03092 /* Composition.swift in Sources */,
				FAC3908119FB28AA00B589C4 /* septagon_coordinates.c in Sources */,
				FA9F2B991A627D9400B2ACD6 /* penis_coordinates.c in Sources */,
				BED473A119FAF4F0006DD472 /* main.m in Sources */,
				BED473CF19FAFD40006DD472 /* INTInstrumentViewController.m in Sources */,
				BED4741419FC743A006DD472 /* INTEffectsViewController.m in Sources */,
			);
			runOnlyForDeploymentPostprocessing = 0;
		};
		BED473B019FAF4F1006DD472 /* Sources */ = {
			isa = PBXSourcesBuildPhase;
			buildActionMask = 2147483647;
			files = (
				BED473BB19FAF4F1006DD472 /* Hackathon2014Tests.m in Sources */,
			);
			runOnlyForDeploymentPostprocessing = 0;
		};
/* End PBXSourcesBuildPhase section */

/* Begin PBXTargetDependency section */
		BED473B619FAF4F1006DD472 /* PBXTargetDependency */ = {
			isa = PBXTargetDependency;
			target = BED4739A19FAF4F0006DD472 /* Hackathon2014 */;
			targetProxy = BED473B519FAF4F1006DD472 /* PBXContainerItemProxy */;
		};
/* End PBXTargetDependency section */

/* Begin PBXVariantGroup section */
		BED473A819FAF4F0006DD472 /* Main.storyboard */ = {
			isa = PBXVariantGroup;
			children = (
				BED473A919FAF4F0006DD472 /* Base */,
			);
			name = Main.storyboard;
			sourceTree = "<group>";
		};
		BED473AD19FAF4F0006DD472 /* LaunchScreen.xib */ = {
			isa = PBXVariantGroup;
			children = (
				BED473AE19FAF4F0006DD472 /* Base */,
			);
			name = LaunchScreen.xib;
			sourceTree = "<group>";
		};
/* End PBXVariantGroup section */

/* Begin XCBuildConfiguration section */
		BED473BC19FAF4F1006DD472 /* Debug */ = {
			isa = XCBuildConfiguration;
			buildSettings = {
				ALWAYS_SEARCH_USER_PATHS = NO;
				CLANG_CXX_LANGUAGE_STANDARD = "gnu++0x";
				CLANG_CXX_LIBRARY = "libc++";
				CLANG_ENABLE_MODULES = YES;
				CLANG_ENABLE_OBJC_ARC = YES;
				CLANG_WARN_BOOL_CONVERSION = YES;
				CLANG_WARN_CONSTANT_CONVERSION = YES;
				CLANG_WARN_DIRECT_OBJC_ISA_USAGE = YES_ERROR;
				CLANG_WARN_EMPTY_BODY = YES;
				CLANG_WARN_ENUM_CONVERSION = YES;
				CLANG_WARN_INT_CONVERSION = YES;
				CLANG_WARN_OBJC_ROOT_CLASS = YES_ERROR;
				CLANG_WARN_UNREACHABLE_CODE = YES;
				CLANG_WARN__DUPLICATE_METHOD_MATCH = YES;
				"CODE_SIGN_IDENTITY[sdk=iphoneos*]" = "iPhone Developer";
				COPY_PHASE_STRIP = NO;
				ENABLE_STRICT_OBJC_MSGSEND = YES;
				GCC_C_LANGUAGE_STANDARD = gnu99;
				GCC_DYNAMIC_NO_PIC = NO;
				GCC_OPTIMIZATION_LEVEL = 0;
				GCC_PREPROCESSOR_DEFINITIONS = (
					"DEBUG=1",
					"$(inherited)",
				);
				GCC_SYMBOLS_PRIVATE_EXTERN = NO;
				GCC_WARN_64_TO_32_BIT_CONVERSION = YES;
				GCC_WARN_ABOUT_RETURN_TYPE = YES_ERROR;
				GCC_WARN_UNDECLARED_SELECTOR = YES;
				GCC_WARN_UNINITIALIZED_AUTOS = YES_AGGRESSIVE;
				GCC_WARN_UNUSED_FUNCTION = YES;
				GCC_WARN_UNUSED_VARIABLE = YES;
				IPHONEOS_DEPLOYMENT_TARGET = 8.0;
				MTL_ENABLE_DEBUG_INFO = YES;
				ONLY_ACTIVE_ARCH = YES;
				SDKROOT = iphoneos;
				TARGETED_DEVICE_FAMILY = 2;
			};
			name = Debug;
		};
		BED473BD19FAF4F1006DD472 /* Release */ = {
			isa = XCBuildConfiguration;
			buildSettings = {
				ALWAYS_SEARCH_USER_PATHS = NO;
				CLANG_CXX_LANGUAGE_STANDARD = "gnu++0x";
				CLANG_CXX_LIBRARY = "libc++";
				CLANG_ENABLE_MODULES = YES;
				CLANG_ENABLE_OBJC_ARC = YES;
				CLANG_WARN_BOOL_CONVERSION = YES;
				CLANG_WARN_CONSTANT_CONVERSION = YES;
				CLANG_WARN_DIRECT_OBJC_ISA_USAGE = YES_ERROR;
				CLANG_WARN_EMPTY_BODY = YES;
				CLANG_WARN_ENUM_CONVERSION = YES;
				CLANG_WARN_INT_CONVERSION = YES;
				CLANG_WARN_OBJC_ROOT_CLASS = YES_ERROR;
				CLANG_WARN_UNREACHABLE_CODE = YES;
				CLANG_WARN__DUPLICATE_METHOD_MATCH = YES;
				"CODE_SIGN_IDENTITY[sdk=iphoneos*]" = "iPhone Developer";
				COPY_PHASE_STRIP = YES;
				ENABLE_NS_ASSERTIONS = NO;
				ENABLE_STRICT_OBJC_MSGSEND = YES;
				GCC_C_LANGUAGE_STANDARD = gnu99;
				GCC_WARN_64_TO_32_BIT_CONVERSION = YES;
				GCC_WARN_ABOUT_RETURN_TYPE = YES_ERROR;
				GCC_WARN_UNDECLARED_SELECTOR = YES;
				GCC_WARN_UNINITIALIZED_AUTOS = YES_AGGRESSIVE;
				GCC_WARN_UNUSED_FUNCTION = YES;
				GCC_WARN_UNUSED_VARIABLE = YES;
				IPHONEOS_DEPLOYMENT_TARGET = 8.0;
				MTL_ENABLE_DEBUG_INFO = NO;
				SDKROOT = iphoneos;
				TARGETED_DEVICE_FAMILY = 2;
				VALIDATE_PRODUCT = YES;
			};
			name = Release;
		};
		BED473BF19FAF4F1006DD472 /* Debug */ = {
			isa = XCBuildConfiguration;
			baseConfigurationReference = 6D27106291E14436A730D648 /* Pods-Hackathon2014.xcconfig */;
			buildSettings = {
				ASSETCATALOG_COMPILER_APPICON_NAME = AppIcon;
				CLANG_ENABLE_MODULES = YES;
				INFOPLIST_FILE = Hackathon2014/Info.plist;
				IPHONEOS_DEPLOYMENT_TARGET = 8.0;
				LD_RUNPATH_SEARCH_PATHS = "$(inherited) @executable_path/Frameworks";
				PRODUCT_NAME = "$(TARGET_NAME)";
				SWIFT_OBJC_BRIDGING_HEADER = "Hackathon2014/Hackathon2014-Bridging-Header.h";
				SWIFT_OPTIMIZATION_LEVEL = "-Onone";
				TARGETED_DEVICE_FAMILY = 2;
			};
			name = Debug;
		};
		BED473C019FAF4F1006DD472 /* Release */ = {
			isa = XCBuildConfiguration;
			baseConfigurationReference = 6D27106291E14436A730D648 /* Pods-Hackathon2014.xcconfig */;
			buildSettings = {
				ASSETCATALOG_COMPILER_APPICON_NAME = AppIcon;
				CLANG_ENABLE_MODULES = YES;
				INFOPLIST_FILE = Hackathon2014/Info.plist;
				IPHONEOS_DEPLOYMENT_TARGET = 8.0;
				LD_RUNPATH_SEARCH_PATHS = "$(inherited) @executable_path/Frameworks";
				PRODUCT_NAME = "$(TARGET_NAME)";
				SWIFT_OBJC_BRIDGING_HEADER = "Hackathon2014/Hackathon2014-Bridging-Header.h";
				TARGETED_DEVICE_FAMILY = 2;
			};
			name = Release;
		};
		BED473C219FAF4F1006DD472 /* Debug */ = {
			isa = XCBuildConfiguration;
			buildSettings = {
				BUNDLE_LOADER = "$(TEST_HOST)";
				CODE_SIGN_IDENTITY = "iPhone Developer";
				"CODE_SIGN_IDENTITY[sdk=iphoneos*]" = "iPhone Developer";
				FRAMEWORK_SEARCH_PATHS = (
					"$(SDKROOT)/Developer/Library/Frameworks",
					"$(inherited)",
				);
				GCC_PREPROCESSOR_DEFINITIONS = (
					"DEBUG=1",
					"$(inherited)",
				);
				INFOPLIST_FILE = Hackathon2014Tests/Info.plist;
				LD_RUNPATH_SEARCH_PATHS = "$(inherited) @executable_path/Frameworks @loader_path/Frameworks";
				PRODUCT_NAME = "$(TARGET_NAME)";
				PROVISIONING_PROFILE = "";
				TEST_HOST = "$(BUILT_PRODUCTS_DIR)/Hackathon2014.app/Hackathon2014";
			};
			name = Debug;
		};
		BED473C319FAF4F1006DD472 /* Release */ = {
			isa = XCBuildConfiguration;
			buildSettings = {
				BUNDLE_LOADER = "$(TEST_HOST)";
				CODE_SIGN_IDENTITY = "iPhone Developer";
				"CODE_SIGN_IDENTITY[sdk=iphoneos*]" = "iPhone Developer";
				FRAMEWORK_SEARCH_PATHS = (
					"$(SDKROOT)/Developer/Library/Frameworks",
					"$(inherited)",
				);
				INFOPLIST_FILE = Hackathon2014Tests/Info.plist;
				LD_RUNPATH_SEARCH_PATHS = "$(inherited) @executable_path/Frameworks @loader_path/Frameworks";
				PRODUCT_NAME = "$(TARGET_NAME)";
				PROVISIONING_PROFILE = "";
				TEST_HOST = "$(BUILT_PRODUCTS_DIR)/Hackathon2014.app/Hackathon2014";
			};
			name = Release;
		};
/* End XCBuildConfiguration section */

/* Begin XCConfigurationList section */
		BED4739619FAF4F0006DD472 /* Build configuration list for PBXProject "Hackathon2014" */ = {
			isa = XCConfigurationList;
			buildConfigurations = (
				BED473BC19FAF4F1006DD472 /* Debug */,
				BED473BD19FAF4F1006DD472 /* Release */,
			);
			defaultConfigurationIsVisible = 0;
			defaultConfigurationName = Release;
		};
		BED473BE19FAF4F1006DD472 /* Build configuration list for PBXNativeTarget "Hackathon2014" */ = {
			isa = XCConfigurationList;
			buildConfigurations = (
				BED473BF19FAF4F1006DD472 /* Debug */,
				BED473C019FAF4F1006DD472 /* Release */,
			);
			defaultConfigurationIsVisible = 0;
			defaultConfigurationName = Release;
		};
		BED473C119FAF4F1006DD472 /* Build configuration list for PBXNativeTarget "Hackathon2014Tests" */ = {
			isa = XCConfigurationList;
			buildConfigurations = (
				BED473C219FAF4F1006DD472 /* Debug */,
				BED473C319FAF4F1006DD472 /* Release */,
			);
			defaultConfigurationIsVisible = 0;
			defaultConfigurationName = Release;
		};
/* End XCConfigurationList section */
	};
	rootObject = BED4739319FAF4F0006DD472 /* Project object */;
}
